// !$*UTF8*$!
{
	archiveVersion = 1;
	classes = {
	};
	objectVersion = 46;
	objects = {

/* Begin PBXBuildFile section */
		04445DA16D90722482DC2A17 /* Pods_BetaLabs.framework in Frameworks */ = {isa = PBXBuildFile; fileRef = 312DEE567A2F75948D0951F6 /* Pods_BetaLabs.framework */; };
		7A10188A1D193F7C00A57192 /* BadgeAnimation.swift in Sources */ = {isa = PBXBuildFile; fileRef = 7A1018891D193F7C00A57192 /* BadgeAnimation.swift */; };
		7A551BB31D19352600B95E26 /* camera_icon.png in Resources */ = {isa = PBXBuildFile; fileRef = 7A551BB01D19352600B95E26 /* camera_icon.png */; };
		7A551BB41D19352600B95E26 /* camera_icon@2x.png in Resources */ = {isa = PBXBuildFile; fileRef = 7A551BB11D19352600B95E26 /* camera_icon@2x.png */; };
		7A551BB51D19352600B95E26 /* camera_icon@3x.png in Resources */ = {isa = PBXBuildFile; fileRef = 7A551BB21D19352600B95E26 /* camera_icon@3x.png */; };
		7A551BB91D193C4300B95E26 /* pin_placeholder.png in Resources */ = {isa = PBXBuildFile; fileRef = 7A551BB61D193C4300B95E26 /* pin_placeholder.png */; };
		7A551BBA1D193C4300B95E26 /* pin_placeholder@2x.png in Resources */ = {isa = PBXBuildFile; fileRef = 7A551BB71D193C4300B95E26 /* pin_placeholder@2x.png */; };
		7A551BBB1D193C4300B95E26 /* pin_placeholder@3x.png in Resources */ = {isa = PBXBuildFile; fileRef = 7A551BB81D193C4300B95E26 /* pin_placeholder@3x.png */; };
		7A59707D1D18C6FC00BAF6C9 /* NewReportViewController.swift in Sources */ = {isa = PBXBuildFile; fileRef = 7A59707C1D18C6FC00BAF6C9 /* NewReportViewController.swift */; };
		7AC6541D1D188F7700D456B0 /* AppDelegate.swift in Sources */ = {isa = PBXBuildFile; fileRef = 7AC6541C1D188F7700D456B0 /* AppDelegate.swift */; };
		7AC654221D188F7700D456B0 /* Main.storyboard in Resources */ = {isa = PBXBuildFile; fileRef = 7AC654201D188F7700D456B0 /* Main.storyboard */; };
		7AC654251D188F7700D456B0 /* BetaLabs.xcdatamodeld in Sources */ = {isa = PBXBuildFile; fileRef = 7AC654231D188F7700D456B0 /* BetaLabs.xcdatamodeld */; };
		7AC654271D188F7700D456B0 /* Assets.xcassets in Resources */ = {isa = PBXBuildFile; fileRef = 7AC654261D188F7700D456B0 /* Assets.xcassets */; };
		7AC6542A1D188F7700D456B0 /* LaunchScreen.storyboard in Resources */ = {isa = PBXBuildFile; fileRef = 7AC654281D188F7700D456B0 /* LaunchScreen.storyboard */; };
		7AC654351D188F7700D456B0 /* BetaLabsTests.swift in Sources */ = {isa = PBXBuildFile; fileRef = 7AC654341D188F7700D456B0 /* BetaLabsTests.swift */; };
		7AC654421D189FD200D456B0 /* MapViewController.swift in Sources */ = {isa = PBXBuildFile; fileRef = 7AC654411D189FD200D456B0 /* MapViewController.swift */; };
		7AC654491D18B08100D456B0 /* pin.png in Resources */ = {isa = PBXBuildFile; fileRef = 7AC654461D18B08100D456B0 /* pin.png */; };
		7AC6544A1D18B08100D456B0 /* pin@2x.png in Resources */ = {isa = PBXBuildFile; fileRef = 7AC654471D18B08100D456B0 /* pin@2x.png */; };
		7AC6544B1D18B08100D456B0 /* pin@3x.png in Resources */ = {isa = PBXBuildFile; fileRef = 7AC654481D18B08100D456B0 /* pin@3x.png */; };
		7AC6544D1D18B36000D456B0 /* GoogleService-Info.plist in Resources */ = {isa = PBXBuildFile; fileRef = 7AC6544C1D18B36000D456B0 /* GoogleService-Info.plist */; };
		7AC6544F1D18B69900D456B0 /* MapViewModel.swift in Sources */ = {isa = PBXBuildFile; fileRef = 7AC6544E1D18B69900D456B0 /* MapViewModel.swift */; };
		7AC654511D18B6C300D456B0 /* GenericNavigationViewController.swift in Sources */ = {isa = PBXBuildFile; fileRef = 7AC654501D18B6C300D456B0 /* GenericNavigationViewController.swift */; };
		7AC654531D18B7AA00D456B0 /* GenericTabBarViewController.swift in Sources */ = {isa = PBXBuildFile; fileRef = 7AC654521D18B7AA00D456B0 /* GenericTabBarViewController.swift */; };
		7AC654551D18B84B00D456B0 /* UploaderModel.swift in Sources */ = {isa = PBXBuildFile; fileRef = 7AC654541D18B84B00D456B0 /* UploaderModel.swift */; };
		7ACA5C541D18FE9000728030 /* profile.png in Resources */ = {isa = PBXBuildFile; fileRef = 7ACA5C4B1D18FE9000728030 /* profile.png */; };
		7ACA5C551D18FE9000728030 /* profile@2x.png in Resources */ = {isa = PBXBuildFile; fileRef = 7ACA5C4C1D18FE9000728030 /* profile@2x.png */; };
		7ACA5C561D18FE9000728030 /* profile@3x.png in Resources */ = {isa = PBXBuildFile; fileRef = 7ACA5C4D1D18FE9000728030 /* profile@3x.png */; };
		7ACA5C571D18FE9000728030 /* map.png in Resources */ = {isa = PBXBuildFile; fileRef = 7ACA5C4E1D18FE9000728030 /* map.png */; };
		7ACA5C581D18FE9000728030 /* map@2x.png in Resources */ = {isa = PBXBuildFile; fileRef = 7ACA5C4F1D18FE9000728030 /* map@2x.png */; };
		7ACA5C591D18FE9000728030 /* map@3x.png in Resources */ = {isa = PBXBuildFile; fileRef = 7ACA5C501D18FE9000728030 /* map@3x.png */; };
		7ACA5C5A1D18FE9000728030 /* feed.png in Resources */ = {isa = PBXBuildFile; fileRef = 7ACA5C511D18FE9000728030 /* feed.png */; };
		7ACA5C5B1D18FE9000728030 /* feed@2x.png in Resources */ = {isa = PBXBuildFile; fileRef = 7ACA5C521D18FE9000728030 /* feed@2x.png */; };
		7ACA5C5C1D18FE9000728030 /* feed@3x.png in Resources */ = {isa = PBXBuildFile; fileRef = 7ACA5C531D18FE9000728030 /* feed@3x.png */; };
		7ACA5C5F1D19069F00728030 /* DetailReport.swift in Sources */ = {isa = PBXBuildFile; fileRef = 7ACA5C5E1D19069F00728030 /* DetailReport.swift */; };
		7ACA5C631D19235600728030 /* FeedTableViewController.swift in Sources */ = {isa = PBXBuildFile; fileRef = 7ACA5C621D19235600728030 /* FeedTableViewController.swift */; };
		7ACA5C651D19244300728030 /* ReportTableViewCell.swift in Sources */ = {isa = PBXBuildFile; fileRef = 7ACA5C641D19244300728030 /* ReportTableViewCell.swift */; };
		7ACA5C6B1D19309900728030 /* login-mail-bg@3x.jpg in Resources */ = {isa = PBXBuildFile; fileRef = 7ACA5C661D19309900728030 /* login-mail-bg@3x.jpg */; };
		7ACA5C6C1D19309900728030 /* login-google@3x.jpg in Resources */ = {isa = PBXBuildFile; fileRef = 7ACA5C671D19309900728030 /* login-google@3x.jpg */; };
		7ACA5C6D1D19309900728030 /* login-facebook@3x.jpg in Resources */ = {isa = PBXBuildFile; fileRef = 7ACA5C681D19309900728030 /* login-facebook@3x.jpg */; };
		7ACA5C6E1D19309900728030 /* login-email@3x.jpg in Resources */ = {isa = PBXBuildFile; fileRef = 7ACA5C691D19309900728030 /* login-email@3x.jpg */; };
		7ACA5C6F1D19309900728030 /* bg-login@3x.png in Resources */ = {isa = PBXBuildFile; fileRef = 7ACA5C6A1D19309900728030 /* bg-login@3x.png */; };
		7AFF62D91D1947BA00EB2866 /* ProfileViewController.swift in Sources */ = {isa = PBXBuildFile; fileRef = 7AFF62D81D1947BA00EB2866 /* ProfileViewController.swift */; };
		7AFF62DC1D194E1E00EB2866 /* profile_bg.png in Resources */ = {isa = PBXBuildFile; fileRef = 7AFF62DB1D194E1E00EB2866 /* profile_bg.png */; };
		7AFF62DE1D19684C00EB2866 /* FriendTableViewCell.swift in Sources */ = {isa = PBXBuildFile; fileRef = 7AFF62DD1D19684C00EB2866 /* FriendTableViewCell.swift */; };
		7AFF62E01D1968BC00EB2866 /* HeaderProfileTableViewCell.swift in Sources */ = {isa = PBXBuildFile; fileRef = 7AFF62DF1D1968BC00EB2866 /* HeaderProfileTableViewCell.swift */; };
		7AFF62E21D1968D800EB2866 /* BadgesTableViewCell.swift in Sources */ = {isa = PBXBuildFile; fileRef = 7AFF62E11D1968D800EB2866 /* BadgesTableViewCell.swift */; };
		7AFF633D1D197ACC00EB2866 /* insignia1.png in Resources */ = {isa = PBXBuildFile; fileRef = 7AFF62E41D197ACC00EB2866 /* insignia1.png */; };
		7AFF633E1D197ACC00EB2866 /* insignia10.png in Resources */ = {isa = PBXBuildFile; fileRef = 7AFF62E51D197ACC00EB2866 /* insignia10.png */; };
		7AFF633F1D197ACC00EB2866 /* insignia11.png in Resources */ = {isa = PBXBuildFile; fileRef = 7AFF62E61D197ACC00EB2866 /* insignia11.png */; };
		7AFF63401D197ACC00EB2866 /* insignia12.png in Resources */ = {isa = PBXBuildFile; fileRef = 7AFF62E71D197ACC00EB2866 /* insignia12.png */; };
		7AFF63411D197ACC00EB2866 /* insignia13.png in Resources */ = {isa = PBXBuildFile; fileRef = 7AFF62E81D197ACC00EB2866 /* insignia13.png */; };
		7AFF63421D197ACC00EB2866 /* insignia14.png in Resources */ = {isa = PBXBuildFile; fileRef = 7AFF62E91D197ACC00EB2866 /* insignia14.png */; };
		7AFF63431D197ACC00EB2866 /* insignia15.png in Resources */ = {isa = PBXBuildFile; fileRef = 7AFF62EA1D197ACC00EB2866 /* insignia15.png */; };
		7AFF63441D197ACC00EB2866 /* insignia16.png in Resources */ = {isa = PBXBuildFile; fileRef = 7AFF62EB1D197ACC00EB2866 /* insignia16.png */; };
		7AFF63451D197ACC00EB2866 /* insignia17.png in Resources */ = {isa = PBXBuildFile; fileRef = 7AFF62EC1D197ACC00EB2866 /* insignia17.png */; };
		7AFF63461D197ACC00EB2866 /* insignia18.png in Resources */ = {isa = PBXBuildFile; fileRef = 7AFF62ED1D197ACC00EB2866 /* insignia18.png */; };
		7AFF63471D197ACC00EB2866 /* insignia19.png in Resources */ = {isa = PBXBuildFile; fileRef = 7AFF62EE1D197ACC00EB2866 /* insignia19.png */; };
		7AFF63481D197ACC00EB2866 /* insignia2.png in Resources */ = {isa = PBXBuildFile; fileRef = 7AFF62EF1D197ACC00EB2866 /* insignia2.png */; };
		7AFF63491D197ACC00EB2866 /* insignia20.png in Resources */ = {isa = PBXBuildFile; fileRef = 7AFF62F01D197ACC00EB2866 /* insignia20.png */; };
		7AFF634A1D197ACC00EB2866 /* insignia21.png in Resources */ = {isa = PBXBuildFile; fileRef = 7AFF62F11D197ACC00EB2866 /* insignia21.png */; };
		7AFF634B1D197ACC00EB2866 /* insignia22.png in Resources */ = {isa = PBXBuildFile; fileRef = 7AFF62F21D197ACC00EB2866 /* insignia22.png */; };
		7AFF634C1D197ACC00EB2866 /* insignia23.png in Resources */ = {isa = PBXBuildFile; fileRef = 7AFF62F31D197ACC00EB2866 /* insignia23.png */; };
		7AFF634D1D197ACC00EB2866 /* insignia24.png in Resources */ = {isa = PBXBuildFile; fileRef = 7AFF62F41D197ACC00EB2866 /* insignia24.png */; };
		7AFF634E1D197ACC00EB2866 /* insignia25.png in Resources */ = {isa = PBXBuildFile; fileRef = 7AFF62F51D197ACC00EB2866 /* insignia25.png */; };
		7AFF634F1D197ACC00EB2866 /* insignia26.png in Resources */ = {isa = PBXBuildFile; fileRef = 7AFF62F61D197ACC00EB2866 /* insignia26.png */; };
		7AFF63501D197ACC00EB2866 /* insignia27.png in Resources */ = {isa = PBXBuildFile; fileRef = 7AFF62F71D197ACC00EB2866 /* insignia27.png */; };
		7AFF63511D197ACC00EB2866 /* insignia28.png in Resources */ = {isa = PBXBuildFile; fileRef = 7AFF62F81D197ACC00EB2866 /* insignia28.png */; };
		7AFF63521D197ACC00EB2866 /* insignia29.png in Resources */ = {isa = PBXBuildFile; fileRef = 7AFF62F91D197ACC00EB2866 /* insignia29.png */; };
		7AFF63531D197ACC00EB2866 /* insignia3.png in Resources */ = {isa = PBXBuildFile; fileRef = 7AFF62FA1D197ACC00EB2866 /* insignia3.png */; };
		7AFF63541D197ACC00EB2866 /* insignia30.png in Resources */ = {isa = PBXBuildFile; fileRef = 7AFF62FB1D197ACC00EB2866 /* insignia30.png */; };
		7AFF63551D197ACC00EB2866 /* insignia31.png in Resources */ = {isa = PBXBuildFile; fileRef = 7AFF62FC1D197ACC00EB2866 /* insignia31.png */; };
		7AFF63561D197ACC00EB2866 /* insignia32.png in Resources */ = {isa = PBXBuildFile; fileRef = 7AFF62FD1D197ACC00EB2866 /* insignia32.png */; };
		7AFF63571D197ACC00EB2866 /* insignia33.png in Resources */ = {isa = PBXBuildFile; fileRef = 7AFF62FE1D197ACC00EB2866 /* insignia33.png */; };
		7AFF63581D197ACC00EB2866 /* insignia34.png in Resources */ = {isa = PBXBuildFile; fileRef = 7AFF62FF1D197ACC00EB2866 /* insignia34.png */; };
		7AFF63591D197ACC00EB2866 /* insignia35.png in Resources */ = {isa = PBXBuildFile; fileRef = 7AFF63001D197ACC00EB2866 /* insignia35.png */; };
		7AFF635A1D197ACC00EB2866 /* insignia36.png in Resources */ = {isa = PBXBuildFile; fileRef = 7AFF63011D197ACC00EB2866 /* insignia36.png */; };
		7AFF635B1D197ACC00EB2866 /* insignia37.png in Resources */ = {isa = PBXBuildFile; fileRef = 7AFF63021D197ACC00EB2866 /* insignia37.png */; };
		7AFF635C1D197ACC00EB2866 /* insignia38.png in Resources */ = {isa = PBXBuildFile; fileRef = 7AFF63031D197ACC00EB2866 /* insignia38.png */; };
		7AFF635D1D197ACC00EB2866 /* insignia39.png in Resources */ = {isa = PBXBuildFile; fileRef = 7AFF63041D197ACC00EB2866 /* insignia39.png */; };
		7AFF635E1D197ACC00EB2866 /* insignia4.png in Resources */ = {isa = PBXBuildFile; fileRef = 7AFF63051D197ACC00EB2866 /* insignia4.png */; };
		7AFF635F1D197ACC00EB2866 /* insignia40.png in Resources */ = {isa = PBXBuildFile; fileRef = 7AFF63061D197ACC00EB2866 /* insignia40.png */; };
		7AFF63601D197ACC00EB2866 /* insignia41.png in Resources */ = {isa = PBXBuildFile; fileRef = 7AFF63071D197ACC00EB2866 /* insignia41.png */; };
		7AFF63611D197ACC00EB2866 /* insignia42.png in Resources */ = {isa = PBXBuildFile; fileRef = 7AFF63081D197ACC00EB2866 /* insignia42.png */; };
		7AFF63621D197ACC00EB2866 /* insignia43.png in Resources */ = {isa = PBXBuildFile; fileRef = 7AFF63091D197ACC00EB2866 /* insignia43.png */; };
		7AFF63631D197ACC00EB2866 /* insignia44.png in Resources */ = {isa = PBXBuildFile; fileRef = 7AFF630A1D197ACC00EB2866 /* insignia44.png */; };
		7AFF63641D197ACC00EB2866 /* insignia45.png in Resources */ = {isa = PBXBuildFile; fileRef = 7AFF630B1D197ACC00EB2866 /* insignia45.png */; };
		7AFF63651D197ACC00EB2866 /* insignia46.png in Resources */ = {isa = PBXBuildFile; fileRef = 7AFF630C1D197ACC00EB2866 /* insignia46.png */; };
		7AFF63661D197ACC00EB2866 /* insignia47.png in Resources */ = {isa = PBXBuildFile; fileRef = 7AFF630D1D197ACC00EB2866 /* insignia47.png */; };
		7AFF63671D197ACC00EB2866 /* insignia48.png in Resources */ = {isa = PBXBuildFile; fileRef = 7AFF630E1D197ACC00EB2866 /* insignia48.png */; };
		7AFF63681D197ACC00EB2866 /* insignia49.png in Resources */ = {isa = PBXBuildFile; fileRef = 7AFF630F1D197ACC00EB2866 /* insignia49.png */; };
		7AFF63691D197ACC00EB2866 /* insignia5.png in Resources */ = {isa = PBXBuildFile; fileRef = 7AFF63101D197ACC00EB2866 /* insignia5.png */; };
		7AFF636A1D197ACC00EB2866 /* insignia50.png in Resources */ = {isa = PBXBuildFile; fileRef = 7AFF63111D197ACC00EB2866 /* insignia50.png */; };
		7AFF636B1D197ACC00EB2866 /* insignia51.png in Resources */ = {isa = PBXBuildFile; fileRef = 7AFF63121D197ACC00EB2866 /* insignia51.png */; };
		7AFF636C1D197ACC00EB2866 /* insignia52.png in Resources */ = {isa = PBXBuildFile; fileRef = 7AFF63131D197ACC00EB2866 /* insignia52.png */; };
		7AFF636D1D197ACC00EB2866 /* insignia53.png in Resources */ = {isa = PBXBuildFile; fileRef = 7AFF63141D197ACC00EB2866 /* insignia53.png */; };
		7AFF636E1D197ACC00EB2866 /* insignia54.png in Resources */ = {isa = PBXBuildFile; fileRef = 7AFF63151D197ACC00EB2866 /* insignia54.png */; };
		7AFF636F1D197ACC00EB2866 /* insignia55.png in Resources */ = {isa = PBXBuildFile; fileRef = 7AFF63161D197ACC00EB2866 /* insignia55.png */; };
		7AFF63701D197ACC00EB2866 /* insignia56.png in Resources */ = {isa = PBXBuildFile; fileRef = 7AFF63171D197ACC00EB2866 /* insignia56.png */; };
		7AFF63711D197ACC00EB2866 /* insignia57.png in Resources */ = {isa = PBXBuildFile; fileRef = 7AFF63181D197ACC00EB2866 /* insignia57.png */; };
		7AFF63721D197ACC00EB2866 /* insignia58.png in Resources */ = {isa = PBXBuildFile; fileRef = 7AFF63191D197ACC00EB2866 /* insignia58.png */; };
		7AFF63731D197ACC00EB2866 /* insignia59.png in Resources */ = {isa = PBXBuildFile; fileRef = 7AFF631A1D197ACC00EB2866 /* insignia59.png */; };
		7AFF63741D197ACC00EB2866 /* insignia6.png in Resources */ = {isa = PBXBuildFile; fileRef = 7AFF631B1D197ACC00EB2866 /* insignia6.png */; };
		7AFF63751D197ACC00EB2866 /* insignia60.png in Resources */ = {isa = PBXBuildFile; fileRef = 7AFF631C1D197ACC00EB2866 /* insignia60.png */; };
		7AFF63761D197ACC00EB2866 /* insignia61.png in Resources */ = {isa = PBXBuildFile; fileRef = 7AFF631D1D197ACC00EB2866 /* insignia61.png */; };
		7AFF63771D197ACC00EB2866 /* insignia62.png in Resources */ = {isa = PBXBuildFile; fileRef = 7AFF631E1D197ACC00EB2866 /* insignia62.png */; };
		7AFF63781D197ACC00EB2866 /* insignia63.png in Resources */ = {isa = PBXBuildFile; fileRef = 7AFF631F1D197ACC00EB2866 /* insignia63.png */; };
		7AFF63791D197ACC00EB2866 /* insignia64.png in Resources */ = {isa = PBXBuildFile; fileRef = 7AFF63201D197ACC00EB2866 /* insignia64.png */; };
		7AFF637A1D197ACC00EB2866 /* insignia65.png in Resources */ = {isa = PBXBuildFile; fileRef = 7AFF63211D197ACC00EB2866 /* insignia65.png */; };
		7AFF637B1D197ACC00EB2866 /* insignia66.png in Resources */ = {isa = PBXBuildFile; fileRef = 7AFF63221D197ACC00EB2866 /* insignia66.png */; };
		7AFF637C1D197ACC00EB2866 /* insignia67.png in Resources */ = {isa = PBXBuildFile; fileRef = 7AFF63231D197ACC00EB2866 /* insignia67.png */; };
		7AFF637D1D197ACC00EB2866 /* insignia68.png in Resources */ = {isa = PBXBuildFile; fileRef = 7AFF63241D197ACC00EB2866 /* insignia68.png */; };
		7AFF637E1D197ACC00EB2866 /* insignia69.png in Resources */ = {isa = PBXBuildFile; fileRef = 7AFF63251D197ACC00EB2866 /* insignia69.png */; };
		7AFF637F1D197ACC00EB2866 /* insignia7.png in Resources */ = {isa = PBXBuildFile; fileRef = 7AFF63261D197ACC00EB2866 /* insignia7.png */; };
		7AFF63801D197ACC00EB2866 /* insignia70.png in Resources */ = {isa = PBXBuildFile; fileRef = 7AFF63271D197ACC00EB2866 /* insignia70.png */; };
		7AFF63811D197ACC00EB2866 /* insignia71.png in Resources */ = {isa = PBXBuildFile; fileRef = 7AFF63281D197ACC00EB2866 /* insignia71.png */; };
		7AFF63821D197ACC00EB2866 /* insignia72.png in Resources */ = {isa = PBXBuildFile; fileRef = 7AFF63291D197ACC00EB2866 /* insignia72.png */; };
		7AFF63831D197ACC00EB2866 /* insignia73.png in Resources */ = {isa = PBXBuildFile; fileRef = 7AFF632A1D197ACC00EB2866 /* insignia73.png */; };
		7AFF63841D197ACC00EB2866 /* insignia74.png in Resources */ = {isa = PBXBuildFile; fileRef = 7AFF632B1D197ACC00EB2866 /* insignia74.png */; };
		7AFF63851D197ACC00EB2866 /* insignia75.png in Resources */ = {isa = PBXBuildFile; fileRef = 7AFF632C1D197ACC00EB2866 /* insignia75.png */; };
		7AFF63861D197ACC00EB2866 /* insignia76.png in Resources */ = {isa = PBXBuildFile; fileRef = 7AFF632D1D197ACC00EB2866 /* insignia76.png */; };
		7AFF63871D197ACC00EB2866 /* insignia77.png in Resources */ = {isa = PBXBuildFile; fileRef = 7AFF632E1D197ACC00EB2866 /* insignia77.png */; };
		7AFF63881D197ACC00EB2866 /* insignia78.png in Resources */ = {isa = PBXBuildFile; fileRef = 7AFF632F1D197ACC00EB2866 /* insignia78.png */; };
		7AFF63891D197ACC00EB2866 /* insignia79.png in Resources */ = {isa = PBXBuildFile; fileRef = 7AFF63301D197ACC00EB2866 /* insignia79.png */; };
		7AFF638A1D197ACC00EB2866 /* insignia8.png in Resources */ = {isa = PBXBuildFile; fileRef = 7AFF63311D197ACC00EB2866 /* insignia8.png */; };
		7AFF638B1D197ACC00EB2866 /* insignia80.png in Resources */ = {isa = PBXBuildFile; fileRef = 7AFF63321D197ACC00EB2866 /* insignia80.png */; };
		7AFF638C1D197ACC00EB2866 /* insignia81.png in Resources */ = {isa = PBXBuildFile; fileRef = 7AFF63331D197ACC00EB2866 /* insignia81.png */; };
		7AFF638D1D197ACC00EB2866 /* insignia82.png in Resources */ = {isa = PBXBuildFile; fileRef = 7AFF63341D197ACC00EB2866 /* insignia82.png */; };
		7AFF638E1D197ACC00EB2866 /* insignia83.png in Resources */ = {isa = PBXBuildFile; fileRef = 7AFF63351D197ACC00EB2866 /* insignia83.png */; };
		7AFF638F1D197ACC00EB2866 /* insignia84.png in Resources */ = {isa = PBXBuildFile; fileRef = 7AFF63361D197ACC00EB2866 /* insignia84.png */; };
		7AFF63901D197ACC00EB2866 /* insignia85.png in Resources */ = {isa = PBXBuildFile; fileRef = 7AFF63371D197ACC00EB2866 /* insignia85.png */; };
		7AFF63911D197ACC00EB2866 /* insignia86.png in Resources */ = {isa = PBXBuildFile; fileRef = 7AFF63381D197ACC00EB2866 /* insignia86.png */; };
		7AFF63921D197ACC00EB2866 /* insignia87.png in Resources */ = {isa = PBXBuildFile; fileRef = 7AFF63391D197ACC00EB2866 /* insignia87.png */; };
		7AFF63931D197ACC00EB2866 /* insignia88.png in Resources */ = {isa = PBXBuildFile; fileRef = 7AFF633A1D197ACC00EB2866 /* insignia88.png */; };
		7AFF63941D197ACC00EB2866 /* insignia89.png in Resources */ = {isa = PBXBuildFile; fileRef = 7AFF633B1D197ACC00EB2866 /* insignia89.png */; };
		7AFF63951D197ACC00EB2866 /* insignia9.png in Resources */ = {isa = PBXBuildFile; fileRef = 7AFF633C1D197ACC00EB2866 /* insignia9.png */; };
		7AFF63971D19878800EB2866 /* bgAlert.jpg in Resources */ = {isa = PBXBuildFile; fileRef = 7AFF63961D19878800EB2866 /* bgAlert.jpg */; };
		7AFF63A41D19947B00EB2866 /* medal1.png in Resources */ = {isa = PBXBuildFile; fileRef = 7AFF63991D19947B00EB2866 /* medal1.png */; };
		7AFF63A51D19947B00EB2866 /* medal1@2x.png in Resources */ = {isa = PBXBuildFile; fileRef = 7AFF639A1D19947B00EB2866 /* medal1@2x.png */; };
		7AFF63A61D19947B00EB2866 /* medal1@3x.png in Resources */ = {isa = PBXBuildFile; fileRef = 7AFF639B1D19947B00EB2866 /* medal1@3x.png */; };
		7AFF63A71D19947B00EB2866 /* medal2.png in Resources */ = {isa = PBXBuildFile; fileRef = 7AFF639C1D19947B00EB2866 /* medal2.png */; };
		7AFF63A81D19947B00EB2866 /* medal2@2x.png in Resources */ = {isa = PBXBuildFile; fileRef = 7AFF639D1D19947B00EB2866 /* medal2@2x.png */; };
		7AFF63A91D19947B00EB2866 /* medal2@3x.png in Resources */ = {isa = PBXBuildFile; fileRef = 7AFF639E1D19947B00EB2866 /* medal2@3x.png */; };
		7AFF63AA1D19947B00EB2866 /* badge1.png in Resources */ = {isa = PBXBuildFile; fileRef = 7AFF63A01D19947B00EB2866 /* badge1.png */; };
		7AFF63AB1D19947B00EB2866 /* badge2.png in Resources */ = {isa = PBXBuildFile; fileRef = 7AFF63A11D19947B00EB2866 /* badge2.png */; };
		7AFF63AC1D19947B00EB2866 /* badge3.png in Resources */ = {isa = PBXBuildFile; fileRef = 7AFF63A21D19947B00EB2866 /* badge3.png */; };
		7AFF63AD1D19947B00EB2866 /* badge4.png in Resources */ = {isa = PBXBuildFile; fileRef = 7AFF63A31D19947B00EB2866 /* badge4.png */; };
		7AFF63AF1D19A33400EB2866 /* Logo.png in Resources */ = {isa = PBXBuildFile; fileRef = 7AFF63AE1D19A33400EB2866 /* Logo.png */; };
		7AFF63B71D19ABEA00EB2866 /* Report+CoreDataProperties.swift in Sources */ = {isa = PBXBuildFile; fileRef = 7AFF63B51D19ABEA00EB2866 /* Report+CoreDataProperties.swift */; };
		7AFF63B81D19ABEA00EB2866 /* Report.swift in Sources */ = {isa = PBXBuildFile; fileRef = 7AFF63B61D19ABEA00EB2866 /* Report.swift */; };
		7AFF63BF1D19B3FC00EB2866 /* basura.png in Resources */ = {isa = PBXBuildFile; fileRef = 7AFF63B91D19B3FC00EB2866 /* basura.png */; };
		7AFF63C01D19B3FC00EB2866 /* iluminacion.png in Resources */ = {isa = PBXBuildFile; fileRef = 7AFF63BA1D19B3FC00EB2866 /* iluminacion.png */; };
		7AFF63C11D19B3FC00EB2866 /* arboles.png in Resources */ = {isa = PBXBuildFile; fileRef = 7AFF63BB1D19B3FC00EB2866 /* arboles.png */; };
		7AFF63C21D19B3FC00EB2866 /* semaforo.png in Resources */ = {isa = PBXBuildFile; fileRef = 7AFF63BC1D19B3FC00EB2866 /* semaforo.png */; };
		7AFF63C31D19B3FC00EB2866 /* agua.png in Resources */ = {isa = PBXBuildFile; fileRef = 7AFF63BD1D19B3FC00EB2866 /* agua.png */; };
		7AFF63C41D19B3FC00EB2866 /* baches.png in Resources */ = {isa = PBXBuildFile; fileRef = 7AFF63BE1D19B3FC00EB2866 /* baches.png */; };
		7AFF63CF1D19B4B700EB2866 /* agua@2x.png in Resources */ = {isa = PBXBuildFile; fileRef = 7AFF63C51D19B4B700EB2866 /* agua@2x.png */; };
		7AFF63D01D19B4B700EB2866 /* agua@3x.png in Resources */ = {isa = PBXBuildFile; fileRef = 7AFF63C61D19B4B700EB2866 /* agua@3x.png */; };
		7AFF63D11D19B4B700EB2866 /* arboles@2x.png in Resources */ = {isa = PBXBuildFile; fileRef = 7AFF63C71D19B4B700EB2866 /* arboles@2x.png */; };
		7AFF63D21D19B4B700EB2866 /* arboles@3x.png in Resources */ = {isa = PBXBuildFile; fileRef = 7AFF63C81D19B4B700EB2866 /* arboles@3x.png */; };
		7AFF63D31D19B4B700EB2866 /* baches@2x.png in Resources */ = {isa = PBXBuildFile; fileRef = 7AFF63C91D19B4B700EB2866 /* baches@2x.png */; };
		7AFF63D41D19B4B700EB2866 /* baches@3x.png in Resources */ = {isa = PBXBuildFile; fileRef = 7AFF63CA1D19B4B700EB2866 /* baches@3x.png */; };
		7AFF63D51D19B4B700EB2866 /* basura@2x.png in Resources */ = {isa = PBXBuildFile; fileRef = 7AFF63CB1D19B4B700EB2866 /* basura@2x.png */; };
		7AFF63D61D19B4B700EB2866 /* basura@3x.png in Resources */ = {isa = PBXBuildFile; fileRef = 7AFF63CC1D19B4B700EB2866 /* basura@3x.png */; };
		7AFF63D71D19B4B700EB2866 /* iluminacion@2x.png in Resources */ = {isa = PBXBuildFile; fileRef = 7AFF63CD1D19B4B700EB2866 /* iluminacion@2x.png */; };
		7AFF63D81D19B4B700EB2866 /* iluminacion@3x.png in Resources */ = {isa = PBXBuildFile; fileRef = 7AFF63CE1D19B4B700EB2866 /* iluminacion@3x.png */; };
/* End PBXBuildFile section */

/* Begin PBXContainerItemProxy section */
		7AC654311D188F7700D456B0 /* PBXContainerItemProxy */ = {
			isa = PBXContainerItemProxy;
			containerPortal = 7AC654111D188F7700D456B0 /* Project object */;
			proxyType = 1;
			remoteGlobalIDString = 7AC654181D188F7700D456B0;
			remoteInfo = BetaLabs;
		};
/* End PBXContainerItemProxy section */

/* Begin PBXFileReference section */
		0EC6F220BF3CC3864EE9F7D8 /* Pods-BetaLabs.debug.xcconfig */ = {isa = PBXFileReference; includeInIndex = 1; lastKnownFileType = text.xcconfig; name = "Pods-BetaLabs.debug.xcconfig"; path = "Pods/Target Support Files/Pods-BetaLabs/Pods-BetaLabs.debug.xcconfig"; sourceTree = "<group>"; };
		312DEE567A2F75948D0951F6 /* Pods_BetaLabs.framework */ = {isa = PBXFileReference; explicitFileType = wrapper.framework; includeInIndex = 0; path = Pods_BetaLabs.framework; sourceTree = BUILT_PRODUCTS_DIR; };
		7A1018891D193F7C00A57192 /* BadgeAnimation.swift */ = {isa = PBXFileReference; fileEncoding = 4; lastKnownFileType = sourcecode.swift; path = BadgeAnimation.swift; sourceTree = "<group>"; };
		7A551BB01D19352600B95E26 /* camera_icon.png */ = {isa = PBXFileReference; lastKnownFileType = image.png; path = camera_icon.png; sourceTree = "<group>"; };
		7A551BB11D19352600B95E26 /* camera_icon@2x.png */ = {isa = PBXFileReference; lastKnownFileType = image.png; path = "camera_icon@2x.png"; sourceTree = "<group>"; };
		7A551BB21D19352600B95E26 /* camera_icon@3x.png */ = {isa = PBXFileReference; lastKnownFileType = image.png; path = "camera_icon@3x.png"; sourceTree = "<group>"; };
		7A551BB61D193C4300B95E26 /* pin_placeholder.png */ = {isa = PBXFileReference; lastKnownFileType = image.png; path = pin_placeholder.png; sourceTree = "<group>"; };
		7A551BB71D193C4300B95E26 /* pin_placeholder@2x.png */ = {isa = PBXFileReference; lastKnownFileType = image.png; path = "pin_placeholder@2x.png"; sourceTree = "<group>"; };
		7A551BB81D193C4300B95E26 /* pin_placeholder@3x.png */ = {isa = PBXFileReference; lastKnownFileType = image.png; path = "pin_placeholder@3x.png"; sourceTree = "<group>"; };
		7A59707C1D18C6FC00BAF6C9 /* NewReportViewController.swift */ = {isa = PBXFileReference; fileEncoding = 4; lastKnownFileType = sourcecode.swift; path = NewReportViewController.swift; sourceTree = "<group>"; };
		7AC654191D188F7700D456B0 /* BetaLabs.app */ = {isa = PBXFileReference; explicitFileType = wrapper.application; includeInIndex = 0; path = BetaLabs.app; sourceTree = BUILT_PRODUCTS_DIR; };
		7AC6541C1D188F7700D456B0 /* AppDelegate.swift */ = {isa = PBXFileReference; lastKnownFileType = sourcecode.swift; path = AppDelegate.swift; sourceTree = "<group>"; };
		7AC654211D188F7700D456B0 /* Base */ = {isa = PBXFileReference; lastKnownFileType = file.storyboard; name = Base; path = Base.lproj/Main.storyboard; sourceTree = "<group>"; };
		7AC654241D188F7700D456B0 /* BetaLabs.xcdatamodel */ = {isa = PBXFileReference; lastKnownFileType = wrapper.xcdatamodel; path = BetaLabs.xcdatamodel; sourceTree = "<group>"; };
		7AC654261D188F7700D456B0 /* Assets.xcassets */ = {isa = PBXFileReference; lastKnownFileType = folder.assetcatalog; path = Assets.xcassets; sourceTree = "<group>"; };
		7AC654291D188F7700D456B0 /* Base */ = {isa = PBXFileReference; lastKnownFileType = file.storyboard; name = Base; path = Base.lproj/LaunchScreen.storyboard; sourceTree = "<group>"; };
		7AC6542B1D188F7700D456B0 /* Info.plist */ = {isa = PBXFileReference; lastKnownFileType = text.plist.xml; path = Info.plist; sourceTree = "<group>"; };
		7AC654301D188F7700D456B0 /* BetaLabsTests.xctest */ = {isa = PBXFileReference; explicitFileType = wrapper.cfbundle; includeInIndex = 0; path = BetaLabsTests.xctest; sourceTree = BUILT_PRODUCTS_DIR; };
		7AC654341D188F7700D456B0 /* BetaLabsTests.swift */ = {isa = PBXFileReference; lastKnownFileType = sourcecode.swift; path = BetaLabsTests.swift; sourceTree = "<group>"; };
		7AC654361D188F7700D456B0 /* Info.plist */ = {isa = PBXFileReference; lastKnownFileType = text.plist.xml; path = Info.plist; sourceTree = "<group>"; };
		7AC654411D189FD200D456B0 /* MapViewController.swift */ = {isa = PBXFileReference; fileEncoding = 4; lastKnownFileType = sourcecode.swift; path = MapViewController.swift; sourceTree = "<group>"; };
		7AC654461D18B08100D456B0 /* pin.png */ = {isa = PBXFileReference; lastKnownFileType = image.png; path = pin.png; sourceTree = "<group>"; };
		7AC654471D18B08100D456B0 /* pin@2x.png */ = {isa = PBXFileReference; lastKnownFileType = image.png; path = "pin@2x.png"; sourceTree = "<group>"; };
		7AC654481D18B08100D456B0 /* pin@3x.png */ = {isa = PBXFileReference; lastKnownFileType = image.png; path = "pin@3x.png"; sourceTree = "<group>"; };
		7AC6544C1D18B36000D456B0 /* GoogleService-Info.plist */ = {isa = PBXFileReference; fileEncoding = 4; lastKnownFileType = text.plist.xml; path = "GoogleService-Info.plist"; sourceTree = "<group>"; };
		7AC6544E1D18B69900D456B0 /* MapViewModel.swift */ = {isa = PBXFileReference; fileEncoding = 4; lastKnownFileType = sourcecode.swift; name = MapViewModel.swift; path = ViewControllers/MapViewModel.swift; sourceTree = "<group>"; };
		7AC654501D18B6C300D456B0 /* GenericNavigationViewController.swift */ = {isa = PBXFileReference; fileEncoding = 4; lastKnownFileType = sourcecode.swift; path = GenericNavigationViewController.swift; sourceTree = "<group>"; };
		7AC654521D18B7AA00D456B0 /* GenericTabBarViewController.swift */ = {isa = PBXFileReference; fileEncoding = 4; lastKnownFileType = sourcecode.swift; path = GenericTabBarViewController.swift; sourceTree = "<group>"; };
		7AC654541D18B84B00D456B0 /* UploaderModel.swift */ = {isa = PBXFileReference; fileEncoding = 4; lastKnownFileType = sourcecode.swift; name = UploaderModel.swift; path = ViewControllers/UploaderModel.swift; sourceTree = "<group>"; };
		7ACA5C4B1D18FE9000728030 /* profile.png */ = {isa = PBXFileReference; lastKnownFileType = image.png; path = profile.png; sourceTree = "<group>"; };
		7ACA5C4C1D18FE9000728030 /* profile@2x.png */ = {isa = PBXFileReference; lastKnownFileType = image.png; path = "profile@2x.png"; sourceTree = "<group>"; };
		7ACA5C4D1D18FE9000728030 /* profile@3x.png */ = {isa = PBXFileReference; lastKnownFileType = image.png; path = "profile@3x.png"; sourceTree = "<group>"; };
		7ACA5C4E1D18FE9000728030 /* map.png */ = {isa = PBXFileReference; lastKnownFileType = image.png; path = map.png; sourceTree = "<group>"; };
		7ACA5C4F1D18FE9000728030 /* map@2x.png */ = {isa = PBXFileReference; lastKnownFileType = image.png; path = "map@2x.png"; sourceTree = "<group>"; };
		7ACA5C501D18FE9000728030 /* map@3x.png */ = {isa = PBXFileReference; lastKnownFileType = image.png; path = "map@3x.png"; sourceTree = "<group>"; };
		7ACA5C511D18FE9000728030 /* feed.png */ = {isa = PBXFileReference; lastKnownFileType = image.png; path = feed.png; sourceTree = "<group>"; };
		7ACA5C521D18FE9000728030 /* feed@2x.png */ = {isa = PBXFileReference; lastKnownFileType = image.png; path = "feed@2x.png"; sourceTree = "<group>"; };
		7ACA5C531D18FE9000728030 /* feed@3x.png */ = {isa = PBXFileReference; lastKnownFileType = image.png; path = "feed@3x.png"; sourceTree = "<group>"; };
		7ACA5C5E1D19069F00728030 /* DetailReport.swift */ = {isa = PBXFileReference; fileEncoding = 4; lastKnownFileType = sourcecode.swift; path = DetailReport.swift; sourceTree = "<group>"; };
		7ACA5C621D19235600728030 /* FeedTableViewController.swift */ = {isa = PBXFileReference; fileEncoding = 4; lastKnownFileType = sourcecode.swift; path = FeedTableViewController.swift; sourceTree = "<group>"; };
		7ACA5C641D19244300728030 /* ReportTableViewCell.swift */ = {isa = PBXFileReference; fileEncoding = 4; lastKnownFileType = sourcecode.swift; path = ReportTableViewCell.swift; sourceTree = "<group>"; };
		7ACA5C661D19309900728030 /* login-mail-bg@3x.jpg */ = {isa = PBXFileReference; lastKnownFileType = image.jpeg; path = "login-mail-bg@3x.jpg"; sourceTree = "<group>"; };
		7ACA5C671D19309900728030 /* login-google@3x.jpg */ = {isa = PBXFileReference; lastKnownFileType = image.jpeg; path = "login-google@3x.jpg"; sourceTree = "<group>"; };
		7ACA5C681D19309900728030 /* login-facebook@3x.jpg */ = {isa = PBXFileReference; lastKnownFileType = image.jpeg; path = "login-facebook@3x.jpg"; sourceTree = "<group>"; };
		7ACA5C691D19309900728030 /* login-email@3x.jpg */ = {isa = PBXFileReference; lastKnownFileType = image.jpeg; path = "login-email@3x.jpg"; sourceTree = "<group>"; };
		7ACA5C6A1D19309900728030 /* bg-login@3x.png */ = {isa = PBXFileReference; lastKnownFileType = image.png; path = "bg-login@3x.png"; sourceTree = "<group>"; };
		7AFF62D81D1947BA00EB2866 /* ProfileViewController.swift */ = {isa = PBXFileReference; fileEncoding = 4; lastKnownFileType = sourcecode.swift; path = ProfileViewController.swift; sourceTree = "<group>"; };
		7AFF62DB1D194E1E00EB2866 /* profile_bg.png */ = {isa = PBXFileReference; lastKnownFileType = image.png; path = profile_bg.png; sourceTree = "<group>"; };
		7AFF62DD1D19684C00EB2866 /* FriendTableViewCell.swift */ = {isa = PBXFileReference; fileEncoding = 4; lastKnownFileType = sourcecode.swift; path = FriendTableViewCell.swift; sourceTree = "<group>"; };
		7AFF62DF1D1968BC00EB2866 /* HeaderProfileTableViewCell.swift */ = {isa = PBXFileReference; fileEncoding = 4; lastKnownFileType = sourcecode.swift; path = HeaderProfileTableViewCell.swift; sourceTree = "<group>"; };
		7AFF62E11D1968D800EB2866 /* BadgesTableViewCell.swift */ = {isa = PBXFileReference; fileEncoding = 4; lastKnownFileType = sourcecode.swift; path = BadgesTableViewCell.swift; sourceTree = "<group>"; };
		7AFF62E41D197ACC00EB2866 /* insignia1.png */ = {isa = PBXFileReference; lastKnownFileType = image.png; path = insignia1.png; sourceTree = "<group>"; };
		7AFF62E51D197ACC00EB2866 /* insignia10.png */ = {isa = PBXFileReference; lastKnownFileType = image.png; path = insignia10.png; sourceTree = "<group>"; };
		7AFF62E61D197ACC00EB2866 /* insignia11.png */ = {isa = PBXFileReference; lastKnownFileType = image.png; path = insignia11.png; sourceTree = "<group>"; };
		7AFF62E71D197ACC00EB2866 /* insignia12.png */ = {isa = PBXFileReference; lastKnownFileType = image.png; path = insignia12.png; sourceTree = "<group>"; };
		7AFF62E81D197ACC00EB2866 /* insignia13.png */ = {isa = PBXFileReference; lastKnownFileType = image.png; path = insignia13.png; sourceTree = "<group>"; };
		7AFF62E91D197ACC00EB2866 /* insignia14.png */ = {isa = PBXFileReference; lastKnownFileType = image.png; path = insignia14.png; sourceTree = "<group>"; };
		7AFF62EA1D197ACC00EB2866 /* insignia15.png */ = {isa = PBXFileReference; lastKnownFileType = image.png; path = insignia15.png; sourceTree = "<group>"; };
		7AFF62EB1D197ACC00EB2866 /* insignia16.png */ = {isa = PBXFileReference; lastKnownFileType = image.png; path = insignia16.png; sourceTree = "<group>"; };
		7AFF62EC1D197ACC00EB2866 /* insignia17.png */ = {isa = PBXFileReference; lastKnownFileType = image.png; path = insignia17.png; sourceTree = "<group>"; };
		7AFF62ED1D197ACC00EB2866 /* insignia18.png */ = {isa = PBXFileReference; lastKnownFileType = image.png; path = insignia18.png; sourceTree = "<group>"; };
		7AFF62EE1D197ACC00EB2866 /* insignia19.png */ = {isa = PBXFileReference; lastKnownFileType = image.png; path = insignia19.png; sourceTree = "<group>"; };
		7AFF62EF1D197ACC00EB2866 /* insignia2.png */ = {isa = PBXFileReference; lastKnownFileType = image.png; path = insignia2.png; sourceTree = "<group>"; };
		7AFF62F01D197ACC00EB2866 /* insignia20.png */ = {isa = PBXFileReference; lastKnownFileType = image.png; path = insignia20.png; sourceTree = "<group>"; };
		7AFF62F11D197ACC00EB2866 /* insignia21.png */ = {isa = PBXFileReference; lastKnownFileType = image.png; path = insignia21.png; sourceTree = "<group>"; };
		7AFF62F21D197ACC00EB2866 /* insignia22.png */ = {isa = PBXFileReference; lastKnownFileType = image.png; path = insignia22.png; sourceTree = "<group>"; };
		7AFF62F31D197ACC00EB2866 /* insignia23.png */ = {isa = PBXFileReference; lastKnownFileType = image.png; path = insignia23.png; sourceTree = "<group>"; };
		7AFF62F41D197ACC00EB2866 /* insignia24.png */ = {isa = PBXFileReference; lastKnownFileType = image.png; path = insignia24.png; sourceTree = "<group>"; };
		7AFF62F51D197ACC00EB2866 /* insignia25.png */ = {isa = PBXFileReference; lastKnownFileType = image.png; path = insignia25.png; sourceTree = "<group>"; };
		7AFF62F61D197ACC00EB2866 /* insignia26.png */ = {isa = PBXFileReference; lastKnownFileType = image.png; path = insignia26.png; sourceTree = "<group>"; };
		7AFF62F71D197ACC00EB2866 /* insignia27.png */ = {isa = PBXFileReference; lastKnownFileType = image.png; path = insignia27.png; sourceTree = "<group>"; };
		7AFF62F81D197ACC00EB2866 /* insignia28.png */ = {isa = PBXFileReference; lastKnownFileType = image.png; path = insignia28.png; sourceTree = "<group>"; };
		7AFF62F91D197ACC00EB2866 /* insignia29.png */ = {isa = PBXFileReference; lastKnownFileType = image.png; path = insignia29.png; sourceTree = "<group>"; };
		7AFF62FA1D197ACC00EB2866 /* insignia3.png */ = {isa = PBXFileReference; lastKnownFileType = image.png; path = insignia3.png; sourceTree = "<group>"; };
		7AFF62FB1D197ACC00EB2866 /* insignia30.png */ = {isa = PBXFileReference; lastKnownFileType = image.png; path = insignia30.png; sourceTree = "<group>"; };
		7AFF62FC1D197ACC00EB2866 /* insignia31.png */ = {isa = PBXFileReference; lastKnownFileType = image.png; path = insignia31.png; sourceTree = "<group>"; };
		7AFF62FD1D197ACC00EB2866 /* insignia32.png */ = {isa = PBXFileReference; lastKnownFileType = image.png; path = insignia32.png; sourceTree = "<group>"; };
		7AFF62FE1D197ACC00EB2866 /* insignia33.png */ = {isa = PBXFileReference; lastKnownFileType = image.png; path = insignia33.png; sourceTree = "<group>"; };
		7AFF62FF1D197ACC00EB2866 /* insignia34.png */ = {isa = PBXFileReference; lastKnownFileType = image.png; path = insignia34.png; sourceTree = "<group>"; };
		7AFF63001D197ACC00EB2866 /* insignia35.png */ = {isa = PBXFileReference; lastKnownFileType = image.png; path = insignia35.png; sourceTree = "<group>"; };
		7AFF63011D197ACC00EB2866 /* insignia36.png */ = {isa = PBXFileReference; lastKnownFileType = image.png; path = insignia36.png; sourceTree = "<group>"; };
		7AFF63021D197ACC00EB2866 /* insignia37.png */ = {isa = PBXFileReference; lastKnownFileType = image.png; path = insignia37.png; sourceTree = "<group>"; };
		7AFF63031D197ACC00EB2866 /* insignia38.png */ = {isa = PBXFileReference; lastKnownFileType = image.png; path = insignia38.png; sourceTree = "<group>"; };
		7AFF63041D197ACC00EB2866 /* insignia39.png */ = {isa = PBXFileReference; lastKnownFileType = image.png; path = insignia39.png; sourceTree = "<group>"; };
		7AFF63051D197ACC00EB2866 /* insignia4.png */ = {isa = PBXFileReference; lastKnownFileType = image.png; path = insignia4.png; sourceTree = "<group>"; };
		7AFF63061D197ACC00EB2866 /* insignia40.png */ = {isa = PBXFileReference; lastKnownFileType = image.png; path = insignia40.png; sourceTree = "<group>"; };
		7AFF63071D197ACC00EB2866 /* insignia41.png */ = {isa = PBXFileReference; lastKnownFileType = image.png; path = insignia41.png; sourceTree = "<group>"; };
		7AFF63081D197ACC00EB2866 /* insignia42.png */ = {isa = PBXFileReference; lastKnownFileType = image.png; path = insignia42.png; sourceTree = "<group>"; };
		7AFF63091D197ACC00EB2866 /* insignia43.png */ = {isa = PBXFileReference; lastKnownFileType = image.png; path = insignia43.png; sourceTree = "<group>"; };
		7AFF630A1D197ACC00EB2866 /* insignia44.png */ = {isa = PBXFileReference; lastKnownFileType = image.png; path = insignia44.png; sourceTree = "<group>"; };
		7AFF630B1D197ACC00EB2866 /* insignia45.png */ = {isa = PBXFileReference; lastKnownFileType = image.png; path = insignia45.png; sourceTree = "<group>"; };
		7AFF630C1D197ACC00EB2866 /* insignia46.png */ = {isa = PBXFileReference; lastKnownFileType = image.png; path = insignia46.png; sourceTree = "<group>"; };
		7AFF630D1D197ACC00EB2866 /* insignia47.png */ = {isa = PBXFileReference; lastKnownFileType = image.png; path = insignia47.png; sourceTree = "<group>"; };
		7AFF630E1D197ACC00EB2866 /* insignia48.png */ = {isa = PBXFileReference; lastKnownFileType = image.png; path = insignia48.png; sourceTree = "<group>"; };
		7AFF630F1D197ACC00EB2866 /* insignia49.png */ = {isa = PBXFileReference; lastKnownFileType = image.png; path = insignia49.png; sourceTree = "<group>"; };
		7AFF63101D197ACC00EB2866 /* insignia5.png */ = {isa = PBXFileReference; lastKnownFileType = image.png; path = insignia5.png; sourceTree = "<group>"; };
		7AFF63111D197ACC00EB2866 /* insignia50.png */ = {isa = PBXFileReference; lastKnownFileType = image.png; path = insignia50.png; sourceTree = "<group>"; };
		7AFF63121D197ACC00EB2866 /* insignia51.png */ = {isa = PBXFileReference; lastKnownFileType = image.png; path = insignia51.png; sourceTree = "<group>"; };
		7AFF63131D197ACC00EB2866 /* insignia52.png */ = {isa = PBXFileReference; lastKnownFileType = image.png; path = insignia52.png; sourceTree = "<group>"; };
		7AFF63141D197ACC00EB2866 /* insignia53.png */ = {isa = PBXFileReference; lastKnownFileType = image.png; path = insignia53.png; sourceTree = "<group>"; };
		7AFF63151D197ACC00EB2866 /* insignia54.png */ = {isa = PBXFileReference; lastKnownFileType = image.png; path = insignia54.png; sourceTree = "<group>"; };
		7AFF63161D197ACC00EB2866 /* insignia55.png */ = {isa = PBXFileReference; lastKnownFileType = image.png; path = insignia55.png; sourceTree = "<group>"; };
		7AFF63171D197ACC00EB2866 /* insignia56.png */ = {isa = PBXFileReference; lastKnownFileType = image.png; path = insignia56.png; sourceTree = "<group>"; };
		7AFF63181D197ACC00EB2866 /* insignia57.png */ = {isa = PBXFileReference; lastKnownFileType = image.png; path = insignia57.png; sourceTree = "<group>"; };
		7AFF63191D197ACC00EB2866 /* insignia58.png */ = {isa = PBXFileReference; lastKnownFileType = image.png; path = insignia58.png; sourceTree = "<group>"; };
		7AFF631A1D197ACC00EB2866 /* insignia59.png */ = {isa = PBXFileReference; lastKnownFileType = image.png; path = insignia59.png; sourceTree = "<group>"; };
		7AFF631B1D197ACC00EB2866 /* insignia6.png */ = {isa = PBXFileReference; lastKnownFileType = image.png; path = insignia6.png; sourceTree = "<group>"; };
		7AFF631C1D197ACC00EB2866 /* insignia60.png */ = {isa = PBXFileReference; lastKnownFileType = image.png; path = insignia60.png; sourceTree = "<group>"; };
		7AFF631D1D197ACC00EB2866 /* insignia61.png */ = {isa = PBXFileReference; lastKnownFileType = image.png; path = insignia61.png; sourceTree = "<group>"; };
		7AFF631E1D197ACC00EB2866 /* insignia62.png */ = {isa = PBXFileReference; lastKnownFileType = image.png; path = insignia62.png; sourceTree = "<group>"; };
		7AFF631F1D197ACC00EB2866 /* insignia63.png */ = {isa = PBXFileReference; lastKnownFileType = image.png; path = insignia63.png; sourceTree = "<group>"; };
		7AFF63201D197ACC00EB2866 /* insignia64.png */ = {isa = PBXFileReference; lastKnownFileType = image.png; path = insignia64.png; sourceTree = "<group>"; };
		7AFF63211D197ACC00EB2866 /* insignia65.png */ = {isa = PBXFileReference; lastKnownFileType = image.png; path = insignia65.png; sourceTree = "<group>"; };
		7AFF63221D197ACC00EB2866 /* insignia66.png */ = {isa = PBXFileReference; lastKnownFileType = image.png; path = insignia66.png; sourceTree = "<group>"; };
		7AFF63231D197ACC00EB2866 /* insignia67.png */ = {isa = PBXFileReference; lastKnownFileType = image.png; path = insignia67.png; sourceTree = "<group>"; };
		7AFF63241D197ACC00EB2866 /* insignia68.png */ = {isa = PBXFileReference; lastKnownFileType = image.png; path = insignia68.png; sourceTree = "<group>"; };
		7AFF63251D197ACC00EB2866 /* insignia69.png */ = {isa = PBXFileReference; lastKnownFileType = image.png; path = insignia69.png; sourceTree = "<group>"; };
		7AFF63261D197ACC00EB2866 /* insignia7.png */ = {isa = PBXFileReference; lastKnownFileType = image.png; path = insignia7.png; sourceTree = "<group>"; };
		7AFF63271D197ACC00EB2866 /* insignia70.png */ = {isa = PBXFileReference; lastKnownFileType = image.png; path = insignia70.png; sourceTree = "<group>"; };
		7AFF63281D197ACC00EB2866 /* insignia71.png */ = {isa = PBXFileReference; lastKnownFileType = image.png; path = insignia71.png; sourceTree = "<group>"; };
		7AFF63291D197ACC00EB2866 /* insignia72.png */ = {isa = PBXFileReference; lastKnownFileType = image.png; path = insignia72.png; sourceTree = "<group>"; };
		7AFF632A1D197ACC00EB2866 /* insignia73.png */ = {isa = PBXFileReference; lastKnownFileType = image.png; path = insignia73.png; sourceTree = "<group>"; };
		7AFF632B1D197ACC00EB2866 /* insignia74.png */ = {isa = PBXFileReference; lastKnownFileType = image.png; path = insignia74.png; sourceTree = "<group>"; };
		7AFF632C1D197ACC00EB2866 /* insignia75.png */ = {isa = PBXFileReference; lastKnownFileType = image.png; path = insignia75.png; sourceTree = "<group>"; };
		7AFF632D1D197ACC00EB2866 /* insignia76.png */ = {isa = PBXFileReference; lastKnownFileType = image.png; path = insignia76.png; sourceTree = "<group>"; };
		7AFF632E1D197ACC00EB2866 /* insignia77.png */ = {isa = PBXFileReference; lastKnownFileType = image.png; path = insignia77.png; sourceTree = "<group>"; };
		7AFF632F1D197ACC00EB2866 /* insignia78.png */ = {isa = PBXFileReference; lastKnownFileType = image.png; path = insignia78.png; sourceTree = "<group>"; };
		7AFF63301D197ACC00EB2866 /* insignia79.png */ = {isa = PBXFileReference; lastKnownFileType = image.png; path = insignia79.png; sourceTree = "<group>"; };
		7AFF63311D197ACC00EB2866 /* insignia8.png */ = {isa = PBXFileReference; lastKnownFileType = image.png; path = insignia8.png; sourceTree = "<group>"; };
		7AFF63321D197ACC00EB2866 /* insignia80.png */ = {isa = PBXFileReference; lastKnownFileType = image.png; path = insignia80.png; sourceTree = "<group>"; };
		7AFF63331D197ACC00EB2866 /* insignia81.png */ = {isa = PBXFileReference; lastKnownFileType = image.png; path = insignia81.png; sourceTree = "<group>"; };
		7AFF63341D197ACC00EB2866 /* insignia82.png */ = {isa = PBXFileReference; lastKnownFileType = image.png; path = insignia82.png; sourceTree = "<group>"; };
		7AFF63351D197ACC00EB2866 /* insignia83.png */ = {isa = PBXFileReference; lastKnownFileType = image.png; path = insignia83.png; sourceTree = "<group>"; };
		7AFF63361D197ACC00EB2866 /* insignia84.png */ = {isa = PBXFileReference; lastKnownFileType = image.png; path = insignia84.png; sourceTree = "<group>"; };
		7AFF63371D197ACC00EB2866 /* insignia85.png */ = {isa = PBXFileReference; lastKnownFileType = image.png; path = insignia85.png; sourceTree = "<group>"; };
		7AFF63381D197ACC00EB2866 /* insignia86.png */ = {isa = PBXFileReference; lastKnownFileType = image.png; path = insignia86.png; sourceTree = "<group>"; };
		7AFF63391D197ACC00EB2866 /* insignia87.png */ = {isa = PBXFileReference; lastKnownFileType = image.png; path = insignia87.png; sourceTree = "<group>"; };
		7AFF633A1D197ACC00EB2866 /* insignia88.png */ = {isa = PBXFileReference; lastKnownFileType = image.png; path = insignia88.png; sourceTree = "<group>"; };
		7AFF633B1D197ACC00EB2866 /* insignia89.png */ = {isa = PBXFileReference; lastKnownFileType = image.png; path = insignia89.png; sourceTree = "<group>"; };
		7AFF633C1D197ACC00EB2866 /* insignia9.png */ = {isa = PBXFileReference; lastKnownFileType = image.png; path = insignia9.png; sourceTree = "<group>"; };
		7AFF63961D19878800EB2866 /* bgAlert.jpg */ = {isa = PBXFileReference; lastKnownFileType = image.jpeg; path = bgAlert.jpg; sourceTree = "<group>"; };
		7AFF63991D19947B00EB2866 /* medal1.png */ = {isa = PBXFileReference; lastKnownFileType = image.png; path = medal1.png; sourceTree = "<group>"; };
		7AFF639A1D19947B00EB2866 /* medal1@2x.png */ = {isa = PBXFileReference; lastKnownFileType = image.png; path = "medal1@2x.png"; sourceTree = "<group>"; };
		7AFF639B1D19947B00EB2866 /* medal1@3x.png */ = {isa = PBXFileReference; lastKnownFileType = image.png; path = "medal1@3x.png"; sourceTree = "<group>"; };
		7AFF639C1D19947B00EB2866 /* medal2.png */ = {isa = PBXFileReference; lastKnownFileType = image.png; path = medal2.png; sourceTree = "<group>"; };
		7AFF639D1D19947B00EB2866 /* medal2@2x.png */ = {isa = PBXFileReference; lastKnownFileType = image.png; path = "medal2@2x.png"; sourceTree = "<group>"; };
		7AFF639E1D19947B00EB2866 /* medal2@3x.png */ = {isa = PBXFileReference; lastKnownFileType = image.png; path = "medal2@3x.png"; sourceTree = "<group>"; };
		7AFF63A01D19947B00EB2866 /* badge1.png */ = {isa = PBXFileReference; lastKnownFileType = image.png; path = badge1.png; sourceTree = "<group>"; };
		7AFF63A11D19947B00EB2866 /* badge2.png */ = {isa = PBXFileReference; lastKnownFileType = image.png; path = badge2.png; sourceTree = "<group>"; };
		7AFF63A21D19947B00EB2866 /* badge3.png */ = {isa = PBXFileReference; lastKnownFileType = image.png; path = badge3.png; sourceTree = "<group>"; };
		7AFF63A31D19947B00EB2866 /* badge4.png */ = {isa = PBXFileReference; lastKnownFileType = image.png; path = badge4.png; sourceTree = "<group>"; };
		7AFF63AE1D19A33400EB2866 /* Logo.png */ = {isa = PBXFileReference; lastKnownFileType = image.png; path = Logo.png; sourceTree = "<group>"; };
		7AFF63B51D19ABEA00EB2866 /* Report+CoreDataProperties.swift */ = {isa = PBXFileReference; fileEncoding = 4; lastKnownFileType = sourcecode.swift; path = "Report+CoreDataProperties.swift"; sourceTree = "<group>"; };
		7AFF63B61D19ABEA00EB2866 /* Report.swift */ = {isa = PBXFileReference; fileEncoding = 4; lastKnownFileType = sourcecode.swift; path = Report.swift; sourceTree = "<group>"; };
		7AFF63B91D19B3FC00EB2866 /* basura.png */ = {isa = PBXFileReference; lastKnownFileType = image.png; path = basura.png; sourceTree = "<group>"; };
		7AFF63BA1D19B3FC00EB2866 /* iluminacion.png */ = {isa = PBXFileReference; lastKnownFileType = image.png; path = iluminacion.png; sourceTree = "<group>"; };
		7AFF63BB1D19B3FC00EB2866 /* arboles.png */ = {isa = PBXFileReference; lastKnownFileType = image.png; path = arboles.png; sourceTree = "<group>"; };
		7AFF63BC1D19B3FC00EB2866 /* semaforo.png */ = {isa = PBXFileReference; lastKnownFileType = image.png; path = semaforo.png; sourceTree = "<group>"; };
		7AFF63BD1D19B3FC00EB2866 /* agua.png */ = {isa = PBXFileReference; lastKnownFileType = image.png; path = agua.png; sourceTree = "<group>"; };
		7AFF63BE1D19B3FC00EB2866 /* baches.png */ = {isa = PBXFileReference; lastKnownFileType = image.png; path = baches.png; sourceTree = "<group>"; };
		7AFF63C51D19B4B700EB2866 /* agua@2x.png */ = {isa = PBXFileReference; lastKnownFileType = image.png; path = "agua@2x.png"; sourceTree = "<group>"; };
		7AFF63C61D19B4B700EB2866 /* agua@3x.png */ = {isa = PBXFileReference; lastKnownFileType = image.png; path = "agua@3x.png"; sourceTree = "<group>"; };
		7AFF63C71D19B4B700EB2866 /* arboles@2x.png */ = {isa = PBXFileReference; lastKnownFileType = image.png; path = "arboles@2x.png"; sourceTree = "<group>"; };
		7AFF63C81D19B4B700EB2866 /* arboles@3x.png */ = {isa = PBXFileReference; lastKnownFileType = image.png; path = "arboles@3x.png"; sourceTree = "<group>"; };
		7AFF63C91D19B4B700EB2866 /* baches@2x.png */ = {isa = PBXFileReference; lastKnownFileType = image.png; path = "baches@2x.png"; sourceTree = "<group>"; };
		7AFF63CA1D19B4B700EB2866 /* baches@3x.png */ = {isa = PBXFileReference; lastKnownFileType = image.png; path = "baches@3x.png"; sourceTree = "<group>"; };
		7AFF63CB1D19B4B700EB2866 /* basura@2x.png */ = {isa = PBXFileReference; lastKnownFileType = image.png; path = "basura@2x.png"; sourceTree = "<group>"; };
		7AFF63CC1D19B4B700EB2866 /* basura@3x.png */ = {isa = PBXFileReference; lastKnownFileType = image.png; path = "basura@3x.png"; sourceTree = "<group>"; };
		7AFF63CD1D19B4B700EB2866 /* iluminacion@2x.png */ = {isa = PBXFileReference; lastKnownFileType = image.png; path = "iluminacion@2x.png"; sourceTree = "<group>"; };
		7AFF63CE1D19B4B700EB2866 /* iluminacion@3x.png */ = {isa = PBXFileReference; lastKnownFileType = image.png; path = "iluminacion@3x.png"; sourceTree = "<group>"; };
		E851616D66061B5A02A31EF6 /* Pods-BetaLabs.release.xcconfig */ = {isa = PBXFileReference; includeInIndex = 1; lastKnownFileType = text.xcconfig; name = "Pods-BetaLabs.release.xcconfig"; path = "Pods/Target Support Files/Pods-BetaLabs/Pods-BetaLabs.release.xcconfig"; sourceTree = "<group>"; };
/* End PBXFileReference section */

/* Begin PBXFrameworksBuildPhase section */
		7AC654161D188F7700D456B0 /* Frameworks */ = {
			isa = PBXFrameworksBuildPhase;
			buildActionMask = 2147483647;
			files = (
				04445DA16D90722482DC2A17 /* Pods_BetaLabs.framework in Frameworks */,
			);
			runOnlyForDeploymentPostprocessing = 0;
		};
		7AC6542D1D188F7700D456B0 /* Frameworks */ = {
			isa = PBXFrameworksBuildPhase;
			buildActionMask = 2147483647;
			files = (
			);
			runOnlyForDeploymentPostprocessing = 0;
		};
/* End PBXFrameworksBuildPhase section */

/* Begin PBXGroup section */
		48BA276FB1063DD35741805B /* Pods */ = {
			isa = PBXGroup;
			children = (
				0EC6F220BF3CC3864EE9F7D8 /* Pods-BetaLabs.debug.xcconfig */,
				E851616D66061B5A02A31EF6 /* Pods-BetaLabs.release.xcconfig */,
			);
			name = Pods;
			sourceTree = "<group>";
		};
		7AC654101D188F7700D456B0 = {
			isa = PBXGroup;
			children = (
				7AC6541B1D188F7700D456B0 /* BetaLabs */,
				7AC654331D188F7700D456B0 /* BetaLabsTests */,
				7AC6541A1D188F7700D456B0 /* Products */,
				48BA276FB1063DD35741805B /* Pods */,
				FC5DF69F7631A40EC96CB394 /* Frameworks */,
			);
			sourceTree = "<group>";
		};
		7AC6541A1D188F7700D456B0 /* Products */ = {
			isa = PBXGroup;
			children = (
				7AC654191D188F7700D456B0 /* BetaLabs.app */,
				7AC654301D188F7700D456B0 /* BetaLabsTests.xctest */,
			);
			name = Products;
			sourceTree = "<group>";
		};
		7AC6541B1D188F7700D456B0 /* BetaLabs */ = {
			isa = PBXGroup;
			children = (
				7AFF63B01D19A79100EB2866 /* Entities */,
				7AC654431D18ADA700D456B0 /* Assets */,
				7ACA5C5D1D19062D00728030 /* Components */,
				7AC654561D18B89C00D456B0 /* Models */,
				7AC654401D189FBD00D456B0 /* ViewControllers */,
				7AC6541C1D188F7700D456B0 /* AppDelegate.swift */,
				7AC654201D188F7700D456B0 /* Main.storyboard */,
				7AC654261D188F7700D456B0 /* Assets.xcassets */,
				7AC654281D188F7700D456B0 /* LaunchScreen.storyboard */,
				7AC6542B1D188F7700D456B0 /* Info.plist */,
				7AC654231D188F7700D456B0 /* BetaLabs.xcdatamodeld */,
				7AC6544C1D18B36000D456B0 /* GoogleService-Info.plist */,
			);
			path = BetaLabs;
			sourceTree = "<group>";
		};
		7AC654331D188F7700D456B0 /* BetaLabsTests */ = {
			isa = PBXGroup;
			children = (
				7AC654341D188F7700D456B0 /* BetaLabsTests.swift */,
				7AC654361D188F7700D456B0 /* Info.plist */,
			);
			path = BetaLabsTests;
			sourceTree = "<group>";
		};
		7AC654401D189FBD00D456B0 /* ViewControllers */ = {
			isa = PBXGroup;
			children = (
				7AC654411D189FD200D456B0 /* MapViewController.swift */,
				7AC654501D18B6C300D456B0 /* GenericNavigationViewController.swift */,
				7AC654521D18B7AA00D456B0 /* GenericTabBarViewController.swift */,
				7A59707C1D18C6FC00BAF6C9 /* NewReportViewController.swift */,
				7ACA5C621D19235600728030 /* FeedTableViewController.swift */,
				7AFF62D81D1947BA00EB2866 /* ProfileViewController.swift */,
			);
			path = ViewControllers;
			sourceTree = "<group>";
		};
		7AC654431D18ADA700D456B0 /* Assets */ = {
			isa = PBXGroup;
			children = (
				7AFF63C51D19B4B700EB2866 /* agua@2x.png */,
				7AFF63C61D19B4B700EB2866 /* agua@3x.png */,
				7AFF63C71D19B4B700EB2866 /* arboles@2x.png */,
				7AFF63C81D19B4B700EB2866 /* arboles@3x.png */,
				7AFF63C91D19B4B700EB2866 /* baches@2x.png */,
				7AFF63CA1D19B4B700EB2866 /* baches@3x.png */,
				7AFF63CB1D19B4B700EB2866 /* basura@2x.png */,
				7AFF63CC1D19B4B700EB2866 /* basura@3x.png */,
				7AFF63CD1D19B4B700EB2866 /* iluminacion@2x.png */,
				7AFF63CE1D19B4B700EB2866 /* iluminacion@3x.png */,
				7AFF63B91D19B3FC00EB2866 /* basura.png */,
				7AFF63BA1D19B3FC00EB2866 /* iluminacion.png */,
				7AFF63BB1D19B3FC00EB2866 /* arboles.png */,
				7AFF63BC1D19B3FC00EB2866 /* semaforo.png */,
				7AFF63BD1D19B3FC00EB2866 /* agua.png */,
				7AFF63BE1D19B3FC00EB2866 /* baches.png */,
				7AFF63981D19947B00EB2866 /* medal */,
				7AFF639F1D19947B00EB2866 /* badges */,
				7AFF63961D19878800EB2866 /* bgAlert.jpg */,
				7AFF62E31D197ACC00EB2866 /* fst_animation */,
				7AFF62DB1D194E1E00EB2866 /* profile_bg.png */,
				7A551BB61D193C4300B95E26 /* pin_placeholder.png */,
				7A551BB71D193C4300B95E26 /* pin_placeholder@2x.png */,
				7A551BB81D193C4300B95E26 /* pin_placeholder@3x.png */,
				7A551BB01D19352600B95E26 /* camera_icon.png */,
				7A551BB11D19352600B95E26 /* camera_icon@2x.png */,
				7A551BB21D19352600B95E26 /* camera_icon@3x.png */,
				7ACA5C661D19309900728030 /* login-mail-bg@3x.jpg */,
				7ACA5C671D19309900728030 /* login-google@3x.jpg */,
				7ACA5C681D19309900728030 /* login-facebook@3x.jpg */,
				7ACA5C691D19309900728030 /* login-email@3x.jpg */,
				7ACA5C6A1D19309900728030 /* bg-login@3x.png */,
				7ACA5C4B1D18FE9000728030 /* profile.png */,
				7ACA5C4C1D18FE9000728030 /* profile@2x.png */,
				7AFF63AE1D19A33400EB2866 /* Logo.png */,
				7ACA5C4D1D18FE9000728030 /* profile@3x.png */,
				7ACA5C4E1D18FE9000728030 /* map.png */,
				7ACA5C4F1D18FE9000728030 /* map@2x.png */,
				7ACA5C501D18FE9000728030 /* map@3x.png */,
				7ACA5C511D18FE9000728030 /* feed.png */,
				7ACA5C521D18FE9000728030 /* feed@2x.png */,
				7ACA5C531D18FE9000728030 /* feed@3x.png */,
				7AC654461D18B08100D456B0 /* pin.png */,
				7AC654471D18B08100D456B0 /* pin@2x.png */,
				7AC654481D18B08100D456B0 /* pin@3x.png */,
			);
			path = Assets;
			sourceTree = "<group>";
		};
		7AC654561D18B89C00D456B0 /* Models */ = {
			isa = PBXGroup;
			children = (
				7AC6544E1D18B69900D456B0 /* MapViewModel.swift */,
				7AC654541D18B84B00D456B0 /* UploaderModel.swift */,
			);
			name = Models;
			sourceTree = "<group>";
		};
		7ACA5C5D1D19062D00728030 /* Components */ = {
			isa = PBXGroup;
			children = (
				7ACA5C5E1D19069F00728030 /* DetailReport.swift */,
				7ACA5C641D19244300728030 /* ReportTableViewCell.swift */,
				7A1018891D193F7C00A57192 /* BadgeAnimation.swift */,
				7AFF62DD1D19684C00EB2866 /* FriendTableViewCell.swift */,
				7AFF62DF1D1968BC00EB2866 /* HeaderProfileTableViewCell.swift */,
				7AFF62E11D1968D800EB2866 /* BadgesTableViewCell.swift */,
			);
			path = Components;
			sourceTree = "<group>";
		};
		7AFF62E31D197ACC00EB2866 /* fst_animation */ = {
			isa = PBXGroup;
			children = (
				7AFF62E41D197ACC00EB2866 /* insignia1.png */,
				7AFF62E51D197ACC00EB2866 /* insignia10.png */,
				7AFF62E61D197ACC00EB2866 /* insignia11.png */,
				7AFF62E71D197ACC00EB2866 /* insignia12.png */,
				7AFF62E81D197ACC00EB2866 /* insignia13.png */,
				7AFF62E91D197ACC00EB2866 /* insignia14.png */,
				7AFF62EA1D197ACC00EB2866 /* insignia15.png */,
				7AFF62EB1D197ACC00EB2866 /* insignia16.png */,
				7AFF62EC1D197ACC00EB2866 /* insignia17.png */,
				7AFF62ED1D197ACC00EB2866 /* insignia18.png */,
				7AFF62EE1D197ACC00EB2866 /* insignia19.png */,
				7AFF62EF1D197ACC00EB2866 /* insignia2.png */,
				7AFF62F01D197ACC00EB2866 /* insignia20.png */,
				7AFF62F11D197ACC00EB2866 /* insignia21.png */,
				7AFF62F21D197ACC00EB2866 /* insignia22.png */,
				7AFF62F31D197ACC00EB2866 /* insignia23.png */,
				7AFF62F41D197ACC00EB2866 /* insignia24.png */,
				7AFF62F51D197ACC00EB2866 /* insignia25.png */,
				7AFF62F61D197ACC00EB2866 /* insignia26.png */,
				7AFF62F71D197ACC00EB2866 /* insignia27.png */,
				7AFF62F81D197ACC00EB2866 /* insignia28.png */,
				7AFF62F91D197ACC00EB2866 /* insignia29.png */,
				7AFF62FA1D197ACC00EB2866 /* insignia3.png */,
				7AFF62FB1D197ACC00EB2866 /* insignia30.png */,
				7AFF62FC1D197ACC00EB2866 /* insignia31.png */,
				7AFF62FD1D197ACC00EB2866 /* insignia32.png */,
				7AFF62FE1D197ACC00EB2866 /* insignia33.png */,
				7AFF62FF1D197ACC00EB2866 /* insignia34.png */,
				7AFF63001D197ACC00EB2866 /* insignia35.png */,
				7AFF63011D197ACC00EB2866 /* insignia36.png */,
				7AFF63021D197ACC00EB2866 /* insignia37.png */,
				7AFF63031D197ACC00EB2866 /* insignia38.png */,
				7AFF63041D197ACC00EB2866 /* insignia39.png */,
				7AFF63051D197ACC00EB2866 /* insignia4.png */,
				7AFF63061D197ACC00EB2866 /* insignia40.png */,
				7AFF63071D197ACC00EB2866 /* insignia41.png */,
				7AFF63081D197ACC00EB2866 /* insignia42.png */,
				7AFF63091D197ACC00EB2866 /* insignia43.png */,
				7AFF630A1D197ACC00EB2866 /* insignia44.png */,
				7AFF630B1D197ACC00EB2866 /* insignia45.png */,
				7AFF630C1D197ACC00EB2866 /* insignia46.png */,
				7AFF630D1D197ACC00EB2866 /* insignia47.png */,
				7AFF630E1D197ACC00EB2866 /* insignia48.png */,
				7AFF630F1D197ACC00EB2866 /* insignia49.png */,
				7AFF63101D197ACC00EB2866 /* insignia5.png */,
				7AFF63111D197ACC00EB2866 /* insignia50.png */,
				7AFF63121D197ACC00EB2866 /* insignia51.png */,
				7AFF63131D197ACC00EB2866 /* insignia52.png */,
				7AFF63141D197ACC00EB2866 /* insignia53.png */,
				7AFF63151D197ACC00EB2866 /* insignia54.png */,
				7AFF63161D197ACC00EB2866 /* insignia55.png */,
				7AFF63171D197ACC00EB2866 /* insignia56.png */,
				7AFF63181D197ACC00EB2866 /* insignia57.png */,
				7AFF63191D197ACC00EB2866 /* insignia58.png */,
				7AFF631A1D197ACC00EB2866 /* insignia59.png */,
				7AFF631B1D197ACC00EB2866 /* insignia6.png */,
				7AFF631C1D197ACC00EB2866 /* insignia60.png */,
				7AFF631D1D197ACC00EB2866 /* insignia61.png */,
				7AFF631E1D197ACC00EB2866 /* insignia62.png */,
				7AFF631F1D197ACC00EB2866 /* insignia63.png */,
				7AFF63201D197ACC00EB2866 /* insignia64.png */,
				7AFF63211D197ACC00EB2866 /* insignia65.png */,
				7AFF63221D197ACC00EB2866 /* insignia66.png */,
				7AFF63231D197ACC00EB2866 /* insignia67.png */,
				7AFF63241D197ACC00EB2866 /* insignia68.png */,
				7AFF63251D197ACC00EB2866 /* insignia69.png */,
				7AFF63261D197ACC00EB2866 /* insignia7.png */,
				7AFF63271D197ACC00EB2866 /* insignia70.png */,
				7AFF63281D197ACC00EB2866 /* insignia71.png */,
				7AFF63291D197ACC00EB2866 /* insignia72.png */,
				7AFF632A1D197ACC00EB2866 /* insignia73.png */,
				7AFF632B1D197ACC00EB2866 /* insignia74.png */,
				7AFF632C1D197ACC00EB2866 /* insignia75.png */,
				7AFF632D1D197ACC00EB2866 /* insignia76.png */,
				7AFF632E1D197ACC00EB2866 /* insignia77.png */,
				7AFF632F1D197ACC00EB2866 /* insignia78.png */,
				7AFF63301D197ACC00EB2866 /* insignia79.png */,
				7AFF63311D197ACC00EB2866 /* insignia8.png */,
				7AFF63321D197ACC00EB2866 /* insignia80.png */,
				7AFF63331D197ACC00EB2866 /* insignia81.png */,
				7AFF63341D197ACC00EB2866 /* insignia82.png */,
				7AFF63351D197ACC00EB2866 /* insignia83.png */,
				7AFF63361D197ACC00EB2866 /* insignia84.png */,
				7AFF63371D197ACC00EB2866 /* insignia85.png */,
				7AFF63381D197ACC00EB2866 /* insignia86.png */,
				7AFF63391D197ACC00EB2866 /* insignia87.png */,
				7AFF633A1D197ACC00EB2866 /* insignia88.png */,
				7AFF633B1D197ACC00EB2866 /* insignia89.png */,
				7AFF633C1D197ACC00EB2866 /* insignia9.png */,
			);
			path = fst_animation;
			sourceTree = "<group>";
		};
		7AFF63981D19947B00EB2866 /* medal */ = {
			isa = PBXGroup;
			children = (
				7AFF63991D19947B00EB2866 /* medal1.png */,
				7AFF639A1D19947B00EB2866 /* medal1@2x.png */,
				7AFF639B1D19947B00EB2866 /* medal1@3x.png */,
				7AFF639C1D19947B00EB2866 /* medal2.png */,
				7AFF639D1D19947B00EB2866 /* medal2@2x.png */,
				7AFF639E1D19947B00EB2866 /* medal2@3x.png */,
			);
			path = medal;
			sourceTree = "<group>";
		};
		7AFF639F1D19947B00EB2866 /* badges */ = {
			isa = PBXGroup;
			children = (
				7AFF63A01D19947B00EB2866 /* badge1.png */,
				7AFF63A11D19947B00EB2866 /* badge2.png */,
				7AFF63A21D19947B00EB2866 /* badge3.png */,
				7AFF63A31D19947B00EB2866 /* badge4.png */,
			);
			path = badges;
			sourceTree = "<group>";
		};
		7AFF63B01D19A79100EB2866 /* Entities */ = {
			isa = PBXGroup;
			children = (
				7AFF63B51D19ABEA00EB2866 /* Report+CoreDataProperties.swift */,
				7AFF63B61D19ABEA00EB2866 /* Report.swift */,
			);
			path = Entities;
			sourceTree = "<group>";
		};
		FC5DF69F7631A40EC96CB394 /* Frameworks */ = {
			isa = PBXGroup;
			children = (
				312DEE567A2F75948D0951F6 /* Pods_BetaLabs.framework */,
			);
			name = Frameworks;
			sourceTree = "<group>";
		};
/* End PBXGroup section */

/* Begin PBXNativeTarget section */
		7AC654181D188F7700D456B0 /* BetaLabs */ = {
			isa = PBXNativeTarget;
			buildConfigurationList = 7AC654391D188F7700D456B0 /* Build configuration list for PBXNativeTarget "BetaLabs" */;
			buildPhases = (
				7F920411677A1913A1173048 /* Check Pods Manifest.lock */,
				7AC654151D188F7700D456B0 /* Sources */,
				7AC654161D188F7700D456B0 /* Frameworks */,
				7AC654171D188F7700D456B0 /* Resources */,
				7F3094B2F0D7F121A0623E18 /* Embed Pods Frameworks */,
				85DDAA2D66FA18A38AA4A4ED /* Copy Pods Resources */,
			);
			buildRules = (
			);
			dependencies = (
			);
			name = BetaLabs;
			productName = BetaLabs;
			productReference = 7AC654191D188F7700D456B0 /* BetaLabs.app */;
			productType = "com.apple.product-type.application";
		};
		7AC6542F1D188F7700D456B0 /* BetaLabsTests */ = {
			isa = PBXNativeTarget;
			buildConfigurationList = 7AC6543C1D188F7700D456B0 /* Build configuration list for PBXNativeTarget "BetaLabsTests" */;
			buildPhases = (
				7AC6542C1D188F7700D456B0 /* Sources */,
				7AC6542D1D188F7700D456B0 /* Frameworks */,
				7AC6542E1D188F7700D456B0 /* Resources */,
			);
			buildRules = (
			);
			dependencies = (
				7AC654321D188F7700D456B0 /* PBXTargetDependency */,
			);
			name = BetaLabsTests;
			productName = BetaLabsTests;
			productReference = 7AC654301D188F7700D456B0 /* BetaLabsTests.xctest */;
			productType = "com.apple.product-type.bundle.unit-test";
		};
/* End PBXNativeTarget section */

/* Begin PBXProject section */
		7AC654111D188F7700D456B0 /* Project object */ = {
			isa = PBXProject;
			attributes = {
				LastSwiftUpdateCheck = 0730;
				LastUpgradeCheck = 0730;
				ORGANIZATIONNAME = betalabs;
				TargetAttributes = {
					7AC654181D188F7700D456B0 = {
						CreatedOnToolsVersion = 7.3.1;
					};
					7AC6542F1D188F7700D456B0 = {
						CreatedOnToolsVersion = 7.3.1;
						TestTargetID = 7AC654181D188F7700D456B0;
					};
				};
			};
			buildConfigurationList = 7AC654141D188F7700D456B0 /* Build configuration list for PBXProject "BetaLabs" */;
			compatibilityVersion = "Xcode 3.2";
			developmentRegion = English;
			hasScannedForEncodings = 0;
			knownRegions = (
				en,
				Base,
			);
			mainGroup = 7AC654101D188F7700D456B0;
			productRefGroup = 7AC6541A1D188F7700D456B0 /* Products */;
			projectDirPath = "";
			projectRoot = "";
			targets = (
				7AC654181D188F7700D456B0 /* BetaLabs */,
				7AC6542F1D188F7700D456B0 /* BetaLabsTests */,
			);
		};
/* End PBXProject section */

/* Begin PBXResourcesBuildPhase section */
		7AC654171D188F7700D456B0 /* Resources */ = {
			isa = PBXResourcesBuildPhase;
			buildActionMask = 2147483647;
			files = (
				7AFF63D31D19B4B700EB2866 /* baches@2x.png in Resources */,
				7AFF63861D197ACC00EB2866 /* insignia76.png in Resources */,
				7AFF63681D197ACC00EB2866 /* insignia49.png in Resources */,
				7AFF635D1D197ACC00EB2866 /* insignia39.png in Resources */,
				7AFF638B1D197ACC00EB2866 /* insignia80.png in Resources */,
				7AFF63A81D19947B00EB2866 /* medal2@2x.png in Resources */,
				7AC6542A1D188F7700D456B0 /* LaunchScreen.storyboard in Resources */,
				7AFF63631D197ACC00EB2866 /* insignia44.png in Resources */,
				7AFF635E1D197ACC00EB2866 /* insignia4.png in Resources */,
				7AFF633D1D197ACC00EB2866 /* insignia1.png in Resources */,
				7AFF63771D197ACC00EB2866 /* insignia62.png in Resources */,
				7AFF63931D197ACC00EB2866 /* insignia88.png in Resources */,
				7AFF63581D197ACC00EB2866 /* insignia34.png in Resources */,
				7AFF637E1D197ACC00EB2866 /* insignia69.png in Resources */,
				7AFF63D81D19B4B700EB2866 /* iluminacion@3x.png in Resources */,
				7AFF63D11D19B4B700EB2866 /* arboles@2x.png in Resources */,
				7AFF63651D197ACC00EB2866 /* insignia46.png in Resources */,
				7ACA5C5A1D18FE9000728030 /* feed.png in Resources */,
				7A551BBA1D193C4300B95E26 /* pin_placeholder@2x.png in Resources */,
				7AFF63851D197ACC00EB2866 /* insignia75.png in Resources */,
				7AFF636C1D197ACC00EB2866 /* insignia52.png in Resources */,
				7AFF63531D197ACC00EB2866 /* insignia3.png in Resources */,
				7AFF63821D197ACC00EB2866 /* insignia72.png in Resources */,
				7AFF635A1D197ACC00EB2866 /* insignia36.png in Resources */,
				7AFF63611D197ACC00EB2866 /* insignia42.png in Resources */,
				7AFF63D51D19B4B700EB2866 /* basura@2x.png in Resources */,
				7AFF63CF1D19B4B700EB2866 /* agua@2x.png in Resources */,
				7AFF63701D197ACC00EB2866 /* insignia56.png in Resources */,
				7AFF634C1D197ACC00EB2866 /* insignia23.png in Resources */,
				7AFF63481D197ACC00EB2866 /* insignia2.png in Resources */,
				7AFF637B1D197ACC00EB2866 /* insignia66.png in Resources */,
				7AFF63951D197ACC00EB2866 /* insignia9.png in Resources */,
				7AFF638D1D197ACC00EB2866 /* insignia82.png in Resources */,
				7AC654491D18B08100D456B0 /* pin.png in Resources */,
				7AFF634A1D197ACC00EB2866 /* insignia21.png in Resources */,
				7A551BB91D193C4300B95E26 /* pin_placeholder.png in Resources */,
				7AFF63491D197ACC00EB2866 /* insignia20.png in Resources */,
				7AC654271D188F7700D456B0 /* Assets.xcassets in Resources */,
				7AFF637D1D197ACC00EB2866 /* insignia68.png in Resources */,
				7AFF63691D197ACC00EB2866 /* insignia5.png in Resources */,
				7AFF636D1D197ACC00EB2866 /* insignia53.png in Resources */,
				7AFF63AD1D19947B00EB2866 /* badge4.png in Resources */,
				7AFF63A41D19947B00EB2866 /* medal1.png in Resources */,
				7AFF63D41D19B4B700EB2866 /* baches@3x.png in Resources */,
				7ACA5C6C1D19309900728030 /* login-google@3x.jpg in Resources */,
				7AFF638A1D197ACC00EB2866 /* insignia8.png in Resources */,
				7AFF63501D197ACC00EB2866 /* insignia27.png in Resources */,
				7AFF63921D197ACC00EB2866 /* insignia87.png in Resources */,
				7AFF63761D197ACC00EB2866 /* insignia61.png in Resources */,
				7AFF63BF1D19B3FC00EB2866 /* basura.png in Resources */,
				7AFF63781D197ACC00EB2866 /* insignia63.png in Resources */,
				7AFF63A61D19947B00EB2866 /* medal1@3x.png in Resources */,
				7AC6544B1D18B08100D456B0 /* pin@3x.png in Resources */,
				7AFF63911D197ACC00EB2866 /* insignia86.png in Resources */,
				7AFF63411D197ACC00EB2866 /* insignia13.png in Resources */,
				7AFF63871D197ACC00EB2866 /* insignia77.png in Resources */,
				7AFF62DC1D194E1E00EB2866 /* profile_bg.png in Resources */,
				7AFF63591D197ACC00EB2866 /* insignia35.png in Resources */,
				7ACA5C6B1D19309900728030 /* login-mail-bg@3x.jpg in Resources */,
				7AFF634E1D197ACC00EB2866 /* insignia25.png in Resources */,
				7AFF63881D197ACC00EB2866 /* insignia78.png in Resources */,
				7AFF63C31D19B3FC00EB2866 /* agua.png in Resources */,
				7AC654221D188F7700D456B0 /* Main.storyboard in Resources */,
				7AFF635B1D197ACC00EB2866 /* insignia37.png in Resources */,
				7ACA5C581D18FE9000728030 /* map@2x.png in Resources */,
				7AFF63971D19878800EB2866 /* bgAlert.jpg in Resources */,
				7A551BB51D19352600B95E26 /* camera_icon@3x.png in Resources */,
				7AFF63471D197ACC00EB2866 /* insignia19.png in Resources */,
				7AFF63731D197ACC00EB2866 /* insignia59.png in Resources */,
				7AFF63AC1D19947B00EB2866 /* badge3.png in Resources */,
				7AFF63831D197ACC00EB2866 /* insignia73.png in Resources */,
				7AFF633F1D197ACC00EB2866 /* insignia11.png in Resources */,
				7ACA5C5B1D18FE9000728030 /* feed@2x.png in Resources */,
				7AFF63521D197ACC00EB2866 /* insignia29.png in Resources */,
				7ACA5C6E1D19309900728030 /* login-email@3x.jpg in Resources */,
				7AFF63441D197ACC00EB2866 /* insignia16.png in Resources */,
				7AFF634D1D197ACC00EB2866 /* insignia24.png in Resources */,
				7AFF63C11D19B3FC00EB2866 /* arboles.png in Resources */,
				7AFF63D01D19B4B700EB2866 /* agua@3x.png in Resources */,
				7AFF63751D197ACC00EB2866 /* insignia60.png in Resources */,
				7ACA5C571D18FE9000728030 /* map.png in Resources */,
				7AFF63941D197ACC00EB2866 /* insignia89.png in Resources */,
				7AFF638C1D197ACC00EB2866 /* insignia81.png in Resources */,
				7AFF63561D197ACC00EB2866 /* insignia32.png in Resources */,
				7AFF63D21D19B4B700EB2866 /* arboles@3x.png in Resources */,
				7AC6544A1D18B08100D456B0 /* pin@2x.png in Resources */,
				7ACA5C6F1D19309900728030 /* bg-login@3x.png in Resources */,
				7A551BBB1D193C4300B95E26 /* pin_placeholder@3x.png in Resources */,
				7AFF63721D197ACC00EB2866 /* insignia58.png in Resources */,
				7AFF63AF1D19A33400EB2866 /* Logo.png in Resources */,
				7AFF63A91D19947B00EB2866 /* medal2@3x.png in Resources */,
				7ACA5C6D1D19309900728030 /* login-facebook@3x.jpg in Resources */,
				7AFF63401D197ACC00EB2866 /* insignia12.png in Resources */,
				7AFF63811D197ACC00EB2866 /* insignia71.png in Resources */,
				7AFF637F1D197ACC00EB2866 /* insignia7.png in Resources */,
				7AFF63C21D19B3FC00EB2866 /* semaforo.png in Resources */,
				7AFF63791D197ACC00EB2866 /* insignia64.png in Resources */,
				7AFF63741D197ACC00EB2866 /* insignia6.png in Resources */,
				7AFF63431D197ACC00EB2866 /* insignia15.png in Resources */,
				7AFF63461D197ACC00EB2866 /* insignia18.png in Resources */,
				7AC6544D1D18B36000D456B0 /* GoogleService-Info.plist in Resources */,
				7ACA5C541D18FE9000728030 /* profile.png in Resources */,
				7AFF63421D197ACC00EB2866 /* insignia14.png in Resources */,
				7AFF63AB1D19947B00EB2866 /* badge2.png in Resources */,
				7AFF63D71D19B4B700EB2866 /* iluminacion@2x.png in Resources */,
				7ACA5C551D18FE9000728030 /* profile@2x.png in Resources */,
				7AFF63451D197ACC00EB2866 /* insignia17.png in Resources */,
				7AFF63901D197ACC00EB2866 /* insignia85.png in Resources */,
				7AFF636B1D197ACC00EB2866 /* insignia51.png in Resources */,
				7AFF634B1D197ACC00EB2866 /* insignia22.png in Resources */,
				7AFF63841D197ACC00EB2866 /* insignia74.png in Resources */,
				7AFF63AA1D19947B00EB2866 /* badge1.png in Resources */,
				7AFF63511D197ACC00EB2866 /* insignia28.png in Resources */,
				7AFF638E1D197ACC00EB2866 /* insignia83.png in Resources */,
				7AFF63661D197ACC00EB2866 /* insignia47.png in Resources */,
				7AFF633E1D197ACC00EB2866 /* insignia10.png in Resources */,
				7AFF63671D197ACC00EB2866 /* insignia48.png in Resources */,
				7AFF636F1D197ACC00EB2866 /* insignia55.png in Resources */,
				7AFF63891D197ACC00EB2866 /* insignia79.png in Resources */,
				7ACA5C5C1D18FE9000728030 /* feed@3x.png in Resources */,
				7A551BB41D19352600B95E26 /* camera_icon@2x.png in Resources */,
				7AFF635F1D197ACC00EB2866 /* insignia40.png in Resources */,
				7A551BB31D19352600B95E26 /* camera_icon.png in Resources */,
				7AFF63D61D19B4B700EB2866 /* basura@3x.png in Resources */,
				7AFF63C01D19B3FC00EB2866 /* iluminacion.png in Resources */,
				7AFF63601D197ACC00EB2866 /* insignia41.png in Resources */,
				7AFF63711D197ACC00EB2866 /* insignia57.png in Resources */,
				7AFF636A1D197ACC00EB2866 /* insignia50.png in Resources */,
				7AFF63551D197ACC00EB2866 /* insignia31.png in Resources */,
				7AFF635C1D197ACC00EB2866 /* insignia38.png in Resources */,
				7AFF63621D197ACC00EB2866 /* insignia43.png in Resources */,
				7ACA5C591D18FE9000728030 /* map@3x.png in Resources */,
				7AFF636E1D197ACC00EB2866 /* insignia54.png in Resources */,
				7AFF63A51D19947B00EB2866 /* medal1@2x.png in Resources */,
				7AFF637A1D197ACC00EB2866 /* insignia65.png in Resources */,
				7ACA5C561D18FE9000728030 /* profile@3x.png in Resources */,
				7AFF63801D197ACC00EB2866 /* insignia70.png in Resources */,
				7AFF63641D197ACC00EB2866 /* insignia45.png in Resources */,
				7AFF63A71D19947B00EB2866 /* medal2.png in Resources */,
				7AFF637C1D197ACC00EB2866 /* insignia67.png in Resources */,
				7AFF63541D197ACC00EB2866 /* insignia30.png in Resources */,
				7AFF638F1D197ACC00EB2866 /* insignia84.png in Resources */,
				7AFF634F1D197ACC00EB2866 /* insignia26.png in Resources */,
				7AFF63571D197ACC00EB2866 /* insignia33.png in Resources */,
				7AFF63C41D19B3FC00EB2866 /* baches.png in Resources */,
			);
			runOnlyForDeploymentPostprocessing = 0;
		};
		7AC6542E1D188F7700D456B0 /* Resources */ = {
			isa = PBXResourcesBuildPhase;
			buildActionMask = 2147483647;
			files = (
			);
			runOnlyForDeploymentPostprocessing = 0;
		};
/* End PBXResourcesBuildPhase section */

/* Begin PBXShellScriptBuildPhase section */
		7F3094B2F0D7F121A0623E18 /* Embed Pods Frameworks */ = {
			isa = PBXShellScriptBuildPhase;
			buildActionMask = 2147483647;
			files = (
			);
			inputPaths = (
			);
			name = "Embed Pods Frameworks";
			outputPaths = (
			);
			runOnlyForDeploymentPostprocessing = 0;
			shellPath = /bin/sh;
			shellScript = "\"${SRCROOT}/Pods/Target Support Files/Pods-BetaLabs/Pods-BetaLabs-frameworks.sh\"\n";
			showEnvVarsInLog = 0;
		};
		7F920411677A1913A1173048 /* Check Pods Manifest.lock */ = {
			isa = PBXShellScriptBuildPhase;
			buildActionMask = 2147483647;
			files = (
			);
			inputPaths = (
			);
			name = "Check Pods Manifest.lock";
			outputPaths = (
			);
			runOnlyForDeploymentPostprocessing = 0;
			shellPath = /bin/sh;
			shellScript = "diff \"${PODS_ROOT}/../Podfile.lock\" \"${PODS_ROOT}/Manifest.lock\" > /dev/null\nif [[ $? != 0 ]] ; then\n    cat << EOM\nerror: The sandbox is not in sync with the Podfile.lock. Run 'pod install' or update your CocoaPods installation.\nEOM\n    exit 1\nfi\n";
			showEnvVarsInLog = 0;
		};
		85DDAA2D66FA18A38AA4A4ED /* Copy Pods Resources */ = {
			isa = PBXShellScriptBuildPhase;
			buildActionMask = 2147483647;
			files = (
			);
			inputPaths = (
			);
			name = "Copy Pods Resources";
			outputPaths = (
			);
			runOnlyForDeploymentPostprocessing = 0;
			shellPath = /bin/sh;
			shellScript = "\"${SRCROOT}/Pods/Target Support Files/Pods-BetaLabs/Pods-BetaLabs-resources.sh\"\n";
			showEnvVarsInLog = 0;
		};
/* End PBXShellScriptBuildPhase section */

/* Begin PBXSourcesBuildPhase section */
		7AC654151D188F7700D456B0 /* Sources */ = {
			isa = PBXSourcesBuildPhase;
			buildActionMask = 2147483647;
			files = (
				7AC654511D18B6C300D456B0 /* GenericNavigationViewController.swift in Sources */,
				7ACA5C5F1D19069F00728030 /* DetailReport.swift in Sources */,
				7AC654251D188F7700D456B0 /* BetaLabs.xcdatamodeld in Sources */,
				7AC654551D18B84B00D456B0 /* UploaderModel.swift in Sources */,
				7AC654421D189FD200D456B0 /* MapViewController.swift in Sources */,
				7AFF63B81D19ABEA00EB2866 /* Report.swift in Sources */,
				7AC6541D1D188F7700D456B0 /* AppDelegate.swift in Sources */,
				7A10188A1D193F7C00A57192 /* BadgeAnimation.swift in Sources */,
				7AFF62E01D1968BC00EB2866 /* HeaderProfileTableViewCell.swift in Sources */,
				7AFF63B71D19ABEA00EB2866 /* Report+CoreDataProperties.swift in Sources */,
				7A59707D1D18C6FC00BAF6C9 /* NewReportViewController.swift in Sources */,
				7ACA5C631D19235600728030 /* FeedTableViewController.swift in Sources */,
				7AC654531D18B7AA00D456B0 /* GenericTabBarViewController.swift in Sources */,
				7AFF62D91D1947BA00EB2866 /* ProfileViewController.swift in Sources */,
				7ACA5C651D19244300728030 /* ReportTableViewCell.swift in Sources */,
				7AFF62E21D1968D800EB2866 /* BadgesTableViewCell.swift in Sources */,
				7AC6544F1D18B69900D456B0 /* MapViewModel.swift in Sources */,
				7AFF62DE1D19684C00EB2866 /* FriendTableViewCell.swift in Sources */,
			);
			runOnlyForDeploymentPostprocessing = 0;
		};
		7AC6542C1D188F7700D456B0 /* Sources */ = {
			isa = PBXSourcesBuildPhase;
			buildActionMask = 2147483647;
			files = (
				7AC654351D188F7700D456B0 /* BetaLabsTests.swift in Sources */,
			);
			runOnlyForDeploymentPostprocessing = 0;
		};
/* End PBXSourcesBuildPhase section */

/* Begin PBXTargetDependency section */
		7AC654321D188F7700D456B0 /* PBXTargetDependency */ = {
			isa = PBXTargetDependency;
			target = 7AC654181D188F7700D456B0 /* BetaLabs */;
			targetProxy = 7AC654311D188F7700D456B0 /* PBXContainerItemProxy */;
		};
/* End PBXTargetDependency section */

/* Begin PBXVariantGroup section */
		7AC654201D188F7700D456B0 /* Main.storyboard */ = {
			isa = PBXVariantGroup;
			children = (
				7AC654211D188F7700D456B0 /* Base */,
			);
			name = Main.storyboard;
			sourceTree = "<group>";
		};
		7AC654281D188F7700D456B0 /* LaunchScreen.storyboard */ = {
			isa = PBXVariantGroup;
			children = (
				7AC654291D188F7700D456B0 /* Base */,
			);
			name = LaunchScreen.storyboard;
			sourceTree = "<group>";
		};
/* End PBXVariantGroup section */

/* Begin XCBuildConfiguration section */
		7AC654371D188F7700D456B0 /* Debug */ = {
			isa = XCBuildConfiguration;
			buildSettings = {
				ALWAYS_SEARCH_USER_PATHS = NO;
				CLANG_ANALYZER_NONNULL = YES;
				CLANG_CXX_LANGUAGE_STANDARD = "gnu++0x";
				CLANG_CXX_LIBRARY = "libc++";
				CLANG_ENABLE_MODULES = YES;
				CLANG_ENABLE_OBJC_ARC = YES;
				CLANG_WARN_BOOL_CONVERSION = YES;
				CLANG_WARN_CONSTANT_CONVERSION = YES;
				CLANG_WARN_DIRECT_OBJC_ISA_USAGE = YES_ERROR;
				CLANG_WARN_EMPTY_BODY = YES;
				CLANG_WARN_ENUM_CONVERSION = YES;
				CLANG_WARN_INT_CONVERSION = YES;
				CLANG_WARN_OBJC_ROOT_CLASS = YES_ERROR;
				CLANG_WARN_UNREACHABLE_CODE = YES;
				CLANG_WARN__DUPLICATE_METHOD_MATCH = YES;
				"CODE_SIGN_IDENTITY[sdk=iphoneos*]" = "iPhone Developer";
				COPY_PHASE_STRIP = NO;
				DEBUG_INFORMATION_FORMAT = dwarf;
				ENABLE_STRICT_OBJC_MSGSEND = YES;
				ENABLE_TESTABILITY = YES;
				GCC_C_LANGUAGE_STANDARD = gnu99;
				GCC_DYNAMIC_NO_PIC = NO;
				GCC_NO_COMMON_BLOCKS = YES;
				GCC_OPTIMIZATION_LEVEL = 0;
				GCC_PREPROCESSOR_DEFINITIONS = (
					"DEBUG=1",
					"$(inherited)",
				);
				GCC_WARN_64_TO_32_BIT_CONVERSION = YES;
				GCC_WARN_ABOUT_RETURN_TYPE = YES_ERROR;
				GCC_WARN_UNDECLARED_SELECTOR = YES;
				GCC_WARN_UNINITIALIZED_AUTOS = YES_AGGRESSIVE;
				GCC_WARN_UNUSED_FUNCTION = YES;
				GCC_WARN_UNUSED_VARIABLE = YES;
				IPHONEOS_DEPLOYMENT_TARGET = 9.3;
				MTL_ENABLE_DEBUG_INFO = YES;
				ONLY_ACTIVE_ARCH = YES;
				SDKROOT = iphoneos;
				SWIFT_OPTIMIZATION_LEVEL = "-Onone";
			};
			name = Debug;
		};
		7AC654381D188F7700D456B0 /* Release */ = {
			isa = XCBuildConfiguration;
			buildSettings = {
				ALWAYS_SEARCH_USER_PATHS = NO;
				CLANG_ANALYZER_NONNULL = YES;
				CLANG_CXX_LANGUAGE_STANDARD = "gnu++0x";
				CLANG_CXX_LIBRARY = "libc++";
				CLANG_ENABLE_MODULES = YES;
				CLANG_ENABLE_OBJC_ARC = YES;
				CLANG_WARN_BOOL_CONVERSION = YES;
				CLANG_WARN_CONSTANT_CONVERSION = YES;
				CLANG_WARN_DIRECT_OBJC_ISA_USAGE = YES_ERROR;
				CLANG_WARN_EMPTY_BODY = YES;
				CLANG_WARN_ENUM_CONVERSION = YES;
				CLANG_WARN_INT_CONVERSION = YES;
				CLANG_WARN_OBJC_ROOT_CLASS = YES_ERROR;
				CLANG_WARN_UNREACHABLE_CODE = YES;
				CLANG_WARN__DUPLICATE_METHOD_MATCH = YES;
				"CODE_SIGN_IDENTITY[sdk=iphoneos*]" = "iPhone Developer";
				COPY_PHASE_STRIP = NO;
				DEBUG_INFORMATION_FORMAT = "dwarf-with-dsym";
				ENABLE_NS_ASSERTIONS = NO;
				ENABLE_STRICT_OBJC_MSGSEND = YES;
				GCC_C_LANGUAGE_STANDARD = gnu99;
				GCC_NO_COMMON_BLOCKS = YES;
				GCC_WARN_64_TO_32_BIT_CONVERSION = YES;
				GCC_WARN_ABOUT_RETURN_TYPE = YES_ERROR;
				GCC_WARN_UNDECLARED_SELECTOR = YES;
				GCC_WARN_UNINITIALIZED_AUTOS = YES_AGGRESSIVE;
				GCC_WARN_UNUSED_FUNCTION = YES;
				GCC_WARN_UNUSED_VARIABLE = YES;
				IPHONEOS_DEPLOYMENT_TARGET = 9.3;
				MTL_ENABLE_DEBUG_INFO = NO;
				SDKROOT = iphoneos;
				VALIDATE_PRODUCT = YES;
			};
			name = Release;
		};
		7AC6543A1D188F7700D456B0 /* Debug */ = {
			isa = XCBuildConfiguration;
			baseConfigurationReference = 0EC6F220BF3CC3864EE9F7D8 /* Pods-BetaLabs.debug.xcconfig */;
			buildSettings = {
				ASSETCATALOG_COMPILER_APPICON_NAME = AppIcon;
				INFOPLIST_FILE = BetaLabs/Info.plist;
				LD_RUNPATH_SEARCH_PATHS = "$(inherited) @executable_path/Frameworks";
				PRODUCT_BUNDLE_IDENTIFIER = mx.betalabs.report;
				PRODUCT_NAME = "$(TARGET_NAME)";
			};
			name = Debug;
		};
		7AC6543B1D188F7700D456B0 /* Release */ = {
			isa = XCBuildConfiguration;
			baseConfigurationReference = E851616D66061B5A02A31EF6 /* Pods-BetaLabs.release.xcconfig */;
			buildSettings = {
				ASSETCATALOG_COMPILER_APPICON_NAME = AppIcon;
				INFOPLIST_FILE = BetaLabs/Info.plist;
				LD_RUNPATH_SEARCH_PATHS = "$(inherited) @executable_path/Frameworks";
				PRODUCT_BUNDLE_IDENTIFIER = mx.betalabs.report;
				PRODUCT_NAME = "$(TARGET_NAME)";
			};
			name = Release;
		};
		7AC6543D1D188F7700D456B0 /* Debug */ = {
			isa = XCBuildConfiguration;
			buildSettings = {
				BUNDLE_LOADER = "$(TEST_HOST)";
				INFOPLIST_FILE = BetaLabsTests/Info.plist;
				LD_RUNPATH_SEARCH_PATHS = "$(inherited) @executable_path/Frameworks @loader_path/Frameworks";
				PRODUCT_BUNDLE_IDENTIFIER = mx.betalabs.report.BetaLabsTests;
				PRODUCT_NAME = "$(TARGET_NAME)";
				TEST_HOST = "$(BUILT_PRODUCTS_DIR)/BetaLabs.app/BetaLabs";
			};
			name = Debug;
		};
		7AC6543E1D188F7700D456B0 /* Release */ = {
			isa = XCBuildConfiguration;
			buildSettings = {
				BUNDLE_LOADER = "$(TEST_HOST)";
				INFOPLIST_FILE = BetaLabsTests/Info.plist;
				LD_RUNPATH_SEARCH_PATHS = "$(inherited) @executable_path/Frameworks @loader_path/Frameworks";
				PRODUCT_BUNDLE_IDENTIFIER = mx.betalabs.report.BetaLabsTests;
				PRODUCT_NAME = "$(TARGET_NAME)";
				TEST_HOST = "$(BUILT_PRODUCTS_DIR)/BetaLabs.app/BetaLabs";
			};
			name = Release;
		};
/* End XCBuildConfiguration section */

/* Begin XCConfigurationList section */
		7AC654141D188F7700D456B0 /* Build configuration list for PBXProject "BetaLabs" */ = {
			isa = XCConfigurationList;
			buildConfigurations = (
				7AC654371D188F7700D456B0 /* Debug */,
				7AC654381D188F7700D456B0 /* Release */,
			);
			defaultConfigurationIsVisible = 0;
			defaultConfigurationName = Release;
		};
		7AC654391D188F7700D456B0 /* Build configuration list for PBXNativeTarget "BetaLabs" */ = {
			isa = XCConfigurationList;
			buildConfigurations = (
				7AC6543A1D188F7700D456B0 /* Debug */,
				7AC6543B1D188F7700D456B0 /* Release */,
			);
			defaultConfigurationIsVisible = 0;
			defaultConfigurationName = Release;
		};
		7AC6543C1D188F7700D456B0 /* Build configuration list for PBXNativeTarget "BetaLabsTests" */ = {
			isa = XCConfigurationList;
			buildConfigurations = (
				7AC6543D1D188F7700D456B0 /* Debug */,
				7AC6543E1D188F7700D456B0 /* Release */,
			);
			defaultConfigurationIsVisible = 0;
			defaultConfigurationName = Release;
		};
/* End XCConfigurationList section */

/* Begin XCVersionGroup section */
		7AC654231D188F7700D456B0 /* BetaLabs.xcdatamodeld */ = {
			isa = XCVersionGroup;
			children = (
				7AC654241D188F7700D456B0 /* BetaLabs.xcdatamodel */,
			);
			currentVersion = 7AC654241D188F7700D456B0 /* BetaLabs.xcdatamodel */;
			path = BetaLabs.xcdatamodeld;
			sourceTree = "<group>";
			versionGroupType = wrapper.xcdatamodel;
		};
/* End XCVersionGroup section */
	};
	rootObject = 7AC654111D188F7700D456B0 /* Project object */;
}
