// !$*UTF8*$!
{
	archiveVersion = 1;
	classes = {
	};
	objectVersion = 46;
	objects = {

/* Begin PBXBuildFile section */
		04445DA16D90722482DC2A17 /* Pods_BetaLabs.framework in Frameworks */ = {isa = PBXBuildFile; fileRef = 312DEE567A2F75948D0951F6 /* Pods_BetaLabs.framework */; };
		7A1018231D193ECF00A57192 /* primer insignia_00015.png in Resources */ = {isa = PBXBuildFile; fileRef = 7A1017AE1D193ECF00A57192 /* primer insignia_00015.png */; };
		7A1018241D193ECF00A57192 /* primer insignia_00016.png in Resources */ = {isa = PBXBuildFile; fileRef = 7A1017AF1D193ECF00A57192 /* primer insignia_00016.png */; };
		7A1018251D193ECF00A57192 /* primer insignia_00017.png in Resources */ = {isa = PBXBuildFile; fileRef = 7A1017B01D193ECF00A57192 /* primer insignia_00017.png */; };
		7A1018261D193ECF00A57192 /* primer insignia_00018.png in Resources */ = {isa = PBXBuildFile; fileRef = 7A1017B11D193ECF00A57192 /* primer insignia_00018.png */; };
		7A1018271D193ECF00A57192 /* primer insignia_00019.png in Resources */ = {isa = PBXBuildFile; fileRef = 7A1017B21D193ECF00A57192 /* primer insignia_00019.png */; };
		7A1018281D193ECF00A57192 /* primer insignia_00020.png in Resources */ = {isa = PBXBuildFile; fileRef = 7A1017B31D193ECF00A57192 /* primer insignia_00020.png */; };
		7A1018291D193ECF00A57192 /* primer insignia_00021.png in Resources */ = {isa = PBXBuildFile; fileRef = 7A1017B41D193ECF00A57192 /* primer insignia_00021.png */; };
		7A10182A1D193ECF00A57192 /* primer insignia_00022.png in Resources */ = {isa = PBXBuildFile; fileRef = 7A1017B51D193ECF00A57192 /* primer insignia_00022.png */; };
		7A10182B1D193ECF00A57192 /* primer insignia_00023.png in Resources */ = {isa = PBXBuildFile; fileRef = 7A1017B61D193ECF00A57192 /* primer insignia_00023.png */; };
		7A10182C1D193ECF00A57192 /* primer insignia_00024.png in Resources */ = {isa = PBXBuildFile; fileRef = 7A1017B71D193ECF00A57192 /* primer insignia_00024.png */; };
		7A10182D1D193ECF00A57192 /* primer insignia_00025.png in Resources */ = {isa = PBXBuildFile; fileRef = 7A1017B81D193ECF00A57192 /* primer insignia_00025.png */; };
		7A10182E1D193ECF00A57192 /* primer insignia_00026.png in Resources */ = {isa = PBXBuildFile; fileRef = 7A1017B91D193ECF00A57192 /* primer insignia_00026.png */; };
		7A10182F1D193ECF00A57192 /* primer insignia_00027.png in Resources */ = {isa = PBXBuildFile; fileRef = 7A1017BA1D193ECF00A57192 /* primer insignia_00027.png */; };
		7A1018301D193ECF00A57192 /* primer insignia_00028.png in Resources */ = {isa = PBXBuildFile; fileRef = 7A1017BB1D193ECF00A57192 /* primer insignia_00028.png */; };
		7A1018311D193ECF00A57192 /* primer insignia_00029.png in Resources */ = {isa = PBXBuildFile; fileRef = 7A1017BC1D193ECF00A57192 /* primer insignia_00029.png */; };
		7A1018321D193ECF00A57192 /* primer insignia_00030.png in Resources */ = {isa = PBXBuildFile; fileRef = 7A1017BD1D193ECF00A57192 /* primer insignia_00030.png */; };
		7A1018331D193ECF00A57192 /* primer insignia_00031.png in Resources */ = {isa = PBXBuildFile; fileRef = 7A1017BE1D193ECF00A57192 /* primer insignia_00031.png */; };
		7A1018341D193ECF00A57192 /* primer insignia_00032.png in Resources */ = {isa = PBXBuildFile; fileRef = 7A1017BF1D193ECF00A57192 /* primer insignia_00032.png */; };
		7A1018351D193ECF00A57192 /* primer insignia_00033.png in Resources */ = {isa = PBXBuildFile; fileRef = 7A1017C01D193ECF00A57192 /* primer insignia_00033.png */; };
		7A1018361D193ECF00A57192 /* primer insignia_00034.png in Resources */ = {isa = PBXBuildFile; fileRef = 7A1017C11D193ECF00A57192 /* primer insignia_00034.png */; };
		7A1018371D193ECF00A57192 /* primer insignia_00035.png in Resources */ = {isa = PBXBuildFile; fileRef = 7A1017C21D193ECF00A57192 /* primer insignia_00035.png */; };
		7A1018381D193ECF00A57192 /* primer insignia_00036.png in Resources */ = {isa = PBXBuildFile; fileRef = 7A1017C31D193ECF00A57192 /* primer insignia_00036.png */; };
		7A1018391D193ECF00A57192 /* primer insignia_00037.png in Resources */ = {isa = PBXBuildFile; fileRef = 7A1017C41D193ECF00A57192 /* primer insignia_00037.png */; };
		7A10183A1D193ECF00A57192 /* primer insignia_00038.png in Resources */ = {isa = PBXBuildFile; fileRef = 7A1017C51D193ECF00A57192 /* primer insignia_00038.png */; };
		7A10183B1D193ECF00A57192 /* primer insignia_00039.png in Resources */ = {isa = PBXBuildFile; fileRef = 7A1017C61D193ECF00A57192 /* primer insignia_00039.png */; };
		7A10183C1D193ECF00A57192 /* primer insignia_00040.png in Resources */ = {isa = PBXBuildFile; fileRef = 7A1017C71D193ECF00A57192 /* primer insignia_00040.png */; };
		7A10183D1D193ECF00A57192 /* primer insignia_00041.png in Resources */ = {isa = PBXBuildFile; fileRef = 7A1017C81D193ECF00A57192 /* primer insignia_00041.png */; };
		7A10183E1D193ECF00A57192 /* primer insignia_00042.png in Resources */ = {isa = PBXBuildFile; fileRef = 7A1017C91D193ECF00A57192 /* primer insignia_00042.png */; };
		7A10183F1D193ECF00A57192 /* primer insignia_00043.png in Resources */ = {isa = PBXBuildFile; fileRef = 7A1017CA1D193ECF00A57192 /* primer insignia_00043.png */; };
		7A1018401D193ECF00A57192 /* primer insignia_00044.png in Resources */ = {isa = PBXBuildFile; fileRef = 7A1017CB1D193ECF00A57192 /* primer insignia_00044.png */; };
		7A1018411D193ECF00A57192 /* primer insignia_00045.png in Resources */ = {isa = PBXBuildFile; fileRef = 7A1017CC1D193ECF00A57192 /* primer insignia_00045.png */; };
		7A1018421D193ECF00A57192 /* primer insignia_00046.png in Resources */ = {isa = PBXBuildFile; fileRef = 7A1017CD1D193ECF00A57192 /* primer insignia_00046.png */; };
		7A1018431D193ECF00A57192 /* primer insignia_00047.png in Resources */ = {isa = PBXBuildFile; fileRef = 7A1017CE1D193ECF00A57192 /* primer insignia_00047.png */; };
		7A1018441D193ECF00A57192 /* primer insignia_00048.png in Resources */ = {isa = PBXBuildFile; fileRef = 7A1017CF1D193ECF00A57192 /* primer insignia_00048.png */; };
		7A1018451D193ECF00A57192 /* primer insignia_00049.png in Resources */ = {isa = PBXBuildFile; fileRef = 7A1017D01D193ECF00A57192 /* primer insignia_00049.png */; };
		7A1018461D193ECF00A57192 /* primer insignia_00050.png in Resources */ = {isa = PBXBuildFile; fileRef = 7A1017D11D193ECF00A57192 /* primer insignia_00050.png */; };
		7A1018471D193ECF00A57192 /* primer insignia_00051.png in Resources */ = {isa = PBXBuildFile; fileRef = 7A1017D21D193ECF00A57192 /* primer insignia_00051.png */; };
		7A1018481D193ECF00A57192 /* primer insignia_00052.png in Resources */ = {isa = PBXBuildFile; fileRef = 7A1017D31D193ECF00A57192 /* primer insignia_00052.png */; };
		7A1018491D193ECF00A57192 /* primer insignia_00053.png in Resources */ = {isa = PBXBuildFile; fileRef = 7A1017D41D193ECF00A57192 /* primer insignia_00053.png */; };
		7A10184A1D193ECF00A57192 /* primer insignia_00054.png in Resources */ = {isa = PBXBuildFile; fileRef = 7A1017D51D193ECF00A57192 /* primer insignia_00054.png */; };
		7A10184B1D193ECF00A57192 /* primer insignia_00055.png in Resources */ = {isa = PBXBuildFile; fileRef = 7A1017D61D193ECF00A57192 /* primer insignia_00055.png */; };
		7A10184C1D193ECF00A57192 /* primer insignia_00056.png in Resources */ = {isa = PBXBuildFile; fileRef = 7A1017D71D193ECF00A57192 /* primer insignia_00056.png */; };
		7A10184D1D193ECF00A57192 /* primer insignia_00057.png in Resources */ = {isa = PBXBuildFile; fileRef = 7A1017D81D193ECF00A57192 /* primer insignia_00057.png */; };
		7A10184E1D193ECF00A57192 /* primer insignia_00058.png in Resources */ = {isa = PBXBuildFile; fileRef = 7A1017D91D193ECF00A57192 /* primer insignia_00058.png */; };
		7A10184F1D193ECF00A57192 /* primer insignia_00059.png in Resources */ = {isa = PBXBuildFile; fileRef = 7A1017DA1D193ECF00A57192 /* primer insignia_00059.png */; };
		7A1018501D193ECF00A57192 /* primer insignia_00060.png in Resources */ = {isa = PBXBuildFile; fileRef = 7A1017DB1D193ECF00A57192 /* primer insignia_00060.png */; };
		7A1018511D193ECF00A57192 /* primer insignia_00061.png in Resources */ = {isa = PBXBuildFile; fileRef = 7A1017DC1D193ECF00A57192 /* primer insignia_00061.png */; };
		7A1018521D193ECF00A57192 /* primer insignia_00062.png in Resources */ = {isa = PBXBuildFile; fileRef = 7A1017DD1D193ECF00A57192 /* primer insignia_00062.png */; };
		7A1018531D193ECF00A57192 /* primer insignia_00063.png in Resources */ = {isa = PBXBuildFile; fileRef = 7A1017DE1D193ECF00A57192 /* primer insignia_00063.png */; };
		7A1018541D193ECF00A57192 /* primer insignia_00064.png in Resources */ = {isa = PBXBuildFile; fileRef = 7A1017DF1D193ECF00A57192 /* primer insignia_00064.png */; };
		7A1018551D193ECF00A57192 /* primer insignia_00065.png in Resources */ = {isa = PBXBuildFile; fileRef = 7A1017E01D193ECF00A57192 /* primer insignia_00065.png */; };
		7A1018561D193ECF00A57192 /* primer insignia_00066.png in Resources */ = {isa = PBXBuildFile; fileRef = 7A1017E11D193ECF00A57192 /* primer insignia_00066.png */; };
		7A1018571D193ECF00A57192 /* primer insignia_00067.png in Resources */ = {isa = PBXBuildFile; fileRef = 7A1017E21D193ECF00A57192 /* primer insignia_00067.png */; };
		7A1018581D193ECF00A57192 /* primer insignia_00068.png in Resources */ = {isa = PBXBuildFile; fileRef = 7A1017E31D193ECF00A57192 /* primer insignia_00068.png */; };
		7A1018591D193ECF00A57192 /* primer insignia_00069.png in Resources */ = {isa = PBXBuildFile; fileRef = 7A1017E41D193ECF00A57192 /* primer insignia_00069.png */; };
		7A10185A1D193ECF00A57192 /* primer insignia_00070.png in Resources */ = {isa = PBXBuildFile; fileRef = 7A1017E51D193ECF00A57192 /* primer insignia_00070.png */; };
		7A10185B1D193ECF00A57192 /* primer insignia_00071.png in Resources */ = {isa = PBXBuildFile; fileRef = 7A1017E61D193ECF00A57192 /* primer insignia_00071.png */; };
		7A10185C1D193ECF00A57192 /* primer insignia_00072.png in Resources */ = {isa = PBXBuildFile; fileRef = 7A1017E71D193ECF00A57192 /* primer insignia_00072.png */; };
		7A10185D1D193ECF00A57192 /* primer insignia_00073.png in Resources */ = {isa = PBXBuildFile; fileRef = 7A1017E81D193ECF00A57192 /* primer insignia_00073.png */; };
		7A10185E1D193ECF00A57192 /* primer insignia_00074.png in Resources */ = {isa = PBXBuildFile; fileRef = 7A1017E91D193ECF00A57192 /* primer insignia_00074.png */; };
		7A10185F1D193ECF00A57192 /* primer insignia_00075.png in Resources */ = {isa = PBXBuildFile; fileRef = 7A1017EA1D193ECF00A57192 /* primer insignia_00075.png */; };
		7A1018601D193ECF00A57192 /* primer insignia_00076.png in Resources */ = {isa = PBXBuildFile; fileRef = 7A1017EB1D193ECF00A57192 /* primer insignia_00076.png */; };
		7A1018611D193ECF00A57192 /* primer insignia_00077.png in Resources */ = {isa = PBXBuildFile; fileRef = 7A1017EC1D193ECF00A57192 /* primer insignia_00077.png */; };
		7A1018621D193ECF00A57192 /* primer insignia_00078.png in Resources */ = {isa = PBXBuildFile; fileRef = 7A1017ED1D193ECF00A57192 /* primer insignia_00078.png */; };
		7A1018631D193ECF00A57192 /* primer insignia_00079.png in Resources */ = {isa = PBXBuildFile; fileRef = 7A1017EE1D193ECF00A57192 /* primer insignia_00079.png */; };
		7A1018641D193ECF00A57192 /* primer insignia_00080.png in Resources */ = {isa = PBXBuildFile; fileRef = 7A1017EF1D193ECF00A57192 /* primer insignia_00080.png */; };
		7A1018651D193ECF00A57192 /* primer insignia_00081.png in Resources */ = {isa = PBXBuildFile; fileRef = 7A1017F01D193ECF00A57192 /* primer insignia_00081.png */; };
		7A1018661D193ECF00A57192 /* primer insignia_00082.png in Resources */ = {isa = PBXBuildFile; fileRef = 7A1017F11D193ECF00A57192 /* primer insignia_00082.png */; };
		7A1018671D193ECF00A57192 /* primer insignia_00083.png in Resources */ = {isa = PBXBuildFile; fileRef = 7A1017F21D193ECF00A57192 /* primer insignia_00083.png */; };
		7A1018681D193ECF00A57192 /* primer insignia_00084.png in Resources */ = {isa = PBXBuildFile; fileRef = 7A1017F31D193ECF00A57192 /* primer insignia_00084.png */; };
		7A1018691D193ECF00A57192 /* primer insignia_00085.png in Resources */ = {isa = PBXBuildFile; fileRef = 7A1017F41D193ECF00A57192 /* primer insignia_00085.png */; };
		7A10186A1D193ECF00A57192 /* primer insignia_00086.png in Resources */ = {isa = PBXBuildFile; fileRef = 7A1017F51D193ECF00A57192 /* primer insignia_00086.png */; };
		7A10186B1D193ECF00A57192 /* primer insignia_00087.png in Resources */ = {isa = PBXBuildFile; fileRef = 7A1017F61D193ECF00A57192 /* primer insignia_00087.png */; };
		7A10186C1D193ECF00A57192 /* primer insignia_00088.png in Resources */ = {isa = PBXBuildFile; fileRef = 7A1017F71D193ECF00A57192 /* primer insignia_00088.png */; };
		7A10186D1D193ECF00A57192 /* primer insignia_00089.png in Resources */ = {isa = PBXBuildFile; fileRef = 7A1017F81D193ECF00A57192 /* primer insignia_00089.png */; };
		7A10186E1D193ECF00A57192 /* primer insignia_00090.png in Resources */ = {isa = PBXBuildFile; fileRef = 7A1017F91D193ECF00A57192 /* primer insignia_00090.png */; };
		7A10186F1D193ECF00A57192 /* primer insignia_00091.png in Resources */ = {isa = PBXBuildFile; fileRef = 7A1017FA1D193ECF00A57192 /* primer insignia_00091.png */; };
		7A1018701D193ECF00A57192 /* primer insignia_00092.png in Resources */ = {isa = PBXBuildFile; fileRef = 7A1017FB1D193ECF00A57192 /* primer insignia_00092.png */; };
		7A1018711D193ECF00A57192 /* primer insignia_00093.png in Resources */ = {isa = PBXBuildFile; fileRef = 7A1017FC1D193ECF00A57192 /* primer insignia_00093.png */; };
		7A1018721D193ECF00A57192 /* primer insignia_00094.png in Resources */ = {isa = PBXBuildFile; fileRef = 7A1017FD1D193ECF00A57192 /* primer insignia_00094.png */; };
		7A1018731D193ECF00A57192 /* primer insignia_00095.png in Resources */ = {isa = PBXBuildFile; fileRef = 7A1017FE1D193ECF00A57192 /* primer insignia_00095.png */; };
		7A1018741D193ECF00A57192 /* primer insignia_00096.png in Resources */ = {isa = PBXBuildFile; fileRef = 7A1017FF1D193ECF00A57192 /* primer insignia_00096.png */; };
		7A1018751D193ECF00A57192 /* primer insignia_00097.png in Resources */ = {isa = PBXBuildFile; fileRef = 7A1018001D193ECF00A57192 /* primer insignia_00097.png */; };
		7A1018761D193ECF00A57192 /* primer insignia_00098.png in Resources */ = {isa = PBXBuildFile; fileRef = 7A1018011D193ECF00A57192 /* primer insignia_00098.png */; };
		7A1018771D193ECF00A57192 /* primer insignia_00099.png in Resources */ = {isa = PBXBuildFile; fileRef = 7A1018021D193ECF00A57192 /* primer insignia_00099.png */; };
		7A1018781D193ECF00A57192 /* primer insignia_00100.png in Resources */ = {isa = PBXBuildFile; fileRef = 7A1018031D193ECF00A57192 /* primer insignia_00100.png */; };
		7A1018791D193ECF00A57192 /* primer insignia_00101.png in Resources */ = {isa = PBXBuildFile; fileRef = 7A1018041D193ECF00A57192 /* primer insignia_00101.png */; };
		7A10187A1D193ECF00A57192 /* primer insignia_00102.png in Resources */ = {isa = PBXBuildFile; fileRef = 7A1018051D193ECF00A57192 /* primer insignia_00102.png */; };
		7A10187B1D193ECF00A57192 /* primer insignia_00103.png in Resources */ = {isa = PBXBuildFile; fileRef = 7A1018061D193ECF00A57192 /* primer insignia_00103.png */; };
		7A10187C1D193ECF00A57192 /* primer insignia_00104.png in Resources */ = {isa = PBXBuildFile; fileRef = 7A1018071D193ECF00A57192 /* primer insignia_00104.png */; };
		7A10187D1D193ECF00A57192 /* primer insignia_00105.png in Resources */ = {isa = PBXBuildFile; fileRef = 7A1018081D193ECF00A57192 /* primer insignia_00105.png */; };
		7A10187E1D193ECF00A57192 /* primer insignia_00106.png in Resources */ = {isa = PBXBuildFile; fileRef = 7A1018091D193ECF00A57192 /* primer insignia_00106.png */; };
		7A10187F1D193ECF00A57192 /* primer insignia_00107.png in Resources */ = {isa = PBXBuildFile; fileRef = 7A10180A1D193ECF00A57192 /* primer insignia_00107.png */; };
		7A1018801D193ECF00A57192 /* primer insignia_00108.png in Resources */ = {isa = PBXBuildFile; fileRef = 7A10180B1D193ECF00A57192 /* primer insignia_00108.png */; };
		7A1018811D193ECF00A57192 /* primer insignia_00109.png in Resources */ = {isa = PBXBuildFile; fileRef = 7A10180C1D193ECF00A57192 /* primer insignia_00109.png */; };
		7A1018821D193ECF00A57192 /* primer insignia_00110.png in Resources */ = {isa = PBXBuildFile; fileRef = 7A10180D1D193ECF00A57192 /* primer insignia_00110.png */; };
		7A1018831D193ECF00A57192 /* primer insignia_00111.png in Resources */ = {isa = PBXBuildFile; fileRef = 7A10180E1D193ECF00A57192 /* primer insignia_00111.png */; };
		7A1018841D193ECF00A57192 /* primer insignia_00112.png in Resources */ = {isa = PBXBuildFile; fileRef = 7A10180F1D193ECF00A57192 /* primer insignia_00112.png */; };
		7A1018851D193ECF00A57192 /* primer insignia_00113.png in Resources */ = {isa = PBXBuildFile; fileRef = 7A1018101D193ECF00A57192 /* primer insignia_00113.png */; };
		7A1018861D193ECF00A57192 /* primer insignia_00114.png in Resources */ = {isa = PBXBuildFile; fileRef = 7A1018111D193ECF00A57192 /* primer insignia_00114.png */; };
		7A1018871D193ECF00A57192 /* primer insignia_00115.png in Resources */ = {isa = PBXBuildFile; fileRef = 7A1018121D193ECF00A57192 /* primer insignia_00115.png */; };
		7A1018881D193ECF00A57192 /* primer insignia_00116.png in Resources */ = {isa = PBXBuildFile; fileRef = 7A1018131D193ECF00A57192 /* primer insignia_00116.png */; };
		7A10188A1D193F7C00A57192 /* BadgeAnimation.swift in Sources */ = {isa = PBXBuildFile; fileRef = 7A1018891D193F7C00A57192 /* BadgeAnimation.swift */; };
		7A551BB31D19352600B95E26 /* camera_icon.png in Resources */ = {isa = PBXBuildFile; fileRef = 7A551BB01D19352600B95E26 /* camera_icon.png */; };
		7A551BB41D19352600B95E26 /* camera_icon@2x.png in Resources */ = {isa = PBXBuildFile; fileRef = 7A551BB11D19352600B95E26 /* camera_icon@2x.png */; };
		7A551BB51D19352600B95E26 /* camera_icon@3x.png in Resources */ = {isa = PBXBuildFile; fileRef = 7A551BB21D19352600B95E26 /* camera_icon@3x.png */; };
		7A551BB91D193C4300B95E26 /* pin_placeholder.png in Resources */ = {isa = PBXBuildFile; fileRef = 7A551BB61D193C4300B95E26 /* pin_placeholder.png */; };
		7A551BBA1D193C4300B95E26 /* pin_placeholder@2x.png in Resources */ = {isa = PBXBuildFile; fileRef = 7A551BB71D193C4300B95E26 /* pin_placeholder@2x.png */; };
		7A551BBB1D193C4300B95E26 /* pin_placeholder@3x.png in Resources */ = {isa = PBXBuildFile; fileRef = 7A551BB81D193C4300B95E26 /* pin_placeholder@3x.png */; };
		7A59707D1D18C6FC00BAF6C9 /* NewReportViewController.swift in Sources */ = {isa = PBXBuildFile; fileRef = 7A59707C1D18C6FC00BAF6C9 /* NewReportViewController.swift */; };
		7AC6541D1D188F7700D456B0 /* AppDelegate.swift in Sources */ = {isa = PBXBuildFile; fileRef = 7AC6541C1D188F7700D456B0 /* AppDelegate.swift */; };
		7AC654221D188F7700D456B0 /* Main.storyboard in Resources */ = {isa = PBXBuildFile; fileRef = 7AC654201D188F7700D456B0 /* Main.storyboard */; };
		7AC654251D188F7700D456B0 /* BetaLabs.xcdatamodeld in Sources */ = {isa = PBXBuildFile; fileRef = 7AC654231D188F7700D456B0 /* BetaLabs.xcdatamodeld */; };
		7AC654271D188F7700D456B0 /* Assets.xcassets in Resources */ = {isa = PBXBuildFile; fileRef = 7AC654261D188F7700D456B0 /* Assets.xcassets */; };
		7AC6542A1D188F7700D456B0 /* LaunchScreen.storyboard in Resources */ = {isa = PBXBuildFile; fileRef = 7AC654281D188F7700D456B0 /* LaunchScreen.storyboard */; };
		7AC654351D188F7700D456B0 /* BetaLabsTests.swift in Sources */ = {isa = PBXBuildFile; fileRef = 7AC654341D188F7700D456B0 /* BetaLabsTests.swift */; };
		7AC654421D189FD200D456B0 /* MapViewController.swift in Sources */ = {isa = PBXBuildFile; fileRef = 7AC654411D189FD200D456B0 /* MapViewController.swift */; };
		7AC654491D18B08100D456B0 /* pin.png in Resources */ = {isa = PBXBuildFile; fileRef = 7AC654461D18B08100D456B0 /* pin.png */; };
		7AC6544A1D18B08100D456B0 /* pin@2x.png in Resources */ = {isa = PBXBuildFile; fileRef = 7AC654471D18B08100D456B0 /* pin@2x.png */; };
		7AC6544B1D18B08100D456B0 /* pin@3x.png in Resources */ = {isa = PBXBuildFile; fileRef = 7AC654481D18B08100D456B0 /* pin@3x.png */; };
		7AC6544D1D18B36000D456B0 /* GoogleService-Info.plist in Resources */ = {isa = PBXBuildFile; fileRef = 7AC6544C1D18B36000D456B0 /* GoogleService-Info.plist */; };
		7AC6544F1D18B69900D456B0 /* MapViewModel.swift in Sources */ = {isa = PBXBuildFile; fileRef = 7AC6544E1D18B69900D456B0 /* MapViewModel.swift */; };
		7AC654511D18B6C300D456B0 /* GenericNavigationViewController.swift in Sources */ = {isa = PBXBuildFile; fileRef = 7AC654501D18B6C300D456B0 /* GenericNavigationViewController.swift */; };
		7AC654531D18B7AA00D456B0 /* GenericTabBarViewController.swift in Sources */ = {isa = PBXBuildFile; fileRef = 7AC654521D18B7AA00D456B0 /* GenericTabBarViewController.swift */; };
		7AC654551D18B84B00D456B0 /* UploaderModel.swift in Sources */ = {isa = PBXBuildFile; fileRef = 7AC654541D18B84B00D456B0 /* UploaderModel.swift */; };
		7ACA5C541D18FE9000728030 /* profile.png in Resources */ = {isa = PBXBuildFile; fileRef = 7ACA5C4B1D18FE9000728030 /* profile.png */; };
		7ACA5C551D18FE9000728030 /* profile@2x.png in Resources */ = {isa = PBXBuildFile; fileRef = 7ACA5C4C1D18FE9000728030 /* profile@2x.png */; };
		7ACA5C561D18FE9000728030 /* profile@3x.png in Resources */ = {isa = PBXBuildFile; fileRef = 7ACA5C4D1D18FE9000728030 /* profile@3x.png */; };
		7ACA5C571D18FE9000728030 /* map.png in Resources */ = {isa = PBXBuildFile; fileRef = 7ACA5C4E1D18FE9000728030 /* map.png */; };
		7ACA5C581D18FE9000728030 /* map@2x.png in Resources */ = {isa = PBXBuildFile; fileRef = 7ACA5C4F1D18FE9000728030 /* map@2x.png */; };
		7ACA5C591D18FE9000728030 /* map@3x.png in Resources */ = {isa = PBXBuildFile; fileRef = 7ACA5C501D18FE9000728030 /* map@3x.png */; };
		7ACA5C5A1D18FE9000728030 /* feed.png in Resources */ = {isa = PBXBuildFile; fileRef = 7ACA5C511D18FE9000728030 /* feed.png */; };
		7ACA5C5B1D18FE9000728030 /* feed@2x.png in Resources */ = {isa = PBXBuildFile; fileRef = 7ACA5C521D18FE9000728030 /* feed@2x.png */; };
		7ACA5C5C1D18FE9000728030 /* feed@3x.png in Resources */ = {isa = PBXBuildFile; fileRef = 7ACA5C531D18FE9000728030 /* feed@3x.png */; };
		7ACA5C5F1D19069F00728030 /* DetailReport.swift in Sources */ = {isa = PBXBuildFile; fileRef = 7ACA5C5E1D19069F00728030 /* DetailReport.swift */; };
		7ACA5C631D19235600728030 /* FeedTableViewController.swift in Sources */ = {isa = PBXBuildFile; fileRef = 7ACA5C621D19235600728030 /* FeedTableViewController.swift */; };
		7ACA5C651D19244300728030 /* ReportTableViewCell.swift in Sources */ = {isa = PBXBuildFile; fileRef = 7ACA5C641D19244300728030 /* ReportTableViewCell.swift */; };
		7ACA5C6B1D19309900728030 /* login-mail-bg@3x.jpg in Resources */ = {isa = PBXBuildFile; fileRef = 7ACA5C661D19309900728030 /* login-mail-bg@3x.jpg */; };
		7ACA5C6C1D19309900728030 /* login-google@3x.jpg in Resources */ = {isa = PBXBuildFile; fileRef = 7ACA5C671D19309900728030 /* login-google@3x.jpg */; };
		7ACA5C6D1D19309900728030 /* login-facebook@3x.jpg in Resources */ = {isa = PBXBuildFile; fileRef = 7ACA5C681D19309900728030 /* login-facebook@3x.jpg */; };
		7ACA5C6E1D19309900728030 /* login-email@3x.jpg in Resources */ = {isa = PBXBuildFile; fileRef = 7ACA5C691D19309900728030 /* login-email@3x.jpg */; };
		7ACA5C6F1D19309900728030 /* bg-login@3x.png in Resources */ = {isa = PBXBuildFile; fileRef = 7ACA5C6A1D19309900728030 /* bg-login@3x.png */; };
		7AFF62D91D1947BA00EB2866 /* ProfileViewController.swift in Sources */ = {isa = PBXBuildFile; fileRef = 7AFF62D81D1947BA00EB2866 /* ProfileViewController.swift */; };
		7AFF62DC1D194E1E00EB2866 /* profile_bg.png in Resources */ = {isa = PBXBuildFile; fileRef = 7AFF62DB1D194E1E00EB2866 /* profile_bg.png */; };
/* End PBXBuildFile section */

/* Begin PBXContainerItemProxy section */
		7AC654311D188F7700D456B0 /* PBXContainerItemProxy */ = {
			isa = PBXContainerItemProxy;
			containerPortal = 7AC654111D188F7700D456B0 /* Project object */;
			proxyType = 1;
			remoteGlobalIDString = 7AC654181D188F7700D456B0;
			remoteInfo = BetaLabs;
		};
/* End PBXContainerItemProxy section */

/* Begin PBXFileReference section */
		0EC6F220BF3CC3864EE9F7D8 /* Pods-BetaLabs.debug.xcconfig */ = {isa = PBXFileReference; includeInIndex = 1; lastKnownFileType = text.xcconfig; name = "Pods-BetaLabs.debug.xcconfig"; path = "Pods/Target Support Files/Pods-BetaLabs/Pods-BetaLabs.debug.xcconfig"; sourceTree = "<group>"; };
		312DEE567A2F75948D0951F6 /* Pods_BetaLabs.framework */ = {isa = PBXFileReference; explicitFileType = wrapper.framework; includeInIndex = 0; path = Pods_BetaLabs.framework; sourceTree = BUILT_PRODUCTS_DIR; };
		7A1017AE1D193ECF00A57192 /* primer insignia_00015.png */ = {isa = PBXFileReference; lastKnownFileType = image.png; path = "primer insignia_00015.png"; sourceTree = "<group>"; };
		7A1017AF1D193ECF00A57192 /* primer insignia_00016.png */ = {isa = PBXFileReference; lastKnownFileType = image.png; path = "primer insignia_00016.png"; sourceTree = "<group>"; };
		7A1017B01D193ECF00A57192 /* primer insignia_00017.png */ = {isa = PBXFileReference; lastKnownFileType = image.png; path = "primer insignia_00017.png"; sourceTree = "<group>"; };
		7A1017B11D193ECF00A57192 /* primer insignia_00018.png */ = {isa = PBXFileReference; lastKnownFileType = image.png; path = "primer insignia_00018.png"; sourceTree = "<group>"; };
		7A1017B21D193ECF00A57192 /* primer insignia_00019.png */ = {isa = PBXFileReference; lastKnownFileType = image.png; path = "primer insignia_00019.png"; sourceTree = "<group>"; };
		7A1017B31D193ECF00A57192 /* primer insignia_00020.png */ = {isa = PBXFileReference; lastKnownFileType = image.png; path = "primer insignia_00020.png"; sourceTree = "<group>"; };
		7A1017B41D193ECF00A57192 /* primer insignia_00021.png */ = {isa = PBXFileReference; lastKnownFileType = image.png; path = "primer insignia_00021.png"; sourceTree = "<group>"; };
		7A1017B51D193ECF00A57192 /* primer insignia_00022.png */ = {isa = PBXFileReference; lastKnownFileType = image.png; path = "primer insignia_00022.png"; sourceTree = "<group>"; };
		7A1017B61D193ECF00A57192 /* primer insignia_00023.png */ = {isa = PBXFileReference; lastKnownFileType = image.png; path = "primer insignia_00023.png"; sourceTree = "<group>"; };
		7A1017B71D193ECF00A57192 /* primer insignia_00024.png */ = {isa = PBXFileReference; lastKnownFileType = image.png; path = "primer insignia_00024.png"; sourceTree = "<group>"; };
		7A1017B81D193ECF00A57192 /* primer insignia_00025.png */ = {isa = PBXFileReference; lastKnownFileType = image.png; path = "primer insignia_00025.png"; sourceTree = "<group>"; };
		7A1017B91D193ECF00A57192 /* primer insignia_00026.png */ = {isa = PBXFileReference; lastKnownFileType = image.png; path = "primer insignia_00026.png"; sourceTree = "<group>"; };
		7A1017BA1D193ECF00A57192 /* primer insignia_00027.png */ = {isa = PBXFileReference; lastKnownFileType = image.png; path = "primer insignia_00027.png"; sourceTree = "<group>"; };
		7A1017BB1D193ECF00A57192 /* primer insignia_00028.png */ = {isa = PBXFileReference; lastKnownFileType = image.png; path = "primer insignia_00028.png"; sourceTree = "<group>"; };
		7A1017BC1D193ECF00A57192 /* primer insignia_00029.png */ = {isa = PBXFileReference; lastKnownFileType = image.png; path = "primer insignia_00029.png"; sourceTree = "<group>"; };
		7A1017BD1D193ECF00A57192 /* primer insignia_00030.png */ = {isa = PBXFileReference; lastKnownFileType = image.png; path = "primer insignia_00030.png"; sourceTree = "<group>"; };
		7A1017BE1D193ECF00A57192 /* primer insignia_00031.png */ = {isa = PBXFileReference; lastKnownFileType = image.png; path = "primer insignia_00031.png"; sourceTree = "<group>"; };
		7A1017BF1D193ECF00A57192 /* primer insignia_00032.png */ = {isa = PBXFileReference; lastKnownFileType = image.png; path = "primer insignia_00032.png"; sourceTree = "<group>"; };
		7A1017C01D193ECF00A57192 /* primer insignia_00033.png */ = {isa = PBXFileReference; lastKnownFileType = image.png; path = "primer insignia_00033.png"; sourceTree = "<group>"; };
		7A1017C11D193ECF00A57192 /* primer insignia_00034.png */ = {isa = PBXFileReference; lastKnownFileType = image.png; path = "primer insignia_00034.png"; sourceTree = "<group>"; };
		7A1017C21D193ECF00A57192 /* primer insignia_00035.png */ = {isa = PBXFileReference; lastKnownFileType = image.png; path = "primer insignia_00035.png"; sourceTree = "<group>"; };
		7A1017C31D193ECF00A57192 /* primer insignia_00036.png */ = {isa = PBXFileReference; lastKnownFileType = image.png; path = "primer insignia_00036.png"; sourceTree = "<group>"; };
		7A1017C41D193ECF00A57192 /* primer insignia_00037.png */ = {isa = PBXFileReference; lastKnownFileType = image.png; path = "primer insignia_00037.png"; sourceTree = "<group>"; };
		7A1017C51D193ECF00A57192 /* primer insignia_00038.png */ = {isa = PBXFileReference; lastKnownFileType = image.png; path = "primer insignia_00038.png"; sourceTree = "<group>"; };
		7A1017C61D193ECF00A57192 /* primer insignia_00039.png */ = {isa = PBXFileReference; lastKnownFileType = image.png; path = "primer insignia_00039.png"; sourceTree = "<group>"; };
		7A1017C71D193ECF00A57192 /* primer insignia_00040.png */ = {isa = PBXFileReference; lastKnownFileType = image.png; path = "primer insignia_00040.png"; sourceTree = "<group>"; };
		7A1017C81D193ECF00A57192 /* primer insignia_00041.png */ = {isa = PBXFileReference; lastKnownFileType = image.png; path = "primer insignia_00041.png"; sourceTree = "<group>"; };
		7A1017C91D193ECF00A57192 /* primer insignia_00042.png */ = {isa = PBXFileReference; lastKnownFileType = image.png; path = "primer insignia_00042.png"; sourceTree = "<group>"; };
		7A1017CA1D193ECF00A57192 /* primer insignia_00043.png */ = {isa = PBXFileReference; lastKnownFileType = image.png; path = "primer insignia_00043.png"; sourceTree = "<group>"; };
		7A1017CB1D193ECF00A57192 /* primer insignia_00044.png */ = {isa = PBXFileReference; lastKnownFileType = image.png; path = "primer insignia_00044.png"; sourceTree = "<group>"; };
		7A1017CC1D193ECF00A57192 /* primer insignia_00045.png */ = {isa = PBXFileReference; lastKnownFileType = image.png; path = "primer insignia_00045.png"; sourceTree = "<group>"; };
		7A1017CD1D193ECF00A57192 /* primer insignia_00046.png */ = {isa = PBXFileReference; lastKnownFileType = image.png; path = "primer insignia_00046.png"; sourceTree = "<group>"; };
		7A1017CE1D193ECF00A57192 /* primer insignia_00047.png */ = {isa = PBXFileReference; lastKnownFileType = image.png; path = "primer insignia_00047.png"; sourceTree = "<group>"; };
		7A1017CF1D193ECF00A57192 /* primer insignia_00048.png */ = {isa = PBXFileReference; lastKnownFileType = image.png; path = "primer insignia_00048.png"; sourceTree = "<group>"; };
		7A1017D01D193ECF00A57192 /* primer insignia_00049.png */ = {isa = PBXFileReference; lastKnownFileType = image.png; path = "primer insignia_00049.png"; sourceTree = "<group>"; };
		7A1017D11D193ECF00A57192 /* primer insignia_00050.png */ = {isa = PBXFileReference; lastKnownFileType = image.png; path = "primer insignia_00050.png"; sourceTree = "<group>"; };
		7A1017D21D193ECF00A57192 /* primer insignia_00051.png */ = {isa = PBXFileReference; lastKnownFileType = image.png; path = "primer insignia_00051.png"; sourceTree = "<group>"; };
		7A1017D31D193ECF00A57192 /* primer insignia_00052.png */ = {isa = PBXFileReference; lastKnownFileType = image.png; path = "primer insignia_00052.png"; sourceTree = "<group>"; };
		7A1017D41D193ECF00A57192 /* primer insignia_00053.png */ = {isa = PBXFileReference; lastKnownFileType = image.png; path = "primer insignia_00053.png"; sourceTree = "<group>"; };
		7A1017D51D193ECF00A57192 /* primer insignia_00054.png */ = {isa = PBXFileReference; lastKnownFileType = image.png; path = "primer insignia_00054.png"; sourceTree = "<group>"; };
		7A1017D61D193ECF00A57192 /* primer insignia_00055.png */ = {isa = PBXFileReference; lastKnownFileType = image.png; path = "primer insignia_00055.png"; sourceTree = "<group>"; };
		7A1017D71D193ECF00A57192 /* primer insignia_00056.png */ = {isa = PBXFileReference; lastKnownFileType = image.png; path = "primer insignia_00056.png"; sourceTree = "<group>"; };
		7A1017D81D193ECF00A57192 /* primer insignia_00057.png */ = {isa = PBXFileReference; lastKnownFileType = image.png; path = "primer insignia_00057.png"; sourceTree = "<group>"; };
		7A1017D91D193ECF00A57192 /* primer insignia_00058.png */ = {isa = PBXFileReference; lastKnownFileType = image.png; path = "primer insignia_00058.png"; sourceTree = "<group>"; };
		7A1017DA1D193ECF00A57192 /* primer insignia_00059.png */ = {isa = PBXFileReference; lastKnownFileType = image.png; path = "primer insignia_00059.png"; sourceTree = "<group>"; };
		7A1017DB1D193ECF00A57192 /* primer insignia_00060.png */ = {isa = PBXFileReference; lastKnownFileType = image.png; path = "primer insignia_00060.png"; sourceTree = "<group>"; };
		7A1017DC1D193ECF00A57192 /* primer insignia_00061.png */ = {isa = PBXFileReference; lastKnownFileType = image.png; path = "primer insignia_00061.png"; sourceTree = "<group>"; };
		7A1017DD1D193ECF00A57192 /* primer insignia_00062.png */ = {isa = PBXFileReference; lastKnownFileType = image.png; path = "primer insignia_00062.png"; sourceTree = "<group>"; };
		7A1017DE1D193ECF00A57192 /* primer insignia_00063.png */ = {isa = PBXFileReference; lastKnownFileType = image.png; path = "primer insignia_00063.png"; sourceTree = "<group>"; };
		7A1017DF1D193ECF00A57192 /* primer insignia_00064.png */ = {isa = PBXFileReference; lastKnownFileType = image.png; path = "primer insignia_00064.png"; sourceTree = "<group>"; };
		7A1017E01D193ECF00A57192 /* primer insignia_00065.png */ = {isa = PBXFileReference; lastKnownFileType = image.png; path = "primer insignia_00065.png"; sourceTree = "<group>"; };
		7A1017E11D193ECF00A57192 /* primer insignia_00066.png */ = {isa = PBXFileReference; lastKnownFileType = image.png; path = "primer insignia_00066.png"; sourceTree = "<group>"; };
		7A1017E21D193ECF00A57192 /* primer insignia_00067.png */ = {isa = PBXFileReference; lastKnownFileType = image.png; path = "primer insignia_00067.png"; sourceTree = "<group>"; };
		7A1017E31D193ECF00A57192 /* primer insignia_00068.png */ = {isa = PBXFileReference; lastKnownFileType = image.png; path = "primer insignia_00068.png"; sourceTree = "<group>"; };
		7A1017E41D193ECF00A57192 /* primer insignia_00069.png */ = {isa = PBXFileReference; lastKnownFileType = image.png; path = "primer insignia_00069.png"; sourceTree = "<group>"; };
		7A1017E51D193ECF00A57192 /* primer insignia_00070.png */ = {isa = PBXFileReference; lastKnownFileType = image.png; path = "primer insignia_00070.png"; sourceTree = "<group>"; };
		7A1017E61D193ECF00A57192 /* primer insignia_00071.png */ = {isa = PBXFileReference; lastKnownFileType = image.png; path = "primer insignia_00071.png"; sourceTree = "<group>"; };
		7A1017E71D193ECF00A57192 /* primer insignia_00072.png */ = {isa = PBXFileReference; lastKnownFileType = image.png; path = "primer insignia_00072.png"; sourceTree = "<group>"; };
		7A1017E81D193ECF00A57192 /* primer insignia_00073.png */ = {isa = PBXFileReference; lastKnownFileType = image.png; path = "primer insignia_00073.png"; sourceTree = "<group>"; };
		7A1017E91D193ECF00A57192 /* primer insignia_00074.png */ = {isa = PBXFileReference; lastKnownFileType = image.png; path = "primer insignia_00074.png"; sourceTree = "<group>"; };
		7A1017EA1D193ECF00A57192 /* primer insignia_00075.png */ = {isa = PBXFileReference; lastKnownFileType = image.png; path = "primer insignia_00075.png"; sourceTree = "<group>"; };
		7A1017EB1D193ECF00A57192 /* primer insignia_00076.png */ = {isa = PBXFileReference; lastKnownFileType = image.png; path = "primer insignia_00076.png"; sourceTree = "<group>"; };
		7A1017EC1D193ECF00A57192 /* primer insignia_00077.png */ = {isa = PBXFileReference; lastKnownFileType = image.png; path = "primer insignia_00077.png"; sourceTree = "<group>"; };
		7A1017ED1D193ECF00A57192 /* primer insignia_00078.png */ = {isa = PBXFileReference; lastKnownFileType = image.png; path = "primer insignia_00078.png"; sourceTree = "<group>"; };
		7A1017EE1D193ECF00A57192 /* primer insignia_00079.png */ = {isa = PBXFileReference; lastKnownFileType = image.png; path = "primer insignia_00079.png"; sourceTree = "<group>"; };
		7A1017EF1D193ECF00A57192 /* primer insignia_00080.png */ = {isa = PBXFileReference; lastKnownFileType = image.png; path = "primer insignia_00080.png"; sourceTree = "<group>"; };
		7A1017F01D193ECF00A57192 /* primer insignia_00081.png */ = {isa = PBXFileReference; lastKnownFileType = image.png; path = "primer insignia_00081.png"; sourceTree = "<group>"; };
		7A1017F11D193ECF00A57192 /* primer insignia_00082.png */ = {isa = PBXFileReference; lastKnownFileType = image.png; path = "primer insignia_00082.png"; sourceTree = "<group>"; };
		7A1017F21D193ECF00A57192 /* primer insignia_00083.png */ = {isa = PBXFileReference; lastKnownFileType = image.png; path = "primer insignia_00083.png"; sourceTree = "<group>"; };
		7A1017F31D193ECF00A57192 /* primer insignia_00084.png */ = {isa = PBXFileReference; lastKnownFileType = image.png; path = "primer insignia_00084.png"; sourceTree = "<group>"; };
		7A1017F41D193ECF00A57192 /* primer insignia_00085.png */ = {isa = PBXFileReference; lastKnownFileType = image.png; path = "primer insignia_00085.png"; sourceTree = "<group>"; };
		7A1017F51D193ECF00A57192 /* primer insignia_00086.png */ = {isa = PBXFileReference; lastKnownFileType = image.png; path = "primer insignia_00086.png"; sourceTree = "<group>"; };
		7A1017F61D193ECF00A57192 /* primer insignia_00087.png */ = {isa = PBXFileReference; lastKnownFileType = image.png; path = "primer insignia_00087.png"; sourceTree = "<group>"; };
		7A1017F71D193ECF00A57192 /* primer insignia_00088.png */ = {isa = PBXFileReference; lastKnownFileType = image.png; path = "primer insignia_00088.png"; sourceTree = "<group>"; };
		7A1017F81D193ECF00A57192 /* primer insignia_00089.png */ = {isa = PBXFileReference; lastKnownFileType = image.png; path = "primer insignia_00089.png"; sourceTree = "<group>"; };
		7A1017F91D193ECF00A57192 /* primer insignia_00090.png */ = {isa = PBXFileReference; lastKnownFileType = image.png; path = "primer insignia_00090.png"; sourceTree = "<group>"; };
		7A1017FA1D193ECF00A57192 /* primer insignia_00091.png */ = {isa = PBXFileReference; lastKnownFileType = image.png; path = "primer insignia_00091.png"; sourceTree = "<group>"; };
		7A1017FB1D193ECF00A57192 /* primer insignia_00092.png */ = {isa = PBXFileReference; lastKnownFileType = image.png; path = "primer insignia_00092.png"; sourceTree = "<group>"; };
		7A1017FC1D193ECF00A57192 /* primer insignia_00093.png */ = {isa = PBXFileReference; lastKnownFileType = image.png; path = "primer insignia_00093.png"; sourceTree = "<group>"; };
		7A1017FD1D193ECF00A57192 /* primer insignia_00094.png */ = {isa = PBXFileReference; lastKnownFileType = image.png; path = "primer insignia_00094.png"; sourceTree = "<group>"; };
		7A1017FE1D193ECF00A57192 /* primer insignia_00095.png */ = {isa = PBXFileReference; lastKnownFileType = image.png; path = "primer insignia_00095.png"; sourceTree = "<group>"; };
		7A1017FF1D193ECF00A57192 /* primer insignia_00096.png */ = {isa = PBXFileReference; lastKnownFileType = image.png; path = "primer insignia_00096.png"; sourceTree = "<group>"; };
		7A1018001D193ECF00A57192 /* primer insignia_00097.png */ = {isa = PBXFileReference; lastKnownFileType = image.png; path = "primer insignia_00097.png"; sourceTree = "<group>"; };
		7A1018011D193ECF00A57192 /* primer insignia_00098.png */ = {isa = PBXFileReference; lastKnownFileType = image.png; path = "primer insignia_00098.png"; sourceTree = "<group>"; };
		7A1018021D193ECF00A57192 /* primer insignia_00099.png */ = {isa = PBXFileReference; lastKnownFileType = image.png; path = "primer insignia_00099.png"; sourceTree = "<group>"; };
		7A1018031D193ECF00A57192 /* primer insignia_00100.png */ = {isa = PBXFileReference; lastKnownFileType = image.png; path = "primer insignia_00100.png"; sourceTree = "<group>"; };
		7A1018041D193ECF00A57192 /* primer insignia_00101.png */ = {isa = PBXFileReference; lastKnownFileType = image.png; path = "primer insignia_00101.png"; sourceTree = "<group>"; };
		7A1018051D193ECF00A57192 /* primer insignia_00102.png */ = {isa = PBXFileReference; lastKnownFileType = image.png; path = "primer insignia_00102.png"; sourceTree = "<group>"; };
		7A1018061D193ECF00A57192 /* primer insignia_00103.png */ = {isa = PBXFileReference; lastKnownFileType = image.png; path = "primer insignia_00103.png"; sourceTree = "<group>"; };
		7A1018071D193ECF00A57192 /* primer insignia_00104.png */ = {isa = PBXFileReference; lastKnownFileType = image.png; path = "primer insignia_00104.png"; sourceTree = "<group>"; };
		7A1018081D193ECF00A57192 /* primer insignia_00105.png */ = {isa = PBXFileReference; lastKnownFileType = image.png; path = "primer insignia_00105.png"; sourceTree = "<group>"; };
		7A1018091D193ECF00A57192 /* primer insignia_00106.png */ = {isa = PBXFileReference; lastKnownFileType = image.png; path = "primer insignia_00106.png"; sourceTree = "<group>"; };
		7A10180A1D193ECF00A57192 /* primer insignia_00107.png */ = {isa = PBXFileReference; lastKnownFileType = image.png; path = "primer insignia_00107.png"; sourceTree = "<group>"; };
		7A10180B1D193ECF00A57192 /* primer insignia_00108.png */ = {isa = PBXFileReference; lastKnownFileType = image.png; path = "primer insignia_00108.png"; sourceTree = "<group>"; };
		7A10180C1D193ECF00A57192 /* primer insignia_00109.png */ = {isa = PBXFileReference; lastKnownFileType = image.png; path = "primer insignia_00109.png"; sourceTree = "<group>"; };
		7A10180D1D193ECF00A57192 /* primer insignia_00110.png */ = {isa = PBXFileReference; lastKnownFileType = image.png; path = "primer insignia_00110.png"; sourceTree = "<group>"; };
		7A10180E1D193ECF00A57192 /* primer insignia_00111.png */ = {isa = PBXFileReference; lastKnownFileType = image.png; path = "primer insignia_00111.png"; sourceTree = "<group>"; };
		7A10180F1D193ECF00A57192 /* primer insignia_00112.png */ = {isa = PBXFileReference; lastKnownFileType = image.png; path = "primer insignia_00112.png"; sourceTree = "<group>"; };
		7A1018101D193ECF00A57192 /* primer insignia_00113.png */ = {isa = PBXFileReference; lastKnownFileType = image.png; path = "primer insignia_00113.png"; sourceTree = "<group>"; };
		7A1018111D193ECF00A57192 /* primer insignia_00114.png */ = {isa = PBXFileReference; lastKnownFileType = image.png; path = "primer insignia_00114.png"; sourceTree = "<group>"; };
		7A1018121D193ECF00A57192 /* primer insignia_00115.png */ = {isa = PBXFileReference; lastKnownFileType = image.png; path = "primer insignia_00115.png"; sourceTree = "<group>"; };
		7A1018131D193ECF00A57192 /* primer insignia_00116.png */ = {isa = PBXFileReference; lastKnownFileType = image.png; path = "primer insignia_00116.png"; sourceTree = "<group>"; };
		7A1018891D193F7C00A57192 /* BadgeAnimation.swift */ = {isa = PBXFileReference; fileEncoding = 4; lastKnownFileType = sourcecode.swift; path = BadgeAnimation.swift; sourceTree = "<group>"; };
		7A551BB01D19352600B95E26 /* camera_icon.png */ = {isa = PBXFileReference; lastKnownFileType = image.png; path = camera_icon.png; sourceTree = "<group>"; };
		7A551BB11D19352600B95E26 /* camera_icon@2x.png */ = {isa = PBXFileReference; lastKnownFileType = image.png; path = "camera_icon@2x.png"; sourceTree = "<group>"; };
		7A551BB21D19352600B95E26 /* camera_icon@3x.png */ = {isa = PBXFileReference; lastKnownFileType = image.png; path = "camera_icon@3x.png"; sourceTree = "<group>"; };
		7A551BB61D193C4300B95E26 /* pin_placeholder.png */ = {isa = PBXFileReference; lastKnownFileType = image.png; path = pin_placeholder.png; sourceTree = "<group>"; };
		7A551BB71D193C4300B95E26 /* pin_placeholder@2x.png */ = {isa = PBXFileReference; lastKnownFileType = image.png; path = "pin_placeholder@2x.png"; sourceTree = "<group>"; };
		7A551BB81D193C4300B95E26 /* pin_placeholder@3x.png */ = {isa = PBXFileReference; lastKnownFileType = image.png; path = "pin_placeholder@3x.png"; sourceTree = "<group>"; };
		7A59707C1D18C6FC00BAF6C9 /* NewReportViewController.swift */ = {isa = PBXFileReference; fileEncoding = 4; lastKnownFileType = sourcecode.swift; path = NewReportViewController.swift; sourceTree = "<group>"; };
		7AC654191D188F7700D456B0 /* BetaLabs.app */ = {isa = PBXFileReference; explicitFileType = wrapper.application; includeInIndex = 0; path = BetaLabs.app; sourceTree = BUILT_PRODUCTS_DIR; };
		7AC6541C1D188F7700D456B0 /* AppDelegate.swift */ = {isa = PBXFileReference; lastKnownFileType = sourcecode.swift; path = AppDelegate.swift; sourceTree = "<group>"; };
		7AC654211D188F7700D456B0 /* Base */ = {isa = PBXFileReference; lastKnownFileType = file.storyboard; name = Base; path = Base.lproj/Main.storyboard; sourceTree = "<group>"; };
		7AC654241D188F7700D456B0 /* BetaLabs.xcdatamodel */ = {isa = PBXFileReference; lastKnownFileType = wrapper.xcdatamodel; path = BetaLabs.xcdatamodel; sourceTree = "<group>"; };
		7AC654261D188F7700D456B0 /* Assets.xcassets */ = {isa = PBXFileReference; lastKnownFileType = folder.assetcatalog; path = Assets.xcassets; sourceTree = "<group>"; };
		7AC654291D188F7700D456B0 /* Base */ = {isa = PBXFileReference; lastKnownFileType = file.storyboard; name = Base; path = Base.lproj/LaunchScreen.storyboard; sourceTree = "<group>"; };
		7AC6542B1D188F7700D456B0 /* Info.plist */ = {isa = PBXFileReference; lastKnownFileType = text.plist.xml; path = Info.plist; sourceTree = "<group>"; };
		7AC654301D188F7700D456B0 /* BetaLabsTests.xctest */ = {isa = PBXFileReference; explicitFileType = wrapper.cfbundle; includeInIndex = 0; path = BetaLabsTests.xctest; sourceTree = BUILT_PRODUCTS_DIR; };
		7AC654341D188F7700D456B0 /* BetaLabsTests.swift */ = {isa = PBXFileReference; lastKnownFileType = sourcecode.swift; path = BetaLabsTests.swift; sourceTree = "<group>"; };
		7AC654361D188F7700D456B0 /* Info.plist */ = {isa = PBXFileReference; lastKnownFileType = text.plist.xml; path = Info.plist; sourceTree = "<group>"; };
		7AC654411D189FD200D456B0 /* MapViewController.swift */ = {isa = PBXFileReference; fileEncoding = 4; lastKnownFileType = sourcecode.swift; path = MapViewController.swift; sourceTree = "<group>"; };
		7AC654461D18B08100D456B0 /* pin.png */ = {isa = PBXFileReference; lastKnownFileType = image.png; path = pin.png; sourceTree = "<group>"; };
		7AC654471D18B08100D456B0 /* pin@2x.png */ = {isa = PBXFileReference; lastKnownFileType = image.png; path = "pin@2x.png"; sourceTree = "<group>"; };
		7AC654481D18B08100D456B0 /* pin@3x.png */ = {isa = PBXFileReference; lastKnownFileType = image.png; path = "pin@3x.png"; sourceTree = "<group>"; };
		7AC6544C1D18B36000D456B0 /* GoogleService-Info.plist */ = {isa = PBXFileReference; fileEncoding = 4; lastKnownFileType = text.plist.xml; path = "GoogleService-Info.plist"; sourceTree = "<group>"; };
		7AC6544E1D18B69900D456B0 /* MapViewModel.swift */ = {isa = PBXFileReference; fileEncoding = 4; lastKnownFileType = sourcecode.swift; name = MapViewModel.swift; path = ViewControllers/MapViewModel.swift; sourceTree = "<group>"; };
		7AC654501D18B6C300D456B0 /* GenericNavigationViewController.swift */ = {isa = PBXFileReference; fileEncoding = 4; lastKnownFileType = sourcecode.swift; path = GenericNavigationViewController.swift; sourceTree = "<group>"; };
		7AC654521D18B7AA00D456B0 /* GenericTabBarViewController.swift */ = {isa = PBXFileReference; fileEncoding = 4; lastKnownFileType = sourcecode.swift; path = GenericTabBarViewController.swift; sourceTree = "<group>"; };
		7AC654541D18B84B00D456B0 /* UploaderModel.swift */ = {isa = PBXFileReference; fileEncoding = 4; lastKnownFileType = sourcecode.swift; name = UploaderModel.swift; path = ViewControllers/UploaderModel.swift; sourceTree = "<group>"; };
		7ACA5C4B1D18FE9000728030 /* profile.png */ = {isa = PBXFileReference; lastKnownFileType = image.png; path = profile.png; sourceTree = "<group>"; };
		7ACA5C4C1D18FE9000728030 /* profile@2x.png */ = {isa = PBXFileReference; lastKnownFileType = image.png; path = "profile@2x.png"; sourceTree = "<group>"; };
		7ACA5C4D1D18FE9000728030 /* profile@3x.png */ = {isa = PBXFileReference; lastKnownFileType = image.png; path = "profile@3x.png"; sourceTree = "<group>"; };
		7ACA5C4E1D18FE9000728030 /* map.png */ = {isa = PBXFileReference; lastKnownFileType = image.png; path = map.png; sourceTree = "<group>"; };
		7ACA5C4F1D18FE9000728030 /* map@2x.png */ = {isa = PBXFileReference; lastKnownFileType = image.png; path = "map@2x.png"; sourceTree = "<group>"; };
		7ACA5C501D18FE9000728030 /* map@3x.png */ = {isa = PBXFileReference; lastKnownFileType = image.png; path = "map@3x.png"; sourceTree = "<group>"; };
		7ACA5C511D18FE9000728030 /* feed.png */ = {isa = PBXFileReference; lastKnownFileType = image.png; path = feed.png; sourceTree = "<group>"; };
		7ACA5C521D18FE9000728030 /* feed@2x.png */ = {isa = PBXFileReference; lastKnownFileType = image.png; path = "feed@2x.png"; sourceTree = "<group>"; };
		7ACA5C531D18FE9000728030 /* feed@3x.png */ = {isa = PBXFileReference; lastKnownFileType = image.png; path = "feed@3x.png"; sourceTree = "<group>"; };
		7ACA5C5E1D19069F00728030 /* DetailReport.swift */ = {isa = PBXFileReference; fileEncoding = 4; lastKnownFileType = sourcecode.swift; path = DetailReport.swift; sourceTree = "<group>"; };
		7ACA5C621D19235600728030 /* FeedTableViewController.swift */ = {isa = PBXFileReference; fileEncoding = 4; lastKnownFileType = sourcecode.swift; path = FeedTableViewController.swift; sourceTree = "<group>"; };
		7ACA5C641D19244300728030 /* ReportTableViewCell.swift */ = {isa = PBXFileReference; fileEncoding = 4; lastKnownFileType = sourcecode.swift; path = ReportTableViewCell.swift; sourceTree = "<group>"; };
		7ACA5C661D19309900728030 /* login-mail-bg@3x.jpg */ = {isa = PBXFileReference; lastKnownFileType = image.jpeg; path = "login-mail-bg@3x.jpg"; sourceTree = "<group>"; };
		7ACA5C671D19309900728030 /* login-google@3x.jpg */ = {isa = PBXFileReference; lastKnownFileType = image.jpeg; path = "login-google@3x.jpg"; sourceTree = "<group>"; };
		7ACA5C681D19309900728030 /* login-facebook@3x.jpg */ = {isa = PBXFileReference; lastKnownFileType = image.jpeg; path = "login-facebook@3x.jpg"; sourceTree = "<group>"; };
		7ACA5C691D19309900728030 /* login-email@3x.jpg */ = {isa = PBXFileReference; lastKnownFileType = image.jpeg; path = "login-email@3x.jpg"; sourceTree = "<group>"; };
		7ACA5C6A1D19309900728030 /* bg-login@3x.png */ = {isa = PBXFileReference; lastKnownFileType = image.png; path = "bg-login@3x.png"; sourceTree = "<group>"; };
		7AFF62D81D1947BA00EB2866 /* ProfileViewController.swift */ = {isa = PBXFileReference; fileEncoding = 4; lastKnownFileType = sourcecode.swift; path = ProfileViewController.swift; sourceTree = "<group>"; };
		7AFF62DB1D194E1E00EB2866 /* profile_bg.png */ = {isa = PBXFileReference; lastKnownFileType = image.png; path = profile_bg.png; sourceTree = "<group>"; };
		E851616D66061B5A02A31EF6 /* Pods-BetaLabs.release.xcconfig */ = {isa = PBXFileReference; includeInIndex = 1; lastKnownFileType = text.xcconfig; name = "Pods-BetaLabs.release.xcconfig"; path = "Pods/Target Support Files/Pods-BetaLabs/Pods-BetaLabs.release.xcconfig"; sourceTree = "<group>"; };
/* End PBXFileReference section */

/* Begin PBXFrameworksBuildPhase section */
		7AC654161D188F7700D456B0 /* Frameworks */ = {
			isa = PBXFrameworksBuildPhase;
			buildActionMask = 2147483647;
			files = (
				04445DA16D90722482DC2A17 /* Pods_BetaLabs.framework in Frameworks */,
			);
			runOnlyForDeploymentPostprocessing = 0;
		};
		7AC6542D1D188F7700D456B0 /* Frameworks */ = {
			isa = PBXFrameworksBuildPhase;
			buildActionMask = 2147483647;
			files = (
			);
			runOnlyForDeploymentPostprocessing = 0;
		};
/* End PBXFrameworksBuildPhase section */

/* Begin PBXGroup section */
		48BA276FB1063DD35741805B /* Pods */ = {
			isa = PBXGroup;
			children = (
				0EC6F220BF3CC3864EE9F7D8 /* Pods-BetaLabs.debug.xcconfig */,
				E851616D66061B5A02A31EF6 /* Pods-BetaLabs.release.xcconfig */,
			);
			name = Pods;
			sourceTree = "<group>";
		};
		7A10179E1D193ECF00A57192 /* fst_animation */ = {
			isa = PBXGroup;
			children = (
				7A1017AE1D193ECF00A57192 /* primer insignia_00015.png */,
				7A1017AF1D193ECF00A57192 /* primer insignia_00016.png */,
				7A1017B01D193ECF00A57192 /* primer insignia_00017.png */,
				7A1017B11D193ECF00A57192 /* primer insignia_00018.png */,
				7A1017B21D193ECF00A57192 /* primer insignia_00019.png */,
				7A1017B31D193ECF00A57192 /* primer insignia_00020.png */,
				7A1017B41D193ECF00A57192 /* primer insignia_00021.png */,
				7A1017B51D193ECF00A57192 /* primer insignia_00022.png */,
				7A1017B61D193ECF00A57192 /* primer insignia_00023.png */,
				7A1017B71D193ECF00A57192 /* primer insignia_00024.png */,
				7A1017B81D193ECF00A57192 /* primer insignia_00025.png */,
				7A1017B91D193ECF00A57192 /* primer insignia_00026.png */,
				7A1017BA1D193ECF00A57192 /* primer insignia_00027.png */,
				7A1017BB1D193ECF00A57192 /* primer insignia_00028.png */,
				7A1017BC1D193ECF00A57192 /* primer insignia_00029.png */,
				7A1017BD1D193ECF00A57192 /* primer insignia_00030.png */,
				7A1017BE1D193ECF00A57192 /* primer insignia_00031.png */,
				7A1017BF1D193ECF00A57192 /* primer insignia_00032.png */,
				7A1017C01D193ECF00A57192 /* primer insignia_00033.png */,
				7A1017C11D193ECF00A57192 /* primer insignia_00034.png */,
				7A1017C21D193ECF00A57192 /* primer insignia_00035.png */,
				7A1017C31D193ECF00A57192 /* primer insignia_00036.png */,
				7A1017C41D193ECF00A57192 /* primer insignia_00037.png */,
				7A1017C51D193ECF00A57192 /* primer insignia_00038.png */,
				7A1017C61D193ECF00A57192 /* primer insignia_00039.png */,
				7A1017C71D193ECF00A57192 /* primer insignia_00040.png */,
				7A1017C81D193ECF00A57192 /* primer insignia_00041.png */,
				7A1017C91D193ECF00A57192 /* primer insignia_00042.png */,
				7A1017CA1D193ECF00A57192 /* primer insignia_00043.png */,
				7A1017CB1D193ECF00A57192 /* primer insignia_00044.png */,
				7A1017CC1D193ECF00A57192 /* primer insignia_00045.png */,
				7A1017CD1D193ECF00A57192 /* primer insignia_00046.png */,
				7A1017CE1D193ECF00A57192 /* primer insignia_00047.png */,
				7A1017CF1D193ECF00A57192 /* primer insignia_00048.png */,
				7A1017D01D193ECF00A57192 /* primer insignia_00049.png */,
				7A1017D11D193ECF00A57192 /* primer insignia_00050.png */,
				7A1017D21D193ECF00A57192 /* primer insignia_00051.png */,
				7A1017D31D193ECF00A57192 /* primer insignia_00052.png */,
				7A1017D41D193ECF00A57192 /* primer insignia_00053.png */,
				7A1017D51D193ECF00A57192 /* primer insignia_00054.png */,
				7A1017D61D193ECF00A57192 /* primer insignia_00055.png */,
				7A1017D71D193ECF00A57192 /* primer insignia_00056.png */,
				7A1017D81D193ECF00A57192 /* primer insignia_00057.png */,
				7A1017D91D193ECF00A57192 /* primer insignia_00058.png */,
				7A1017DA1D193ECF00A57192 /* primer insignia_00059.png */,
				7A1017DB1D193ECF00A57192 /* primer insignia_00060.png */,
				7A1017DC1D193ECF00A57192 /* primer insignia_00061.png */,
				7A1017DD1D193ECF00A57192 /* primer insignia_00062.png */,
				7A1017DE1D193ECF00A57192 /* primer insignia_00063.png */,
				7A1017DF1D193ECF00A57192 /* primer insignia_00064.png */,
				7A1017E01D193ECF00A57192 /* primer insignia_00065.png */,
				7A1017E11D193ECF00A57192 /* primer insignia_00066.png */,
				7A1017E21D193ECF00A57192 /* primer insignia_00067.png */,
				7A1017E31D193ECF00A57192 /* primer insignia_00068.png */,
				7A1017E41D193ECF00A57192 /* primer insignia_00069.png */,
				7A1017E51D193ECF00A57192 /* primer insignia_00070.png */,
				7A1017E61D193ECF00A57192 /* primer insignia_00071.png */,
				7A1017E71D193ECF00A57192 /* primer insignia_00072.png */,
				7A1017E81D193ECF00A57192 /* primer insignia_00073.png */,
				7A1017E91D193ECF00A57192 /* primer insignia_00074.png */,
				7A1017EA1D193ECF00A57192 /* primer insignia_00075.png */,
				7A1017EB1D193ECF00A57192 /* primer insignia_00076.png */,
				7A1017EC1D193ECF00A57192 /* primer insignia_00077.png */,
				7A1017ED1D193ECF00A57192 /* primer insignia_00078.png */,
				7A1017EE1D193ECF00A57192 /* primer insignia_00079.png */,
				7A1017EF1D193ECF00A57192 /* primer insignia_00080.png */,
				7A1017F01D193ECF00A57192 /* primer insignia_00081.png */,
				7A1017F11D193ECF00A57192 /* primer insignia_00082.png */,
				7A1017F21D193ECF00A57192 /* primer insignia_00083.png */,
				7A1017F31D193ECF00A57192 /* primer insignia_00084.png */,
				7A1017F41D193ECF00A57192 /* primer insignia_00085.png */,
				7A1017F51D193ECF00A57192 /* primer insignia_00086.png */,
				7A1017F61D193ECF00A57192 /* primer insignia_00087.png */,
				7A1017F71D193ECF00A57192 /* primer insignia_00088.png */,
				7A1017F81D193ECF00A57192 /* primer insignia_00089.png */,
				7A1017F91D193ECF00A57192 /* primer insignia_00090.png */,
				7A1017FA1D193ECF00A57192 /* primer insignia_00091.png */,
				7A1017FB1D193ECF00A57192 /* primer insignia_00092.png */,
				7A1017FC1D193ECF00A57192 /* primer insignia_00093.png */,
				7A1017FD1D193ECF00A57192 /* primer insignia_00094.png */,
				7A1017FE1D193ECF00A57192 /* primer insignia_00095.png */,
				7A1017FF1D193ECF00A57192 /* primer insignia_00096.png */,
				7A1018001D193ECF00A57192 /* primer insignia_00097.png */,
				7A1018011D193ECF00A57192 /* primer insignia_00098.png */,
				7A1018021D193ECF00A57192 /* primer insignia_00099.png */,
				7A1018031D193ECF00A57192 /* primer insignia_00100.png */,
				7A1018041D193ECF00A57192 /* primer insignia_00101.png */,
				7A1018051D193ECF00A57192 /* primer insignia_00102.png */,
				7A1018061D193ECF00A57192 /* primer insignia_00103.png */,
				7A1018071D193ECF00A57192 /* primer insignia_00104.png */,
				7A1018081D193ECF00A57192 /* primer insignia_00105.png */,
				7A1018091D193ECF00A57192 /* primer insignia_00106.png */,
				7A10180A1D193ECF00A57192 /* primer insignia_00107.png */,
				7A10180B1D193ECF00A57192 /* primer insignia_00108.png */,
				7A10180C1D193ECF00A57192 /* primer insignia_00109.png */,
				7A10180D1D193ECF00A57192 /* primer insignia_00110.png */,
				7A10180E1D193ECF00A57192 /* primer insignia_00111.png */,
				7A10180F1D193ECF00A57192 /* primer insignia_00112.png */,
				7A1018101D193ECF00A57192 /* primer insignia_00113.png */,
				7A1018111D193ECF00A57192 /* primer insignia_00114.png */,
				7A1018121D193ECF00A57192 /* primer insignia_00115.png */,
				7A1018131D193ECF00A57192 /* primer insignia_00116.png */,
			);
			path = fst_animation;
			sourceTree = "<group>";
		};
		7AC654101D188F7700D456B0 = {
			isa = PBXGroup;
			children = (
				7AC6541B1D188F7700D456B0 /* BetaLabs */,
				7AC654331D188F7700D456B0 /* BetaLabsTests */,
				7AC6541A1D188F7700D456B0 /* Products */,
				48BA276FB1063DD35741805B /* Pods */,
				FC5DF69F7631A40EC96CB394 /* Frameworks */,
			);
			sourceTree = "<group>";
		};
		7AC6541A1D188F7700D456B0 /* Products */ = {
			isa = PBXGroup;
			children = (
				7AC654191D188F7700D456B0 /* BetaLabs.app */,
				7AC654301D188F7700D456B0 /* BetaLabsTests.xctest */,
			);
			name = Products;
			sourceTree = "<group>";
		};
		7AC6541B1D188F7700D456B0 /* BetaLabs */ = {
			isa = PBXGroup;
			children = (
				7AC654431D18ADA700D456B0 /* Assets */,
				7ACA5C5D1D19062D00728030 /* Components */,
				7AC654561D18B89C00D456B0 /* Models */,
				7AC654401D189FBD00D456B0 /* ViewControllers */,
				7AC6541C1D188F7700D456B0 /* AppDelegate.swift */,
				7AC654201D188F7700D456B0 /* Main.storyboard */,
				7AC654261D188F7700D456B0 /* Assets.xcassets */,
				7AC654281D188F7700D456B0 /* LaunchScreen.storyboard */,
				7AC6542B1D188F7700D456B0 /* Info.plist */,
				7AC654231D188F7700D456B0 /* BetaLabs.xcdatamodeld */,
				7AC6544C1D18B36000D456B0 /* GoogleService-Info.plist */,
			);
			path = BetaLabs;
			sourceTree = "<group>";
		};
		7AC654331D188F7700D456B0 /* BetaLabsTests */ = {
			isa = PBXGroup;
			children = (
				7AC654341D188F7700D456B0 /* BetaLabsTests.swift */,
				7AC654361D188F7700D456B0 /* Info.plist */,
			);
			path = BetaLabsTests;
			sourceTree = "<group>";
		};
		7AC654401D189FBD00D456B0 /* ViewControllers */ = {
			isa = PBXGroup;
			children = (
				7AC654411D189FD200D456B0 /* MapViewController.swift */,
				7AC654501D18B6C300D456B0 /* GenericNavigationViewController.swift */,
				7AC654521D18B7AA00D456B0 /* GenericTabBarViewController.swift */,
				7A59707C1D18C6FC00BAF6C9 /* NewReportViewController.swift */,
				7ACA5C621D19235600728030 /* FeedTableViewController.swift */,
				7AFF62D81D1947BA00EB2866 /* ProfileViewController.swift */,
			);
			path = ViewControllers;
			sourceTree = "<group>";
		};
		7AC654431D18ADA700D456B0 /* Assets */ = {
			isa = PBXGroup;
			children = (
				7AFF62DB1D194E1E00EB2866 /* profile_bg.png */,
				7A10179E1D193ECF00A57192 /* fst_animation */,
				7A551BB61D193C4300B95E26 /* pin_placeholder.png */,
				7A551BB71D193C4300B95E26 /* pin_placeholder@2x.png */,
				7A551BB81D193C4300B95E26 /* pin_placeholder@3x.png */,
				7A551BB01D19352600B95E26 /* camera_icon.png */,
				7A551BB11D19352600B95E26 /* camera_icon@2x.png */,
				7A551BB21D19352600B95E26 /* camera_icon@3x.png */,
				7ACA5C661D19309900728030 /* login-mail-bg@3x.jpg */,
				7ACA5C671D19309900728030 /* login-google@3x.jpg */,
				7ACA5C681D19309900728030 /* login-facebook@3x.jpg */,
				7ACA5C691D19309900728030 /* login-email@3x.jpg */,
				7ACA5C6A1D19309900728030 /* bg-login@3x.png */,
				7ACA5C4B1D18FE9000728030 /* profile.png */,
				7ACA5C4C1D18FE9000728030 /* profile@2x.png */,
				7ACA5C4D1D18FE9000728030 /* profile@3x.png */,
				7ACA5C4E1D18FE9000728030 /* map.png */,
				7ACA5C4F1D18FE9000728030 /* map@2x.png */,
				7ACA5C501D18FE9000728030 /* map@3x.png */,
				7ACA5C511D18FE9000728030 /* feed.png */,
				7ACA5C521D18FE9000728030 /* feed@2x.png */,
				7ACA5C531D18FE9000728030 /* feed@3x.png */,
				7AC654461D18B08100D456B0 /* pin.png */,
				7AC654471D18B08100D456B0 /* pin@2x.png */,
				7AC654481D18B08100D456B0 /* pin@3x.png */,
			);
			path = Assets;
			sourceTree = "<group>";
		};
		7AC654561D18B89C00D456B0 /* Models */ = {
			isa = PBXGroup;
			children = (
				7AC6544E1D18B69900D456B0 /* MapViewModel.swift */,
				7AC654541D18B84B00D456B0 /* UploaderModel.swift */,
			);
			name = Models;
			sourceTree = "<group>";
		};
		7ACA5C5D1D19062D00728030 /* Components */ = {
			isa = PBXGroup;
			children = (
				7ACA5C5E1D19069F00728030 /* DetailReport.swift */,
				7ACA5C641D19244300728030 /* ReportTableViewCell.swift */,
				7A1018891D193F7C00A57192 /* BadgeAnimation.swift */,
			);
			path = Components;
			sourceTree = "<group>";
		};
		FC5DF69F7631A40EC96CB394 /* Frameworks */ = {
			isa = PBXGroup;
			children = (
				312DEE567A2F75948D0951F6 /* Pods_BetaLabs.framework */,
			);
			name = Frameworks;
			sourceTree = "<group>";
		};
/* End PBXGroup section */

/* Begin PBXNativeTarget section */
		7AC654181D188F7700D456B0 /* BetaLabs */ = {
			isa = PBXNativeTarget;
			buildConfigurationList = 7AC654391D188F7700D456B0 /* Build configuration list for PBXNativeTarget "BetaLabs" */;
			buildPhases = (
				7F920411677A1913A1173048 /* Check Pods Manifest.lock */,
				7AC654151D188F7700D456B0 /* Sources */,
				7AC654161D188F7700D456B0 /* Frameworks */,
				7AC654171D188F7700D456B0 /* Resources */,
				7F3094B2F0D7F121A0623E18 /* Embed Pods Frameworks */,
				85DDAA2D66FA18A38AA4A4ED /* Copy Pods Resources */,
			);
			buildRules = (
			);
			dependencies = (
			);
			name = BetaLabs;
			productName = BetaLabs;
			productReference = 7AC654191D188F7700D456B0 /* BetaLabs.app */;
			productType = "com.apple.product-type.application";
		};
		7AC6542F1D188F7700D456B0 /* BetaLabsTests */ = {
			isa = PBXNativeTarget;
			buildConfigurationList = 7AC6543C1D188F7700D456B0 /* Build configuration list for PBXNativeTarget "BetaLabsTests" */;
			buildPhases = (
				7AC6542C1D188F7700D456B0 /* Sources */,
				7AC6542D1D188F7700D456B0 /* Frameworks */,
				7AC6542E1D188F7700D456B0 /* Resources */,
			);
			buildRules = (
			);
			dependencies = (
				7AC654321D188F7700D456B0 /* PBXTargetDependency */,
			);
			name = BetaLabsTests;
			productName = BetaLabsTests;
			productReference = 7AC654301D188F7700D456B0 /* BetaLabsTests.xctest */;
			productType = "com.apple.product-type.bundle.unit-test";
		};
/* End PBXNativeTarget section */

/* Begin PBXProject section */
		7AC654111D188F7700D456B0 /* Project object */ = {
			isa = PBXProject;
			attributes = {
				LastSwiftUpdateCheck = 0730;
				LastUpgradeCheck = 0730;
				ORGANIZATIONNAME = betalabs;
				TargetAttributes = {
					7AC654181D188F7700D456B0 = {
						CreatedOnToolsVersion = 7.3.1;
					};
					7AC6542F1D188F7700D456B0 = {
						CreatedOnToolsVersion = 7.3.1;
						TestTargetID = 7AC654181D188F7700D456B0;
					};
				};
			};
			buildConfigurationList = 7AC654141D188F7700D456B0 /* Build configuration list for PBXProject "BetaLabs" */;
			compatibilityVersion = "Xcode 3.2";
			developmentRegion = English;
			hasScannedForEncodings = 0;
			knownRegions = (
				en,
				Base,
			);
			mainGroup = 7AC654101D188F7700D456B0;
			productRefGroup = 7AC6541A1D188F7700D456B0 /* Products */;
			projectDirPath = "";
			projectRoot = "";
			targets = (
				7AC654181D188F7700D456B0 /* BetaLabs */,
				7AC6542F1D188F7700D456B0 /* BetaLabsTests */,
			);
		};
/* End PBXProject section */

/* Begin PBXResourcesBuildPhase section */
		7AC654171D188F7700D456B0 /* Resources */ = {
			isa = PBXResourcesBuildPhase;
			buildActionMask = 2147483647;
			files = (
				7AC6542A1D188F7700D456B0 /* LaunchScreen.storyboard in Resources */,
				7A10184F1D193ECF00A57192 /* primer insignia_00059.png in Resources */,
				7ACA5C5A1D18FE9000728030 /* feed.png in Resources */,
				7A551BBA1D193C4300B95E26 /* pin_placeholder@2x.png in Resources */,
				7A1018321D193ECF00A57192 /* primer insignia_00030.png in Resources */,
				7A1018721D193ECF00A57192 /* primer insignia_00094.png in Resources */,
				7AC654491D18B08100D456B0 /* pin.png in Resources */,
				7A1018851D193ECF00A57192 /* primer insignia_00113.png in Resources */,
				7A1018391D193ECF00A57192 /* primer insignia_00037.png in Resources */,
				7A1018441D193ECF00A57192 /* primer insignia_00048.png in Resources */,
				7A10186F1D193ECF00A57192 /* primer insignia_00091.png in Resources */,
				7A551BB91D193C4300B95E26 /* pin_placeholder.png in Resources */,
				7A1018351D193ECF00A57192 /* primer insignia_00033.png in Resources */,
				7A10186C1D193ECF00A57192 /* primer insignia_00088.png in Resources */,
				7A10186B1D193ECF00A57192 /* primer insignia_00087.png in Resources */,
				7A1018261D193ECF00A57192 /* primer insignia_00018.png in Resources */,
				7A1018761D193ECF00A57192 /* primer insignia_00098.png in Resources */,
				7A10183E1D193ECF00A57192 /* primer insignia_00042.png in Resources */,
				7A1018271D193ECF00A57192 /* primer insignia_00019.png in Resources */,
				7A10187C1D193ECF00A57192 /* primer insignia_00104.png in Resources */,
				7AC654271D188F7700D456B0 /* Assets.xcassets in Resources */,
				7A1018511D193ECF00A57192 /* primer insignia_00061.png in Resources */,
				7ACA5C6C1D19309900728030 /* login-google@3x.jpg in Resources */,
				7AC6544B1D18B08100D456B0 /* pin@3x.png in Resources */,
				7A1018621D193ECF00A57192 /* primer insignia_00078.png in Resources */,
				7A1018771D193ECF00A57192 /* primer insignia_00099.png in Resources */,
				7A10183A1D193ECF00A57192 /* primer insignia_00038.png in Resources */,
				7A1018281D193ECF00A57192 /* primer insignia_00020.png in Resources */,
				7A10182D1D193ECF00A57192 /* primer insignia_00025.png in Resources */,
				7A1018341D193ECF00A57192 /* primer insignia_00032.png in Resources */,
				7A10187E1D193ECF00A57192 /* primer insignia_00106.png in Resources */,
				7A1018421D193ECF00A57192 /* primer insignia_00046.png in Resources */,
				7A1018881D193ECF00A57192 /* primer insignia_00116.png in Resources */,
				7A10185F1D193ECF00A57192 /* primer insignia_00075.png in Resources */,
				7AFF62DC1D194E1E00EB2866 /* profile_bg.png in Resources */,
				7A10182F1D193ECF00A57192 /* primer insignia_00027.png in Resources */,
				7A10187F1D193ECF00A57192 /* primer insignia_00107.png in Resources */,
				7ACA5C6B1D19309900728030 /* login-mail-bg@3x.jpg in Resources */,
				7A10182E1D193ECF00A57192 /* primer insignia_00026.png in Resources */,
				7A1018571D193ECF00A57192 /* primer insignia_00067.png in Resources */,
				7AC654221D188F7700D456B0 /* Main.storyboard in Resources */,
				7A10182B1D193ECF00A57192 /* primer insignia_00023.png in Resources */,
				7ACA5C581D18FE9000728030 /* map@2x.png in Resources */,
				7A1018431D193ECF00A57192 /* primer insignia_00047.png in Resources */,
				7A1018561D193ECF00A57192 /* primer insignia_00066.png in Resources */,
				7A551BB51D19352600B95E26 /* camera_icon@3x.png in Resources */,
				7ACA5C5B1D18FE9000728030 /* feed@2x.png in Resources */,
				7A1018791D193ECF00A57192 /* primer insignia_00101.png in Resources */,
				7A1018291D193ECF00A57192 /* primer insignia_00021.png in Resources */,
				7A1018701D193ECF00A57192 /* primer insignia_00092.png in Resources */,
				7A10185A1D193ECF00A57192 /* primer insignia_00070.png in Resources */,
				7A10184E1D193ECF00A57192 /* primer insignia_00058.png in Resources */,
				7A1018531D193ECF00A57192 /* primer insignia_00063.png in Resources */,
				7ACA5C6E1D19309900728030 /* login-email@3x.jpg in Resources */,
				7A1018631D193ECF00A57192 /* primer insignia_00079.png in Resources */,
				7A1018831D193ECF00A57192 /* primer insignia_00111.png in Resources */,
				7A1018741D193ECF00A57192 /* primer insignia_00096.png in Resources */,
				7A10186E1D193ECF00A57192 /* primer insignia_00090.png in Resources */,
				7A1018861D193ECF00A57192 /* primer insignia_00114.png in Resources */,
				7A10183F1D193ECF00A57192 /* primer insignia_00043.png in Resources */,
				7ACA5C571D18FE9000728030 /* map.png in Resources */,
				7A10185B1D193ECF00A57192 /* primer insignia_00071.png in Resources */,
				7A10182C1D193ECF00A57192 /* primer insignia_00024.png in Resources */,
				7A1018651D193ECF00A57192 /* primer insignia_00081.png in Resources */,
				7A10186A1D193ECF00A57192 /* primer insignia_00086.png in Resources */,
				7A1018381D193ECF00A57192 /* primer insignia_00036.png in Resources */,
				7A1018811D193ECF00A57192 /* primer insignia_00109.png in Resources */,
				7A1018641D193ECF00A57192 /* primer insignia_00080.png in Resources */,
				7A10187A1D193ECF00A57192 /* primer insignia_00102.png in Resources */,
				7AC6544A1D18B08100D456B0 /* pin@2x.png in Resources */,
				7A1018551D193ECF00A57192 /* primer insignia_00065.png in Resources */,
				7A1018541D193ECF00A57192 /* primer insignia_00064.png in Resources */,
				7A10185C1D193ECF00A57192 /* primer insignia_00072.png in Resources */,
				7ACA5C6F1D19309900728030 /* bg-login@3x.png in Resources */,
				7A10185E1D193ECF00A57192 /* primer insignia_00074.png in Resources */,
				7A10185D1D193ECF00A57192 /* primer insignia_00073.png in Resources */,
				7A10187B1D193ECF00A57192 /* primer insignia_00103.png in Resources */,
				7A1018711D193ECF00A57192 /* primer insignia_00093.png in Resources */,
				7A1018501D193ECF00A57192 /* primer insignia_00060.png in Resources */,
				7A10182A1D193ECF00A57192 /* primer insignia_00022.png in Resources */,
				7A10183B1D193ECF00A57192 /* primer insignia_00039.png in Resources */,
				7A1018471D193ECF00A57192 /* primer insignia_00051.png in Resources */,
				7A1018301D193ECF00A57192 /* primer insignia_00028.png in Resources */,
				7A10186D1D193ECF00A57192 /* primer insignia_00089.png in Resources */,
				7A1018331D193ECF00A57192 /* primer insignia_00031.png in Resources */,
				7A1018681D193ECF00A57192 /* primer insignia_00084.png in Resources */,
				7A1018661D193ECF00A57192 /* primer insignia_00082.png in Resources */,
				7A10184A1D193ECF00A57192 /* primer insignia_00054.png in Resources */,
				7A10184B1D193ECF00A57192 /* primer insignia_00055.png in Resources */,
				7A1018871D193ECF00A57192 /* primer insignia_00115.png in Resources */,
				7A551BBB1D193C4300B95E26 /* pin_placeholder@3x.png in Resources */,
				7A10184D1D193ECF00A57192 /* primer insignia_00057.png in Resources */,
				7A1018521D193ECF00A57192 /* primer insignia_00062.png in Resources */,
				7A10187D1D193ECF00A57192 /* primer insignia_00105.png in Resources */,
				7A1018361D193ECF00A57192 /* primer insignia_00034.png in Resources */,
				7A1018781D193ECF00A57192 /* primer insignia_00100.png in Resources */,
				7A1018591D193ECF00A57192 /* primer insignia_00069.png in Resources */,
				7A1018841D193ECF00A57192 /* primer insignia_00112.png in Resources */,
				7A1018311D193ECF00A57192 /* primer insignia_00029.png in Resources */,
				7A1018691D193ECF00A57192 /* primer insignia_00085.png in Resources */,
				7ACA5C6D1D19309900728030 /* login-facebook@3x.jpg in Resources */,
				7AC6544D1D18B36000D456B0 /* GoogleService-Info.plist in Resources */,
				7A1018251D193ECF00A57192 /* primer insignia_00017.png in Resources */,
				7A1018581D193ECF00A57192 /* primer insignia_00068.png in Resources */,
				7A1018451D193ECF00A57192 /* primer insignia_00049.png in Resources */,
				7A10183C1D193ECF00A57192 /* primer insignia_00040.png in Resources */,
				7A1018411D193ECF00A57192 /* primer insignia_00045.png in Resources */,
				7A1018491D193ECF00A57192 /* primer insignia_00053.png in Resources */,
				7A1018671D193ECF00A57192 /* primer insignia_00083.png in Resources */,
				7ACA5C541D18FE9000728030 /* profile.png in Resources */,
				7A1018461D193ECF00A57192 /* primer insignia_00050.png in Resources */,
				7A1018751D193ECF00A57192 /* primer insignia_00097.png in Resources */,
				7A1018481D193ECF00A57192 /* primer insignia_00052.png in Resources */,
				7A1018371D193ECF00A57192 /* primer insignia_00035.png in Resources */,
				7ACA5C551D18FE9000728030 /* profile@2x.png in Resources */,
				7A1018611D193ECF00A57192 /* primer insignia_00077.png in Resources */,
				7ACA5C5C1D18FE9000728030 /* feed@3x.png in Resources */,
				7A1018231D193ECF00A57192 /* primer insignia_00015.png in Resources */,
				7A1018821D193ECF00A57192 /* primer insignia_00110.png in Resources */,
				7A1018241D193ECF00A57192 /* primer insignia_00016.png in Resources */,
				7A551BB41D19352600B95E26 /* camera_icon@2x.png in Resources */,
				7A1018601D193ECF00A57192 /* primer insignia_00076.png in Resources */,
				7A1018731D193ECF00A57192 /* primer insignia_00095.png in Resources */,
				7A10183D1D193ECF00A57192 /* primer insignia_00041.png in Resources */,
				7A1018401D193ECF00A57192 /* primer insignia_00044.png in Resources */,
				7A551BB31D19352600B95E26 /* camera_icon.png in Resources */,
				7ACA5C591D18FE9000728030 /* map@3x.png in Resources */,
				7A1018801D193ECF00A57192 /* primer insignia_00108.png in Resources */,
				7ACA5C561D18FE9000728030 /* profile@3x.png in Resources */,
				7A10184C1D193ECF00A57192 /* primer insignia_00056.png in Resources */,
			);
			runOnlyForDeploymentPostprocessing = 0;
		};
		7AC6542E1D188F7700D456B0 /* Resources */ = {
			isa = PBXResourcesBuildPhase;
			buildActionMask = 2147483647;
			files = (
			);
			runOnlyForDeploymentPostprocessing = 0;
		};
/* End PBXResourcesBuildPhase section */

/* Begin PBXShellScriptBuildPhase section */
		7F3094B2F0D7F121A0623E18 /* Embed Pods Frameworks */ = {
			isa = PBXShellScriptBuildPhase;
			buildActionMask = 2147483647;
			files = (
			);
			inputPaths = (
			);
			name = "Embed Pods Frameworks";
			outputPaths = (
			);
			runOnlyForDeploymentPostprocessing = 0;
			shellPath = /bin/sh;
			shellScript = "\"${SRCROOT}/Pods/Target Support Files/Pods-BetaLabs/Pods-BetaLabs-frameworks.sh\"\n";
			showEnvVarsInLog = 0;
		};
		7F920411677A1913A1173048 /* Check Pods Manifest.lock */ = {
			isa = PBXShellScriptBuildPhase;
			buildActionMask = 2147483647;
			files = (
			);
			inputPaths = (
			);
			name = "Check Pods Manifest.lock";
			outputPaths = (
			);
			runOnlyForDeploymentPostprocessing = 0;
			shellPath = /bin/sh;
			shellScript = "diff \"${PODS_ROOT}/../Podfile.lock\" \"${PODS_ROOT}/Manifest.lock\" > /dev/null\nif [[ $? != 0 ]] ; then\n    cat << EOM\nerror: The sandbox is not in sync with the Podfile.lock. Run 'pod install' or update your CocoaPods installation.\nEOM\n    exit 1\nfi\n";
			showEnvVarsInLog = 0;
		};
		85DDAA2D66FA18A38AA4A4ED /* Copy Pods Resources */ = {
			isa = PBXShellScriptBuildPhase;
			buildActionMask = 2147483647;
			files = (
			);
			inputPaths = (
			);
			name = "Copy Pods Resources";
			outputPaths = (
			);
			runOnlyForDeploymentPostprocessing = 0;
			shellPath = /bin/sh;
			shellScript = "\"${SRCROOT}/Pods/Target Support Files/Pods-BetaLabs/Pods-BetaLabs-resources.sh\"\n";
			showEnvVarsInLog = 0;
		};
/* End PBXShellScriptBuildPhase section */

/* Begin PBXSourcesBuildPhase section */
		7AC654151D188F7700D456B0 /* Sources */ = {
			isa = PBXSourcesBuildPhase;
			buildActionMask = 2147483647;
			files = (
				7AC654511D18B6C300D456B0 /* GenericNavigationViewController.swift in Sources */,
				7ACA5C5F1D19069F00728030 /* DetailReport.swift in Sources */,
				7AC654251D188F7700D456B0 /* BetaLabs.xcdatamodeld in Sources */,
				7AC654551D18B84B00D456B0 /* UploaderModel.swift in Sources */,
				7AC654421D189FD200D456B0 /* MapViewController.swift in Sources */,
				7AC6541D1D188F7700D456B0 /* AppDelegate.swift in Sources */,
				7A10188A1D193F7C00A57192 /* BadgeAnimation.swift in Sources */,
				7A59707D1D18C6FC00BAF6C9 /* NewReportViewController.swift in Sources */,
				7ACA5C631D19235600728030 /* FeedTableViewController.swift in Sources */,
				7AC654531D18B7AA00D456B0 /* GenericTabBarViewController.swift in Sources */,
				7AFF62D91D1947BA00EB2866 /* ProfileViewController.swift in Sources */,
				7ACA5C651D19244300728030 /* ReportTableViewCell.swift in Sources */,
				7AC6544F1D18B69900D456B0 /* MapViewModel.swift in Sources */,
			);
			runOnlyForDeploymentPostprocessing = 0;
		};
		7AC6542C1D188F7700D456B0 /* Sources */ = {
			isa = PBXSourcesBuildPhase;
			buildActionMask = 2147483647;
			files = (
				7AC654351D188F7700D456B0 /* BetaLabsTests.swift in Sources */,
			);
			runOnlyForDeploymentPostprocessing = 0;
		};
/* End PBXSourcesBuildPhase section */

/* Begin PBXTargetDependency section */
		7AC654321D188F7700D456B0 /* PBXTargetDependency */ = {
			isa = PBXTargetDependency;
			target = 7AC654181D188F7700D456B0 /* BetaLabs */;
			targetProxy = 7AC654311D188F7700D456B0 /* PBXContainerItemProxy */;
		};
/* End PBXTargetDependency section */

/* Begin PBXVariantGroup section */
		7AC654201D188F7700D456B0 /* Main.storyboard */ = {
			isa = PBXVariantGroup;
			children = (
				7AC654211D188F7700D456B0 /* Base */,
			);
			name = Main.storyboard;
			sourceTree = "<group>";
		};
		7AC654281D188F7700D456B0 /* LaunchScreen.storyboard */ = {
			isa = PBXVariantGroup;
			children = (
				7AC654291D188F7700D456B0 /* Base */,
			);
			name = LaunchScreen.storyboard;
			sourceTree = "<group>";
		};
/* End PBXVariantGroup section */

/* Begin XCBuildConfiguration section */
		7AC654371D188F7700D456B0 /* Debug */ = {
			isa = XCBuildConfiguration;
			buildSettings = {
				ALWAYS_SEARCH_USER_PATHS = NO;
				CLANG_ANALYZER_NONNULL = YES;
				CLANG_CXX_LANGUAGE_STANDARD = "gnu++0x";
				CLANG_CXX_LIBRARY = "libc++";
				CLANG_ENABLE_MODULES = YES;
				CLANG_ENABLE_OBJC_ARC = YES;
				CLANG_WARN_BOOL_CONVERSION = YES;
				CLANG_WARN_CONSTANT_CONVERSION = YES;
				CLANG_WARN_DIRECT_OBJC_ISA_USAGE = YES_ERROR;
				CLANG_WARN_EMPTY_BODY = YES;
				CLANG_WARN_ENUM_CONVERSION = YES;
				CLANG_WARN_INT_CONVERSION = YES;
				CLANG_WARN_OBJC_ROOT_CLASS = YES_ERROR;
				CLANG_WARN_UNREACHABLE_CODE = YES;
				CLANG_WARN__DUPLICATE_METHOD_MATCH = YES;
				"CODE_SIGN_IDENTITY[sdk=iphoneos*]" = "iPhone Developer";
				COPY_PHASE_STRIP = NO;
				DEBUG_INFORMATION_FORMAT = dwarf;
				ENABLE_STRICT_OBJC_MSGSEND = YES;
				ENABLE_TESTABILITY = YES;
				GCC_C_LANGUAGE_STANDARD = gnu99;
				GCC_DYNAMIC_NO_PIC = NO;
				GCC_NO_COMMON_BLOCKS = YES;
				GCC_OPTIMIZATION_LEVEL = 0;
				GCC_PREPROCESSOR_DEFINITIONS = (
					"DEBUG=1",
					"$(inherited)",
				);
				GCC_WARN_64_TO_32_BIT_CONVERSION = YES;
				GCC_WARN_ABOUT_RETURN_TYPE = YES_ERROR;
				GCC_WARN_UNDECLARED_SELECTOR = YES;
				GCC_WARN_UNINITIALIZED_AUTOS = YES_AGGRESSIVE;
				GCC_WARN_UNUSED_FUNCTION = YES;
				GCC_WARN_UNUSED_VARIABLE = YES;
				IPHONEOS_DEPLOYMENT_TARGET = 9.3;
				MTL_ENABLE_DEBUG_INFO = YES;
				ONLY_ACTIVE_ARCH = YES;
				SDKROOT = iphoneos;
				SWIFT_OPTIMIZATION_LEVEL = "-Onone";
			};
			name = Debug;
		};
		7AC654381D188F7700D456B0 /* Release */ = {
			isa = XCBuildConfiguration;
			buildSettings = {
				ALWAYS_SEARCH_USER_PATHS = NO;
				CLANG_ANALYZER_NONNULL = YES;
				CLANG_CXX_LANGUAGE_STANDARD = "gnu++0x";
				CLANG_CXX_LIBRARY = "libc++";
				CLANG_ENABLE_MODULES = YES;
				CLANG_ENABLE_OBJC_ARC = YES;
				CLANG_WARN_BOOL_CONVERSION = YES;
				CLANG_WARN_CONSTANT_CONVERSION = YES;
				CLANG_WARN_DIRECT_OBJC_ISA_USAGE = YES_ERROR;
				CLANG_WARN_EMPTY_BODY = YES;
				CLANG_WARN_ENUM_CONVERSION = YES;
				CLANG_WARN_INT_CONVERSION = YES;
				CLANG_WARN_OBJC_ROOT_CLASS = YES_ERROR;
				CLANG_WARN_UNREACHABLE_CODE = YES;
				CLANG_WARN__DUPLICATE_METHOD_MATCH = YES;
				"CODE_SIGN_IDENTITY[sdk=iphoneos*]" = "iPhone Developer";
				COPY_PHASE_STRIP = NO;
				DEBUG_INFORMATION_FORMAT = "dwarf-with-dsym";
				ENABLE_NS_ASSERTIONS = NO;
				ENABLE_STRICT_OBJC_MSGSEND = YES;
				GCC_C_LANGUAGE_STANDARD = gnu99;
				GCC_NO_COMMON_BLOCKS = YES;
				GCC_WARN_64_TO_32_BIT_CONVERSION = YES;
				GCC_WARN_ABOUT_RETURN_TYPE = YES_ERROR;
				GCC_WARN_UNDECLARED_SELECTOR = YES;
				GCC_WARN_UNINITIALIZED_AUTOS = YES_AGGRESSIVE;
				GCC_WARN_UNUSED_FUNCTION = YES;
				GCC_WARN_UNUSED_VARIABLE = YES;
				IPHONEOS_DEPLOYMENT_TARGET = 9.3;
				MTL_ENABLE_DEBUG_INFO = NO;
				SDKROOT = iphoneos;
				VALIDATE_PRODUCT = YES;
			};
			name = Release;
		};
		7AC6543A1D188F7700D456B0 /* Debug */ = {
			isa = XCBuildConfiguration;
			baseConfigurationReference = 0EC6F220BF3CC3864EE9F7D8 /* Pods-BetaLabs.debug.xcconfig */;
			buildSettings = {
				ASSETCATALOG_COMPILER_APPICON_NAME = AppIcon;
				INFOPLIST_FILE = BetaLabs/Info.plist;
				LD_RUNPATH_SEARCH_PATHS = "$(inherited) @executable_path/Frameworks";
				PRODUCT_BUNDLE_IDENTIFIER = mx.betalabs.report;
				PRODUCT_NAME = "$(TARGET_NAME)";
			};
			name = Debug;
		};
		7AC6543B1D188F7700D456B0 /* Release */ = {
			isa = XCBuildConfiguration;
			baseConfigurationReference = E851616D66061B5A02A31EF6 /* Pods-BetaLabs.release.xcconfig */;
			buildSettings = {
				ASSETCATALOG_COMPILER_APPICON_NAME = AppIcon;
				INFOPLIST_FILE = BetaLabs/Info.plist;
				LD_RUNPATH_SEARCH_PATHS = "$(inherited) @executable_path/Frameworks";
				PRODUCT_BUNDLE_IDENTIFIER = mx.betalabs.report;
				PRODUCT_NAME = "$(TARGET_NAME)";
			};
			name = Release;
		};
		7AC6543D1D188F7700D456B0 /* Debug */ = {
			isa = XCBuildConfiguration;
			buildSettings = {
				BUNDLE_LOADER = "$(TEST_HOST)";
				INFOPLIST_FILE = BetaLabsTests/Info.plist;
				LD_RUNPATH_SEARCH_PATHS = "$(inherited) @executable_path/Frameworks @loader_path/Frameworks";
				PRODUCT_BUNDLE_IDENTIFIER = mx.betalabs.report.BetaLabsTests;
				PRODUCT_NAME = "$(TARGET_NAME)";
				TEST_HOST = "$(BUILT_PRODUCTS_DIR)/BetaLabs.app/BetaLabs";
			};
			name = Debug;
		};
		7AC6543E1D188F7700D456B0 /* Release */ = {
			isa = XCBuildConfiguration;
			buildSettings = {
				BUNDLE_LOADER = "$(TEST_HOST)";
				INFOPLIST_FILE = BetaLabsTests/Info.plist;
				LD_RUNPATH_SEARCH_PATHS = "$(inherited) @executable_path/Frameworks @loader_path/Frameworks";
				PRODUCT_BUNDLE_IDENTIFIER = mx.betalabs.report.BetaLabsTests;
				PRODUCT_NAME = "$(TARGET_NAME)";
				TEST_HOST = "$(BUILT_PRODUCTS_DIR)/BetaLabs.app/BetaLabs";
			};
			name = Release;
		};
/* End XCBuildConfiguration section */

/* Begin XCConfigurationList section */
		7AC654141D188F7700D456B0 /* Build configuration list for PBXProject "BetaLabs" */ = {
			isa = XCConfigurationList;
			buildConfigurations = (
				7AC654371D188F7700D456B0 /* Debug */,
				7AC654381D188F7700D456B0 /* Release */,
			);
			defaultConfigurationIsVisible = 0;
			defaultConfigurationName = Release;
		};
		7AC654391D188F7700D456B0 /* Build configuration list for PBXNativeTarget "BetaLabs" */ = {
			isa = XCConfigurationList;
			buildConfigurations = (
				7AC6543A1D188F7700D456B0 /* Debug */,
				7AC6543B1D188F7700D456B0 /* Release */,
			);
			defaultConfigurationIsVisible = 0;
			defaultConfigurationName = Release;
		};
		7AC6543C1D188F7700D456B0 /* Build configuration list for PBXNativeTarget "BetaLabsTests" */ = {
			isa = XCConfigurationList;
			buildConfigurations = (
				7AC6543D1D188F7700D456B0 /* Debug */,
				7AC6543E1D188F7700D456B0 /* Release */,
			);
			defaultConfigurationIsVisible = 0;
			defaultConfigurationName = Release;
		};
/* End XCConfigurationList section */

/* Begin XCVersionGroup section */
		7AC654231D188F7700D456B0 /* BetaLabs.xcdatamodeld */ = {
			isa = XCVersionGroup;
			children = (
				7AC654241D188F7700D456B0 /* BetaLabs.xcdatamodel */,
			);
			currentVersion = 7AC654241D188F7700D456B0 /* BetaLabs.xcdatamodel */;
			path = BetaLabs.xcdatamodeld;
			sourceTree = "<group>";
			versionGroupType = wrapper.xcdatamodel;
		};
/* End XCVersionGroup section */
	};
	rootObject = 7AC654111D188F7700D456B0 /* Project object */;
}
